
Microsoft Visual Studio Solution File, Format Version 12.00
# Visual Studio Version 17
VisualStudioVersion = 17.5.33530.505
MinimumVisualStudioVersion = 10.0.40219.1
Project("{9A19103F-16F7-4668-BE54-9A1E7A4F7556}") = "App", "App\App.csproj", "{A8DF0F21-F663-4740-BAB8-6C01992CDDCE}"
EndProject
Project("{9A19103F-16F7-4668-BE54-9A1E7A4F7556}") = "AssetsBundler", "AssetsBundler\AssetsBundler.csproj", "{09AB3C44-6D51-4451-BB89-B1F5460AD135}"
EndProject
Project("{8BC9CEB8-8B4A-11D0-8D11-00A0C91BC942}") = "cimgui", "cimgui\build\cimgui.vcxproj", "{75213802-A4AA-3697-AA01-619ECFED0DE3}"
EndProject
Project("{8BC9CEB8-8B4A-11D0-8D11-00A0C91BC942}") = "cimguizmo", "cimguizmo\build\cimguizmo.vcxproj", "{41AFDB71-6C69-38D7-970B-C944E1C36C6D}"
EndProject
Project("{8BC9CEB8-8B4A-11D0-8D11-00A0C91BC942}") = "cimnodes", "cimnodes\build\cimnodes.vcxproj", "{7E9B1896-D6F2-3FEF-908C-4F742F232131}"
EndProject
Project("{8BC9CEB8-8B4A-11D0-8D11-00A0C91BC942}") = "cimplot", "cimplot\build\cimplot.vcxproj", "{326BB7DA-733B-373F-B088-13149FDD472A}"
EndProject
Project("{8BC9CEB8-8B4A-11D0-8D11-00A0C91BC942}") = "DirectXTex", "DirectXTex\build\DirectXTex.vcxproj", "{09A80D63-B369-3E7C-9266-E1BAF157394A}"
EndProject
Project("{9A19103F-16F7-4668-BE54-9A1E7A4F7556}") = "DiscordRPC", "DiscordRPC\DiscordRPC.csproj", "{FB84C6E8-C02F-4E67-9883-7CEF88BAC27D}"
EndProject
Project("{9A19103F-16F7-4668-BE54-9A1E7A4F7556}") = "Editor", "Editor\Editor.csproj", "{66695845-324F-4187-BC66-FED7F9863670}"
EndProject
Project("{9A19103F-16F7-4668-BE54-9A1E7A4F7556}") = "HexaEngine", "HexaEngine\HexaEngine.csproj", "{007DC10A-982F-4A94-9992-DC1915D8FE72}"
EndProject
Project("{9A19103F-16F7-4668-BE54-9A1E7A4F7556}") = "HexaEngine.Core", "HexaEngine.Core\HexaEngine.Core.csproj", "{12F50FD1-BAE5-4388-AFE0-448B77D91692}"
EndProject
Project("{9A19103F-16F7-4668-BE54-9A1E7A4F7556}") = "HexaEngine.D3D11", "HexaEngine.D3D11\HexaEngine.D3D11.csproj", "{0159E848-49CA-4E16-BB10-ACB5C53DCF7F}"
EndProject
Project("{9A19103F-16F7-4668-BE54-9A1E7A4F7556}") = "HexaEngine.D3D12", "HexaEngine.D3D12\HexaEngine.D3D12.csproj", "{24A346D9-F81D-44CA-9CA1-2C1A9DBA9F69}"
EndProject
Project("{9A19103F-16F7-4668-BE54-9A1E7A4F7556}") = "HexaEngine.DirectXTex", "HexaEngine.DirectXTex\HexaEngine.DirectXTex.csproj", "{D91D3729-7107-444F-BBF1-1D7C8B7F5093}"
EndProject
Project("{9A19103F-16F7-4668-BE54-9A1E7A4F7556}") = "HexaEngine.DirectXTex.Tests", "HexaEngine.DirectXTex.Tests\HexaEngine.DirectXTex.Tests.csproj", "{AB1E8519-4F79-4F34-9C53-DDB622012939}"
EndProject
Project("{9A19103F-16F7-4668-BE54-9A1E7A4F7556}") = "HexaEngine.Mathematics", "HexaEngine.Mathematics\HexaEngine.Mathematics.csproj", "{AC9E6480-6B0F-47E4-A2BA-F7B0C671E4EB}"
EndProject
Project("{9A19103F-16F7-4668-BE54-9A1E7A4F7556}") = "HexaEngine.Metal", "HexaEngine.Metal\HexaEngine.Metal.csproj", "{5CEF1CD0-067B-44BE-A1AB-3F8DD388CA18}"
EndProject
Project("{9A19103F-16F7-4668-BE54-9A1E7A4F7556}") = "HexaEngine.OpenAL", "HexaEngine.OpenAL\HexaEngine.OpenAL.csproj", "{AC75513F-7D59-428F-A67F-264979015078}"
EndProject
Project("{9A19103F-16F7-4668-BE54-9A1E7A4F7556}") = "HexaEngine.OpenGL", "HexaEngine.OpenGL\HexaEngine.OpenGL.csproj", "{F67FF181-0772-4676-9C9A-219C3A1E69A5}"
EndProject
Project("{9A19103F-16F7-4668-BE54-9A1E7A4F7556}") = "HexaEngine.SPIRVCross", "HexaEngine.SPIRVCross\HexaEngine.SPIRVCross.csproj", "{994E9535-91DA-4C04-9316-3398AFEE06F4}"
EndProject
Project("{9A19103F-16F7-4668-BE54-9A1E7A4F7556}") = "HexaEngine.Vulkan", "HexaEngine.Vulkan\HexaEngine.Vulkan.csproj", "{AA5A9148-8F0B-4DCC-A9B6-8A86C6EFFC56}"
EndProject
Project("{9A19103F-16F7-4668-BE54-9A1E7A4F7556}") = "HexaEngine.XAudio", "HexaEngine.XAudio\HexaEngine.XAudio.csproj", "{531E1E81-F5CB-41F3-B808-60F0EE450D92}"
EndProject
Project("{9A19103F-16F7-4668-BE54-9A1E7A4F7556}") = "ImGui.NET", "ImGui.NET\ImGui.NET.csproj", "{1914C725-DDF9-4655-8D8B-CBE2E9DBF255}"
EndProject
Project("{9A19103F-16F7-4668-BE54-9A1E7A4F7556}") = "ImGuizmo.NET", "ImGuizmo.NET\ImGuizmo.NET.csproj", "{530497A0-1645-47FA-8A16-4FE12D9ADF52}"
EndProject
Project("{9A19103F-16F7-4668-BE54-9A1E7A4F7556}") = "ImNodes.NET", "ImNodes.NET\ImNodes.NET.csproj", "{1727FBD9-CA38-4ECB-99AD-333F361A1AE5}"
EndProject
Project("{9A19103F-16F7-4668-BE54-9A1E7A4F7556}") = "ImPlot.NET", "ImPlot.NET\ImPlot.NET.csproj", "{DE51725E-0AB8-4EC6-83F3-57E27E817DD0}"
EndProject
Project("{9A19103F-16F7-4668-BE54-9A1E7A4F7556}") = "TestApp", "TestApp\TestApp.csproj", "{A5B358A7-D9DF-47F6-89A1-03810B7C893D}"
EndProject
Project("{2150E333-8FDC-42A3-9474-1A3956D46DE8}") = "Backends", "Backends", "{F3C37CF2-3640-48BF-8555-47D7A12F1C00}"
EndProject
Project("{2150E333-8FDC-42A3-9474-1A3956D46DE8}") = "Libs", "Libs", "{08A1A23E-40FE-43D9-AFB7-D87FCDCB24F6}"
EndProject
Project("{2150E333-8FDC-42A3-9474-1A3956D46DE8}") = "Plugins", "Plugins", "{5BA5B325-A485-438C-B246-E559017C98A5}"
EndProject
Project("{2150E333-8FDC-42A3-9474-1A3956D46DE8}") = "Tests", "Tests", "{8D5E7E2F-B121-4D7D-BA03-B8AFEED87D50}"
EndProject
Project("{2150E333-8FDC-42A3-9474-1A3956D46DE8}") = "Tools", "Tools", "{E0AE2973-0476-4FFF-AE86-026CA73518A7}"
EndProject
Project("{9A19103F-16F7-4668-BE54-9A1E7A4F7556}") = "HexaEngine.Dotnet", "HexaEngine.Dotnet\HexaEngine.Dotnet.csproj", "{A4A67A2A-21E6-4398-B7DB-6C4727E92FD6}"
EndProject
Global
	GlobalSection(SolutionConfigurationPlatforms) = preSolution
		Debug|Any CPU = Debug|Any CPU
		Debug|x64 = Debug|x64
		MinSizeRel|Any CPU = MinSizeRel|Any CPU
		MinSizeRel|x64 = MinSizeRel|x64
		Release|Any CPU = Release|Any CPU
		Release|x64 = Release|x64
		RelWithDebInfo|Any CPU = RelWithDebInfo|Any CPU
		RelWithDebInfo|x64 = RelWithDebInfo|x64
		TraceLeak|Any CPU = TraceLeak|Any CPU
		TraceLeak|x64 = TraceLeak|x64
	EndGlobalSection
	GlobalSection(ProjectConfigurationPlatforms) = postSolution
		{A8DF0F21-F663-4740-BAB8-6C01992CDDCE}.Debug|Any CPU.ActiveCfg = Debug|Any CPU
		{A8DF0F21-F663-4740-BAB8-6C01992CDDCE}.Debug|Any CPU.Build.0 = Debug|Any CPU
		{A8DF0F21-F663-4740-BAB8-6C01992CDDCE}.Debug|x64.ActiveCfg = Debug|Any CPU
		{A8DF0F21-F663-4740-BAB8-6C01992CDDCE}.Debug|x64.Build.0 = Debug|Any CPU
		{A8DF0F21-F663-4740-BAB8-6C01992CDDCE}.MinSizeRel|Any CPU.ActiveCfg = Debug|Any CPU
		{A8DF0F21-F663-4740-BAB8-6C01992CDDCE}.MinSizeRel|Any CPU.Build.0 = Debug|Any CPU
		{A8DF0F21-F663-4740-BAB8-6C01992CDDCE}.MinSizeRel|x64.ActiveCfg = Debug|Any CPU
		{A8DF0F21-F663-4740-BAB8-6C01992CDDCE}.MinSizeRel|x64.Build.0 = Debug|Any CPU
		{A8DF0F21-F663-4740-BAB8-6C01992CDDCE}.Release|Any CPU.ActiveCfg = Release|Any CPU
		{A8DF0F21-F663-4740-BAB8-6C01992CDDCE}.Release|Any CPU.Build.0 = Release|Any CPU
		{A8DF0F21-F663-4740-BAB8-6C01992CDDCE}.Release|x64.ActiveCfg = Release|Any CPU
		{A8DF0F21-F663-4740-BAB8-6C01992CDDCE}.Release|x64.Build.0 = Release|Any CPU
		{A8DF0F21-F663-4740-BAB8-6C01992CDDCE}.RelWithDebInfo|Any CPU.ActiveCfg = Release|Any CPU
		{A8DF0F21-F663-4740-BAB8-6C01992CDDCE}.RelWithDebInfo|Any CPU.Build.0 = Release|Any CPU
		{A8DF0F21-F663-4740-BAB8-6C01992CDDCE}.RelWithDebInfo|x64.ActiveCfg = Release|Any CPU
		{A8DF0F21-F663-4740-BAB8-6C01992CDDCE}.RelWithDebInfo|x64.Build.0 = Release|Any CPU
		{A8DF0F21-F663-4740-BAB8-6C01992CDDCE}.TraceLeak|Any CPU.ActiveCfg = TraceLeak|Any CPU
		{A8DF0F21-F663-4740-BAB8-6C01992CDDCE}.TraceLeak|Any CPU.Build.0 = TraceLeak|Any CPU
		{A8DF0F21-F663-4740-BAB8-6C01992CDDCE}.TraceLeak|x64.ActiveCfg = TraceLeak|Any CPU
		{A8DF0F21-F663-4740-BAB8-6C01992CDDCE}.TraceLeak|x64.Build.0 = TraceLeak|Any CPU
		{09AB3C44-6D51-4451-BB89-B1F5460AD135}.Debug|Any CPU.ActiveCfg = Debug|Any CPU
		{09AB3C44-6D51-4451-BB89-B1F5460AD135}.Debug|Any CPU.Build.0 = Debug|Any CPU
		{09AB3C44-6D51-4451-BB89-B1F5460AD135}.Debug|x64.ActiveCfg = Debug|Any CPU
		{09AB3C44-6D51-4451-BB89-B1F5460AD135}.Debug|x64.Build.0 = Debug|Any CPU
		{09AB3C44-6D51-4451-BB89-B1F5460AD135}.MinSizeRel|Any CPU.ActiveCfg = Debug|Any CPU
		{09AB3C44-6D51-4451-BB89-B1F5460AD135}.MinSizeRel|Any CPU.Build.0 = Debug|Any CPU
		{09AB3C44-6D51-4451-BB89-B1F5460AD135}.MinSizeRel|x64.ActiveCfg = Debug|Any CPU
		{09AB3C44-6D51-4451-BB89-B1F5460AD135}.MinSizeRel|x64.Build.0 = Debug|Any CPU
		{09AB3C44-6D51-4451-BB89-B1F5460AD135}.Release|Any CPU.ActiveCfg = Release|Any CPU
		{09AB3C44-6D51-4451-BB89-B1F5460AD135}.Release|Any CPU.Build.0 = Release|Any CPU
		{09AB3C44-6D51-4451-BB89-B1F5460AD135}.Release|x64.ActiveCfg = Release|Any CPU
		{09AB3C44-6D51-4451-BB89-B1F5460AD135}.Release|x64.Build.0 = Release|Any CPU
		{09AB3C44-6D51-4451-BB89-B1F5460AD135}.RelWithDebInfo|Any CPU.ActiveCfg = Release|Any CPU
		{09AB3C44-6D51-4451-BB89-B1F5460AD135}.RelWithDebInfo|Any CPU.Build.0 = Release|Any CPU
		{09AB3C44-6D51-4451-BB89-B1F5460AD135}.RelWithDebInfo|x64.ActiveCfg = Release|Any CPU
		{09AB3C44-6D51-4451-BB89-B1F5460AD135}.RelWithDebInfo|x64.Build.0 = Release|Any CPU
		{09AB3C44-6D51-4451-BB89-B1F5460AD135}.TraceLeak|Any CPU.ActiveCfg = TraceLeak|Any CPU
		{09AB3C44-6D51-4451-BB89-B1F5460AD135}.TraceLeak|Any CPU.Build.0 = TraceLeak|Any CPU
		{09AB3C44-6D51-4451-BB89-B1F5460AD135}.TraceLeak|x64.ActiveCfg = TraceLeak|Any CPU
		{09AB3C44-6D51-4451-BB89-B1F5460AD135}.TraceLeak|x64.Build.0 = TraceLeak|Any CPU
		{75213802-A4AA-3697-AA01-619ECFED0DE3}.Debug|Any CPU.ActiveCfg = Debug|x64
		{75213802-A4AA-3697-AA01-619ECFED0DE3}.Debug|Any CPU.Build.0 = Debug|x64
		{75213802-A4AA-3697-AA01-619ECFED0DE3}.Debug|x64.ActiveCfg = Debug|x64
		{75213802-A4AA-3697-AA01-619ECFED0DE3}.Debug|x64.Build.0 = Debug|x64
		{75213802-A4AA-3697-AA01-619ECFED0DE3}.MinSizeRel|Any CPU.ActiveCfg = MinSizeRel|x64
		{75213802-A4AA-3697-AA01-619ECFED0DE3}.MinSizeRel|Any CPU.Build.0 = MinSizeRel|x64
		{75213802-A4AA-3697-AA01-619ECFED0DE3}.MinSizeRel|x64.ActiveCfg = MinSizeRel|x64
		{75213802-A4AA-3697-AA01-619ECFED0DE3}.MinSizeRel|x64.Build.0 = MinSizeRel|x64
		{75213802-A4AA-3697-AA01-619ECFED0DE3}.Release|Any CPU.ActiveCfg = Release|x64
		{75213802-A4AA-3697-AA01-619ECFED0DE3}.Release|Any CPU.Build.0 = Release|x64
		{75213802-A4AA-3697-AA01-619ECFED0DE3}.Release|x64.ActiveCfg = Release|x64
		{75213802-A4AA-3697-AA01-619ECFED0DE3}.Release|x64.Build.0 = Release|x64
		{75213802-A4AA-3697-AA01-619ECFED0DE3}.RelWithDebInfo|Any CPU.ActiveCfg = RelWithDebInfo|x64
		{75213802-A4AA-3697-AA01-619ECFED0DE3}.RelWithDebInfo|Any CPU.Build.0 = RelWithDebInfo|x64
		{75213802-A4AA-3697-AA01-619ECFED0DE3}.RelWithDebInfo|x64.ActiveCfg = RelWithDebInfo|x64
		{75213802-A4AA-3697-AA01-619ECFED0DE3}.RelWithDebInfo|x64.Build.0 = RelWithDebInfo|x64
		{75213802-A4AA-3697-AA01-619ECFED0DE3}.TraceLeak|Any CPU.ActiveCfg = RelWithDebInfo|x64
		{75213802-A4AA-3697-AA01-619ECFED0DE3}.TraceLeak|Any CPU.Build.0 = RelWithDebInfo|x64
		{75213802-A4AA-3697-AA01-619ECFED0DE3}.TraceLeak|x64.ActiveCfg = RelWithDebInfo|x64
		{75213802-A4AA-3697-AA01-619ECFED0DE3}.TraceLeak|x64.Build.0 = RelWithDebInfo|x64
		{41AFDB71-6C69-38D7-970B-C944E1C36C6D}.Debug|Any CPU.ActiveCfg = Debug|x64
		{41AFDB71-6C69-38D7-970B-C944E1C36C6D}.Debug|Any CPU.Build.0 = Debug|x64
		{41AFDB71-6C69-38D7-970B-C944E1C36C6D}.Debug|x64.ActiveCfg = Debug|x64
		{41AFDB71-6C69-38D7-970B-C944E1C36C6D}.Debug|x64.Build.0 = Debug|x64
		{41AFDB71-6C69-38D7-970B-C944E1C36C6D}.MinSizeRel|Any CPU.ActiveCfg = MinSizeRel|x64
		{41AFDB71-6C69-38D7-970B-C944E1C36C6D}.MinSizeRel|Any CPU.Build.0 = MinSizeRel|x64
		{41AFDB71-6C69-38D7-970B-C944E1C36C6D}.MinSizeRel|x64.ActiveCfg = MinSizeRel|x64
		{41AFDB71-6C69-38D7-970B-C944E1C36C6D}.MinSizeRel|x64.Build.0 = MinSizeRel|x64
		{41AFDB71-6C69-38D7-970B-C944E1C36C6D}.Release|Any CPU.ActiveCfg = Release|x64
		{41AFDB71-6C69-38D7-970B-C944E1C36C6D}.Release|Any CPU.Build.0 = Release|x64
		{41AFDB71-6C69-38D7-970B-C944E1C36C6D}.Release|x64.ActiveCfg = Release|x64
		{41AFDB71-6C69-38D7-970B-C944E1C36C6D}.Release|x64.Build.0 = Release|x64
		{41AFDB71-6C69-38D7-970B-C944E1C36C6D}.RelWithDebInfo|Any CPU.ActiveCfg = RelWithDebInfo|x64
		{41AFDB71-6C69-38D7-970B-C944E1C36C6D}.RelWithDebInfo|Any CPU.Build.0 = RelWithDebInfo|x64
		{41AFDB71-6C69-38D7-970B-C944E1C36C6D}.RelWithDebInfo|x64.ActiveCfg = RelWithDebInfo|x64
		{41AFDB71-6C69-38D7-970B-C944E1C36C6D}.RelWithDebInfo|x64.Build.0 = RelWithDebInfo|x64
		{41AFDB71-6C69-38D7-970B-C944E1C36C6D}.TraceLeak|Any CPU.ActiveCfg = RelWithDebInfo|x64
		{41AFDB71-6C69-38D7-970B-C944E1C36C6D}.TraceLeak|Any CPU.Build.0 = RelWithDebInfo|x64
		{41AFDB71-6C69-38D7-970B-C944E1C36C6D}.TraceLeak|x64.ActiveCfg = RelWithDebInfo|x64
		{41AFDB71-6C69-38D7-970B-C944E1C36C6D}.TraceLeak|x64.Build.0 = RelWithDebInfo|x64
		{7E9B1896-D6F2-3FEF-908C-4F742F232131}.Debug|Any CPU.ActiveCfg = Debug|x64
		{7E9B1896-D6F2-3FEF-908C-4F742F232131}.Debug|Any CPU.Build.0 = Debug|x64
		{7E9B1896-D6F2-3FEF-908C-4F742F232131}.Debug|x64.ActiveCfg = Debug|x64
		{7E9B1896-D6F2-3FEF-908C-4F742F232131}.Debug|x64.Build.0 = Debug|x64
		{7E9B1896-D6F2-3FEF-908C-4F742F232131}.MinSizeRel|Any CPU.ActiveCfg = MinSizeRel|x64
		{7E9B1896-D6F2-3FEF-908C-4F742F232131}.MinSizeRel|Any CPU.Build.0 = MinSizeRel|x64
		{7E9B1896-D6F2-3FEF-908C-4F742F232131}.MinSizeRel|x64.ActiveCfg = MinSizeRel|x64
		{7E9B1896-D6F2-3FEF-908C-4F742F232131}.MinSizeRel|x64.Build.0 = MinSizeRel|x64
		{7E9B1896-D6F2-3FEF-908C-4F742F232131}.Release|Any CPU.ActiveCfg = Release|x64
		{7E9B1896-D6F2-3FEF-908C-4F742F232131}.Release|Any CPU.Build.0 = Release|x64
		{7E9B1896-D6F2-3FEF-908C-4F742F232131}.Release|x64.ActiveCfg = Release|x64
		{7E9B1896-D6F2-3FEF-908C-4F742F232131}.Release|x64.Build.0 = Release|x64
		{7E9B1896-D6F2-3FEF-908C-4F742F232131}.RelWithDebInfo|Any CPU.ActiveCfg = RelWithDebInfo|x64
		{7E9B1896-D6F2-3FEF-908C-4F742F232131}.RelWithDebInfo|Any CPU.Build.0 = RelWithDebInfo|x64
		{7E9B1896-D6F2-3FEF-908C-4F742F232131}.RelWithDebInfo|x64.ActiveCfg = RelWithDebInfo|x64
		{7E9B1896-D6F2-3FEF-908C-4F742F232131}.RelWithDebInfo|x64.Build.0 = RelWithDebInfo|x64
		{7E9B1896-D6F2-3FEF-908C-4F742F232131}.TraceLeak|Any CPU.ActiveCfg = RelWithDebInfo|x64
		{7E9B1896-D6F2-3FEF-908C-4F742F232131}.TraceLeak|Any CPU.Build.0 = RelWithDebInfo|x64
		{7E9B1896-D6F2-3FEF-908C-4F742F232131}.TraceLeak|x64.ActiveCfg = RelWithDebInfo|x64
		{7E9B1896-D6F2-3FEF-908C-4F742F232131}.TraceLeak|x64.Build.0 = RelWithDebInfo|x64
		{326BB7DA-733B-373F-B088-13149FDD472A}.Debug|Any CPU.ActiveCfg = Debug|x64
		{326BB7DA-733B-373F-B088-13149FDD472A}.Debug|Any CPU.Build.0 = Debug|x64
		{326BB7DA-733B-373F-B088-13149FDD472A}.Debug|x64.ActiveCfg = Debug|x64
		{326BB7DA-733B-373F-B088-13149FDD472A}.Debug|x64.Build.0 = Debug|x64
		{326BB7DA-733B-373F-B088-13149FDD472A}.MinSizeRel|Any CPU.ActiveCfg = MinSizeRel|x64
		{326BB7DA-733B-373F-B088-13149FDD472A}.MinSizeRel|Any CPU.Build.0 = MinSizeRel|x64
		{326BB7DA-733B-373F-B088-13149FDD472A}.MinSizeRel|x64.ActiveCfg = MinSizeRel|x64
		{326BB7DA-733B-373F-B088-13149FDD472A}.MinSizeRel|x64.Build.0 = MinSizeRel|x64
		{326BB7DA-733B-373F-B088-13149FDD472A}.Release|Any CPU.ActiveCfg = Release|x64
		{326BB7DA-733B-373F-B088-13149FDD472A}.Release|Any CPU.Build.0 = Release|x64
		{326BB7DA-733B-373F-B088-13149FDD472A}.Release|x64.ActiveCfg = Release|x64
		{326BB7DA-733B-373F-B088-13149FDD472A}.Release|x64.Build.0 = Release|x64
		{326BB7DA-733B-373F-B088-13149FDD472A}.RelWithDebInfo|Any CPU.ActiveCfg = RelWithDebInfo|x64
		{326BB7DA-733B-373F-B088-13149FDD472A}.RelWithDebInfo|Any CPU.Build.0 = RelWithDebInfo|x64
		{326BB7DA-733B-373F-B088-13149FDD472A}.RelWithDebInfo|x64.ActiveCfg = RelWithDebInfo|x64
		{326BB7DA-733B-373F-B088-13149FDD472A}.RelWithDebInfo|x64.Build.0 = RelWithDebInfo|x64
		{326BB7DA-733B-373F-B088-13149FDD472A}.TraceLeak|Any CPU.ActiveCfg = RelWithDebInfo|x64
		{326BB7DA-733B-373F-B088-13149FDD472A}.TraceLeak|Any CPU.Build.0 = RelWithDebInfo|x64
		{326BB7DA-733B-373F-B088-13149FDD472A}.TraceLeak|x64.ActiveCfg = RelWithDebInfo|x64
		{326BB7DA-733B-373F-B088-13149FDD472A}.TraceLeak|x64.Build.0 = RelWithDebInfo|x64
		{09A80D63-B369-3E7C-9266-E1BAF157394A}.Debug|Any CPU.ActiveCfg = Debug|x64
		{09A80D63-B369-3E7C-9266-E1BAF157394A}.Debug|Any CPU.Build.0 = Debug|x64
		{09A80D63-B369-3E7C-9266-E1BAF157394A}.Debug|x64.ActiveCfg = Debug|x64
		{09A80D63-B369-3E7C-9266-E1BAF157394A}.Debug|x64.Build.0 = Debug|x64
		{09A80D63-B369-3E7C-9266-E1BAF157394A}.MinSizeRel|Any CPU.ActiveCfg = MinSizeRel|x64
		{09A80D63-B369-3E7C-9266-E1BAF157394A}.MinSizeRel|Any CPU.Build.0 = MinSizeRel|x64
		{09A80D63-B369-3E7C-9266-E1BAF157394A}.MinSizeRel|x64.ActiveCfg = MinSizeRel|x64
		{09A80D63-B369-3E7C-9266-E1BAF157394A}.MinSizeRel|x64.Build.0 = MinSizeRel|x64
		{09A80D63-B369-3E7C-9266-E1BAF157394A}.Release|Any CPU.ActiveCfg = Release|x64
		{09A80D63-B369-3E7C-9266-E1BAF157394A}.Release|Any CPU.Build.0 = Release|x64
		{09A80D63-B369-3E7C-9266-E1BAF157394A}.Release|x64.ActiveCfg = Release|x64
		{09A80D63-B369-3E7C-9266-E1BAF157394A}.Release|x64.Build.0 = Release|x64
		{09A80D63-B369-3E7C-9266-E1BAF157394A}.RelWithDebInfo|Any CPU.ActiveCfg = RelWithDebInfo|x64
		{09A80D63-B369-3E7C-9266-E1BAF157394A}.RelWithDebInfo|Any CPU.Build.0 = RelWithDebInfo|x64
		{09A80D63-B369-3E7C-9266-E1BAF157394A}.RelWithDebInfo|x64.ActiveCfg = RelWithDebInfo|x64
		{09A80D63-B369-3E7C-9266-E1BAF157394A}.RelWithDebInfo|x64.Build.0 = RelWithDebInfo|x64
		{09A80D63-B369-3E7C-9266-E1BAF157394A}.TraceLeak|Any CPU.ActiveCfg = RelWithDebInfo|x64
		{09A80D63-B369-3E7C-9266-E1BAF157394A}.TraceLeak|Any CPU.Build.0 = RelWithDebInfo|x64
		{09A80D63-B369-3E7C-9266-E1BAF157394A}.TraceLeak|x64.ActiveCfg = RelWithDebInfo|x64
		{09A80D63-B369-3E7C-9266-E1BAF157394A}.TraceLeak|x64.Build.0 = RelWithDebInfo|x64
		{FB84C6E8-C02F-4E67-9883-7CEF88BAC27D}.Debug|Any CPU.ActiveCfg = Debug|Any CPU
		{FB84C6E8-C02F-4E67-9883-7CEF88BAC27D}.Debug|Any CPU.Build.0 = Debug|Any CPU
		{FB84C6E8-C02F-4E67-9883-7CEF88BAC27D}.Debug|x64.ActiveCfg = Debug|Any CPU
		{FB84C6E8-C02F-4E67-9883-7CEF88BAC27D}.Debug|x64.Build.0 = Debug|Any CPU
		{FB84C6E8-C02F-4E67-9883-7CEF88BAC27D}.MinSizeRel|Any CPU.ActiveCfg = Debug|Any CPU
		{FB84C6E8-C02F-4E67-9883-7CEF88BAC27D}.MinSizeRel|Any CPU.Build.0 = Debug|Any CPU
		{FB84C6E8-C02F-4E67-9883-7CEF88BAC27D}.MinSizeRel|x64.ActiveCfg = Debug|Any CPU
		{FB84C6E8-C02F-4E67-9883-7CEF88BAC27D}.MinSizeRel|x64.Build.0 = Debug|Any CPU
		{FB84C6E8-C02F-4E67-9883-7CEF88BAC27D}.Release|Any CPU.ActiveCfg = Release|Any CPU
		{FB84C6E8-C02F-4E67-9883-7CEF88BAC27D}.Release|Any CPU.Build.0 = Release|Any CPU
		{FB84C6E8-C02F-4E67-9883-7CEF88BAC27D}.Release|x64.ActiveCfg = Release|Any CPU
		{FB84C6E8-C02F-4E67-9883-7CEF88BAC27D}.Release|x64.Build.0 = Release|Any CPU
		{FB84C6E8-C02F-4E67-9883-7CEF88BAC27D}.RelWithDebInfo|Any CPU.ActiveCfg = Release|Any CPU
		{FB84C6E8-C02F-4E67-9883-7CEF88BAC27D}.RelWithDebInfo|Any CPU.Build.0 = Release|Any CPU
		{FB84C6E8-C02F-4E67-9883-7CEF88BAC27D}.RelWithDebInfo|x64.ActiveCfg = Release|Any CPU
		{FB84C6E8-C02F-4E67-9883-7CEF88BAC27D}.RelWithDebInfo|x64.Build.0 = Release|Any CPU
		{FB84C6E8-C02F-4E67-9883-7CEF88BAC27D}.TraceLeak|Any CPU.ActiveCfg = Debug|Any CPU
		{FB84C6E8-C02F-4E67-9883-7CEF88BAC27D}.TraceLeak|Any CPU.Build.0 = Debug|Any CPU
		{FB84C6E8-C02F-4E67-9883-7CEF88BAC27D}.TraceLeak|x64.ActiveCfg = Debug|Any CPU
		{FB84C6E8-C02F-4E67-9883-7CEF88BAC27D}.TraceLeak|x64.Build.0 = Debug|Any CPU
		{66695845-324F-4187-BC66-FED7F9863670}.Debug|Any CPU.ActiveCfg = Debug|Any CPU
		{66695845-324F-4187-BC66-FED7F9863670}.Debug|Any CPU.Build.0 = Debug|Any CPU
		{66695845-324F-4187-BC66-FED7F9863670}.Debug|x64.ActiveCfg = Debug|Any CPU
		{66695845-324F-4187-BC66-FED7F9863670}.Debug|x64.Build.0 = Debug|Any CPU
		{66695845-324F-4187-BC66-FED7F9863670}.MinSizeRel|Any CPU.ActiveCfg = Debug|Any CPU
		{66695845-324F-4187-BC66-FED7F9863670}.MinSizeRel|Any CPU.Build.0 = Debug|Any CPU
		{66695845-324F-4187-BC66-FED7F9863670}.MinSizeRel|x64.ActiveCfg = Debug|Any CPU
		{66695845-324F-4187-BC66-FED7F9863670}.MinSizeRel|x64.Build.0 = Debug|Any CPU
		{66695845-324F-4187-BC66-FED7F9863670}.Release|Any CPU.ActiveCfg = Release|Any CPU
		{66695845-324F-4187-BC66-FED7F9863670}.Release|Any CPU.Build.0 = Release|Any CPU
		{66695845-324F-4187-BC66-FED7F9863670}.Release|x64.ActiveCfg = Release|Any CPU
		{66695845-324F-4187-BC66-FED7F9863670}.Release|x64.Build.0 = Release|Any CPU
		{66695845-324F-4187-BC66-FED7F9863670}.RelWithDebInfo|Any CPU.ActiveCfg = Release|Any CPU
		{66695845-324F-4187-BC66-FED7F9863670}.RelWithDebInfo|Any CPU.Build.0 = Release|Any CPU
		{66695845-324F-4187-BC66-FED7F9863670}.RelWithDebInfo|x64.ActiveCfg = Release|Any CPU
		{66695845-324F-4187-BC66-FED7F9863670}.RelWithDebInfo|x64.Build.0 = Release|Any CPU
		{66695845-324F-4187-BC66-FED7F9863670}.TraceLeak|Any CPU.ActiveCfg = TraceLeak|Any CPU
		{66695845-324F-4187-BC66-FED7F9863670}.TraceLeak|Any CPU.Build.0 = TraceLeak|Any CPU
		{66695845-324F-4187-BC66-FED7F9863670}.TraceLeak|x64.ActiveCfg = TraceLeak|Any CPU
		{66695845-324F-4187-BC66-FED7F9863670}.TraceLeak|x64.Build.0 = TraceLeak|Any CPU
		{007DC10A-982F-4A94-9992-DC1915D8FE72}.Debug|Any CPU.ActiveCfg = Debug|Any CPU
		{007DC10A-982F-4A94-9992-DC1915D8FE72}.Debug|Any CPU.Build.0 = Debug|Any CPU
		{007DC10A-982F-4A94-9992-DC1915D8FE72}.Debug|x64.ActiveCfg = Debug|Any CPU
		{007DC10A-982F-4A94-9992-DC1915D8FE72}.Debug|x64.Build.0 = Debug|Any CPU
		{007DC10A-982F-4A94-9992-DC1915D8FE72}.MinSizeRel|Any CPU.ActiveCfg = Debug|Any CPU
		{007DC10A-982F-4A94-9992-DC1915D8FE72}.MinSizeRel|Any CPU.Build.0 = Debug|Any CPU
		{007DC10A-982F-4A94-9992-DC1915D8FE72}.MinSizeRel|x64.ActiveCfg = Debug|Any CPU
		{007DC10A-982F-4A94-9992-DC1915D8FE72}.MinSizeRel|x64.Build.0 = Debug|Any CPU
		{007DC10A-982F-4A94-9992-DC1915D8FE72}.Release|Any CPU.ActiveCfg = Release|Any CPU
		{007DC10A-982F-4A94-9992-DC1915D8FE72}.Release|Any CPU.Build.0 = Release|Any CPU
		{007DC10A-982F-4A94-9992-DC1915D8FE72}.Release|x64.ActiveCfg = Release|Any CPU
		{007DC10A-982F-4A94-9992-DC1915D8FE72}.Release|x64.Build.0 = Release|Any CPU
		{007DC10A-982F-4A94-9992-DC1915D8FE72}.RelWithDebInfo|Any CPU.ActiveCfg = Release|Any CPU
		{007DC10A-982F-4A94-9992-DC1915D8FE72}.RelWithDebInfo|Any CPU.Build.0 = Release|Any CPU
		{007DC10A-982F-4A94-9992-DC1915D8FE72}.RelWithDebInfo|x64.ActiveCfg = Release|Any CPU
		{007DC10A-982F-4A94-9992-DC1915D8FE72}.RelWithDebInfo|x64.Build.0 = Release|Any CPU
		{007DC10A-982F-4A94-9992-DC1915D8FE72}.TraceLeak|Any CPU.ActiveCfg = TraceLeak|Any CPU
		{007DC10A-982F-4A94-9992-DC1915D8FE72}.TraceLeak|Any CPU.Build.0 = TraceLeak|Any CPU
		{007DC10A-982F-4A94-9992-DC1915D8FE72}.TraceLeak|x64.ActiveCfg = TraceLeak|Any CPU
		{007DC10A-982F-4A94-9992-DC1915D8FE72}.TraceLeak|x64.Build.0 = TraceLeak|Any CPU
		{12F50FD1-BAE5-4388-AFE0-448B77D91692}.Debug|Any CPU.ActiveCfg = Debug|Any CPU
		{12F50FD1-BAE5-4388-AFE0-448B77D91692}.Debug|Any CPU.Build.0 = Debug|Any CPU
		{12F50FD1-BAE5-4388-AFE0-448B77D91692}.Debug|x64.ActiveCfg = Debug|Any CPU
		{12F50FD1-BAE5-4388-AFE0-448B77D91692}.Debug|x64.Build.0 = Debug|Any CPU
		{12F50FD1-BAE5-4388-AFE0-448B77D91692}.MinSizeRel|Any CPU.ActiveCfg = Debug|Any CPU
		{12F50FD1-BAE5-4388-AFE0-448B77D91692}.MinSizeRel|Any CPU.Build.0 = Debug|Any CPU
		{12F50FD1-BAE5-4388-AFE0-448B77D91692}.MinSizeRel|x64.ActiveCfg = Debug|Any CPU
		{12F50FD1-BAE5-4388-AFE0-448B77D91692}.MinSizeRel|x64.Build.0 = Debug|Any CPU
		{12F50FD1-BAE5-4388-AFE0-448B77D91692}.Release|Any CPU.ActiveCfg = Release|Any CPU
		{12F50FD1-BAE5-4388-AFE0-448B77D91692}.Release|Any CPU.Build.0 = Release|Any CPU
		{12F50FD1-BAE5-4388-AFE0-448B77D91692}.Release|x64.ActiveCfg = Release|Any CPU
		{12F50FD1-BAE5-4388-AFE0-448B77D91692}.Release|x64.Build.0 = Release|Any CPU
		{12F50FD1-BAE5-4388-AFE0-448B77D91692}.RelWithDebInfo|Any CPU.ActiveCfg = Release|Any CPU
		{12F50FD1-BAE5-4388-AFE0-448B77D91692}.RelWithDebInfo|Any CPU.Build.0 = Release|Any CPU
		{12F50FD1-BAE5-4388-AFE0-448B77D91692}.RelWithDebInfo|x64.ActiveCfg = Release|Any CPU
		{12F50FD1-BAE5-4388-AFE0-448B77D91692}.RelWithDebInfo|x64.Build.0 = Release|Any CPU
		{12F50FD1-BAE5-4388-AFE0-448B77D91692}.TraceLeak|Any CPU.ActiveCfg = TraceLeak|Any CPU
		{12F50FD1-BAE5-4388-AFE0-448B77D91692}.TraceLeak|Any CPU.Build.0 = TraceLeak|Any CPU
		{12F50FD1-BAE5-4388-AFE0-448B77D91692}.TraceLeak|x64.ActiveCfg = TraceLeak|Any CPU
		{12F50FD1-BAE5-4388-AFE0-448B77D91692}.TraceLeak|x64.Build.0 = TraceLeak|Any CPU
		{0159E848-49CA-4E16-BB10-ACB5C53DCF7F}.Debug|Any CPU.ActiveCfg = Debug|Any CPU
		{0159E848-49CA-4E16-BB10-ACB5C53DCF7F}.Debug|Any CPU.Build.0 = Debug|Any CPU
		{0159E848-49CA-4E16-BB10-ACB5C53DCF7F}.Debug|x64.ActiveCfg = Debug|Any CPU
		{0159E848-49CA-4E16-BB10-ACB5C53DCF7F}.Debug|x64.Build.0 = Debug|Any CPU
		{0159E848-49CA-4E16-BB10-ACB5C53DCF7F}.MinSizeRel|Any CPU.ActiveCfg = Debug|Any CPU
		{0159E848-49CA-4E16-BB10-ACB5C53DCF7F}.MinSizeRel|Any CPU.Build.0 = Debug|Any CPU
		{0159E848-49CA-4E16-BB10-ACB5C53DCF7F}.MinSizeRel|x64.ActiveCfg = Debug|Any CPU
		{0159E848-49CA-4E16-BB10-ACB5C53DCF7F}.MinSizeRel|x64.Build.0 = Debug|Any CPU
		{0159E848-49CA-4E16-BB10-ACB5C53DCF7F}.Release|Any CPU.ActiveCfg = Release|Any CPU
		{0159E848-49CA-4E16-BB10-ACB5C53DCF7F}.Release|Any CPU.Build.0 = Release|Any CPU
		{0159E848-49CA-4E16-BB10-ACB5C53DCF7F}.Release|x64.ActiveCfg = Release|Any CPU
		{0159E848-49CA-4E16-BB10-ACB5C53DCF7F}.Release|x64.Build.0 = Release|Any CPU
		{0159E848-49CA-4E16-BB10-ACB5C53DCF7F}.RelWithDebInfo|Any CPU.ActiveCfg = Release|Any CPU
		{0159E848-49CA-4E16-BB10-ACB5C53DCF7F}.RelWithDebInfo|Any CPU.Build.0 = Release|Any CPU
		{0159E848-49CA-4E16-BB10-ACB5C53DCF7F}.RelWithDebInfo|x64.ActiveCfg = Release|Any CPU
		{0159E848-49CA-4E16-BB10-ACB5C53DCF7F}.RelWithDebInfo|x64.Build.0 = Release|Any CPU
		{0159E848-49CA-4E16-BB10-ACB5C53DCF7F}.TraceLeak|Any CPU.ActiveCfg = TraceLeak|Any CPU
		{0159E848-49CA-4E16-BB10-ACB5C53DCF7F}.TraceLeak|Any CPU.Build.0 = TraceLeak|Any CPU
		{0159E848-49CA-4E16-BB10-ACB5C53DCF7F}.TraceLeak|x64.ActiveCfg = TraceLeak|Any CPU
		{0159E848-49CA-4E16-BB10-ACB5C53DCF7F}.TraceLeak|x64.Build.0 = TraceLeak|Any CPU
		{24A346D9-F81D-44CA-9CA1-2C1A9DBA9F69}.Debug|Any CPU.ActiveCfg = Debug|Any CPU
		{24A346D9-F81D-44CA-9CA1-2C1A9DBA9F69}.Debug|Any CPU.Build.0 = Debug|Any CPU
		{24A346D9-F81D-44CA-9CA1-2C1A9DBA9F69}.Debug|x64.ActiveCfg = Debug|Any CPU
		{24A346D9-F81D-44CA-9CA1-2C1A9DBA9F69}.Debug|x64.Build.0 = Debug|Any CPU
		{24A346D9-F81D-44CA-9CA1-2C1A9DBA9F69}.MinSizeRel|Any CPU.ActiveCfg = Debug|Any CPU
		{24A346D9-F81D-44CA-9CA1-2C1A9DBA9F69}.MinSizeRel|Any CPU.Build.0 = Debug|Any CPU
		{24A346D9-F81D-44CA-9CA1-2C1A9DBA9F69}.MinSizeRel|x64.ActiveCfg = Debug|Any CPU
		{24A346D9-F81D-44CA-9CA1-2C1A9DBA9F69}.MinSizeRel|x64.Build.0 = Debug|Any CPU
		{24A346D9-F81D-44CA-9CA1-2C1A9DBA9F69}.Release|Any CPU.ActiveCfg = Release|Any CPU
		{24A346D9-F81D-44CA-9CA1-2C1A9DBA9F69}.Release|Any CPU.Build.0 = Release|Any CPU
		{24A346D9-F81D-44CA-9CA1-2C1A9DBA9F69}.Release|x64.ActiveCfg = Release|Any CPU
		{24A346D9-F81D-44CA-9CA1-2C1A9DBA9F69}.Release|x64.Build.0 = Release|Any CPU
		{24A346D9-F81D-44CA-9CA1-2C1A9DBA9F69}.RelWithDebInfo|Any CPU.ActiveCfg = Release|Any CPU
		{24A346D9-F81D-44CA-9CA1-2C1A9DBA9F69}.RelWithDebInfo|Any CPU.Build.0 = Release|Any CPU
		{24A346D9-F81D-44CA-9CA1-2C1A9DBA9F69}.RelWithDebInfo|x64.ActiveCfg = Release|Any CPU
		{24A346D9-F81D-44CA-9CA1-2C1A9DBA9F69}.RelWithDebInfo|x64.Build.0 = Release|Any CPU
		{24A346D9-F81D-44CA-9CA1-2C1A9DBA9F69}.TraceLeak|Any CPU.ActiveCfg = Debug|Any CPU
		{24A346D9-F81D-44CA-9CA1-2C1A9DBA9F69}.TraceLeak|Any CPU.Build.0 = Debug|Any CPU
		{24A346D9-F81D-44CA-9CA1-2C1A9DBA9F69}.TraceLeak|x64.ActiveCfg = Debug|Any CPU
		{24A346D9-F81D-44CA-9CA1-2C1A9DBA9F69}.TraceLeak|x64.Build.0 = Debug|Any CPU
		{D91D3729-7107-444F-BBF1-1D7C8B7F5093}.Debug|Any CPU.ActiveCfg = Debug|Any CPU
		{D91D3729-7107-444F-BBF1-1D7C8B7F5093}.Debug|Any CPU.Build.0 = Debug|Any CPU
		{D91D3729-7107-444F-BBF1-1D7C8B7F5093}.Debug|x64.ActiveCfg = Debug|Any CPU
		{D91D3729-7107-444F-BBF1-1D7C8B7F5093}.Debug|x64.Build.0 = Debug|Any CPU
		{D91D3729-7107-444F-BBF1-1D7C8B7F5093}.MinSizeRel|Any CPU.ActiveCfg = Debug|Any CPU
		{D91D3729-7107-444F-BBF1-1D7C8B7F5093}.MinSizeRel|Any CPU.Build.0 = Debug|Any CPU
		{D91D3729-7107-444F-BBF1-1D7C8B7F5093}.MinSizeRel|x64.ActiveCfg = Debug|Any CPU
		{D91D3729-7107-444F-BBF1-1D7C8B7F5093}.MinSizeRel|x64.Build.0 = Debug|Any CPU
		{D91D3729-7107-444F-BBF1-1D7C8B7F5093}.Release|Any CPU.ActiveCfg = Release|Any CPU
		{D91D3729-7107-444F-BBF1-1D7C8B7F5093}.Release|Any CPU.Build.0 = Release|Any CPU
		{D91D3729-7107-444F-BBF1-1D7C8B7F5093}.Release|x64.ActiveCfg = Release|Any CPU
		{D91D3729-7107-444F-BBF1-1D7C8B7F5093}.Release|x64.Build.0 = Release|Any CPU
		{D91D3729-7107-444F-BBF1-1D7C8B7F5093}.RelWithDebInfo|Any CPU.ActiveCfg = Release|Any CPU
		{D91D3729-7107-444F-BBF1-1D7C8B7F5093}.RelWithDebInfo|Any CPU.Build.0 = Release|Any CPU
		{D91D3729-7107-444F-BBF1-1D7C8B7F5093}.RelWithDebInfo|x64.ActiveCfg = Release|Any CPU
		{D91D3729-7107-444F-BBF1-1D7C8B7F5093}.RelWithDebInfo|x64.Build.0 = Release|Any CPU
		{D91D3729-7107-444F-BBF1-1D7C8B7F5093}.TraceLeak|Any CPU.ActiveCfg = TraceLeak|Any CPU
		{D91D3729-7107-444F-BBF1-1D7C8B7F5093}.TraceLeak|Any CPU.Build.0 = TraceLeak|Any CPU
		{D91D3729-7107-444F-BBF1-1D7C8B7F5093}.TraceLeak|x64.ActiveCfg = TraceLeak|Any CPU
		{D91D3729-7107-444F-BBF1-1D7C8B7F5093}.TraceLeak|x64.Build.0 = TraceLeak|Any CPU
		{AB1E8519-4F79-4F34-9C53-DDB622012939}.Debug|Any CPU.ActiveCfg = Debug|Any CPU
		{AB1E8519-4F79-4F34-9C53-DDB622012939}.Debug|Any CPU.Build.0 = Debug|Any CPU
		{AB1E8519-4F79-4F34-9C53-DDB622012939}.Debug|x64.ActiveCfg = Debug|x64
		{AB1E8519-4F79-4F34-9C53-DDB622012939}.Debug|x64.Build.0 = Debug|x64
		{AB1E8519-4F79-4F34-9C53-DDB622012939}.MinSizeRel|Any CPU.ActiveCfg = Debug|Any CPU
		{AB1E8519-4F79-4F34-9C53-DDB622012939}.MinSizeRel|Any CPU.Build.0 = Debug|Any CPU
		{AB1E8519-4F79-4F34-9C53-DDB622012939}.MinSizeRel|x64.ActiveCfg = Debug|x64
		{AB1E8519-4F79-4F34-9C53-DDB622012939}.MinSizeRel|x64.Build.0 = Debug|x64
		{AB1E8519-4F79-4F34-9C53-DDB622012939}.Release|Any CPU.ActiveCfg = Release|Any CPU
		{AB1E8519-4F79-4F34-9C53-DDB622012939}.Release|Any CPU.Build.0 = Release|Any CPU
		{AB1E8519-4F79-4F34-9C53-DDB622012939}.Release|x64.ActiveCfg = Release|x64
		{AB1E8519-4F79-4F34-9C53-DDB622012939}.Release|x64.Build.0 = Release|x64
		{AB1E8519-4F79-4F34-9C53-DDB622012939}.RelWithDebInfo|Any CPU.ActiveCfg = Release|Any CPU
		{AB1E8519-4F79-4F34-9C53-DDB622012939}.RelWithDebInfo|Any CPU.Build.0 = Release|Any CPU
		{AB1E8519-4F79-4F34-9C53-DDB622012939}.RelWithDebInfo|x64.ActiveCfg = Release|x64
		{AB1E8519-4F79-4F34-9C53-DDB622012939}.RelWithDebInfo|x64.Build.0 = Release|x64
		{AB1E8519-4F79-4F34-9C53-DDB622012939}.TraceLeak|Any CPU.ActiveCfg = TraceLeak|Any CPU
		{AB1E8519-4F79-4F34-9C53-DDB622012939}.TraceLeak|Any CPU.Build.0 = TraceLeak|Any CPU
		{AB1E8519-4F79-4F34-9C53-DDB622012939}.TraceLeak|x64.ActiveCfg = TraceLeak|x64
		{AB1E8519-4F79-4F34-9C53-DDB622012939}.TraceLeak|x64.Build.0 = TraceLeak|x64
		{AC9E6480-6B0F-47E4-A2BA-F7B0C671E4EB}.Debug|Any CPU.ActiveCfg = Debug|Any CPU
		{AC9E6480-6B0F-47E4-A2BA-F7B0C671E4EB}.Debug|Any CPU.Build.0 = Debug|Any CPU
		{AC9E6480-6B0F-47E4-A2BA-F7B0C671E4EB}.Debug|x64.ActiveCfg = Debug|Any CPU
		{AC9E6480-6B0F-47E4-A2BA-F7B0C671E4EB}.Debug|x64.Build.0 = Debug|Any CPU
		{AC9E6480-6B0F-47E4-A2BA-F7B0C671E4EB}.MinSizeRel|Any CPU.ActiveCfg = Debug|Any CPU
		{AC9E6480-6B0F-47E4-A2BA-F7B0C671E4EB}.MinSizeRel|Any CPU.Build.0 = Debug|Any CPU
		{AC9E6480-6B0F-47E4-A2BA-F7B0C671E4EB}.MinSizeRel|x64.ActiveCfg = Debug|Any CPU
		{AC9E6480-6B0F-47E4-A2BA-F7B0C671E4EB}.MinSizeRel|x64.Build.0 = Debug|Any CPU
		{AC9E6480-6B0F-47E4-A2BA-F7B0C671E4EB}.Release|Any CPU.ActiveCfg = Release|Any CPU
		{AC9E6480-6B0F-47E4-A2BA-F7B0C671E4EB}.Release|Any CPU.Build.0 = Release|Any CPU
		{AC9E6480-6B0F-47E4-A2BA-F7B0C671E4EB}.Release|x64.ActiveCfg = Release|Any CPU
		{AC9E6480-6B0F-47E4-A2BA-F7B0C671E4EB}.Release|x64.Build.0 = Release|Any CPU
		{AC9E6480-6B0F-47E4-A2BA-F7B0C671E4EB}.RelWithDebInfo|Any CPU.ActiveCfg = Release|Any CPU
		{AC9E6480-6B0F-47E4-A2BA-F7B0C671E4EB}.RelWithDebInfo|Any CPU.Build.0 = Release|Any CPU
		{AC9E6480-6B0F-47E4-A2BA-F7B0C671E4EB}.RelWithDebInfo|x64.ActiveCfg = Release|Any CPU
		{AC9E6480-6B0F-47E4-A2BA-F7B0C671E4EB}.RelWithDebInfo|x64.Build.0 = Release|Any CPU
		{AC9E6480-6B0F-47E4-A2BA-F7B0C671E4EB}.TraceLeak|Any CPU.ActiveCfg = TraceLeak|Any CPU
		{AC9E6480-6B0F-47E4-A2BA-F7B0C671E4EB}.TraceLeak|Any CPU.Build.0 = TraceLeak|Any CPU
		{AC9E6480-6B0F-47E4-A2BA-F7B0C671E4EB}.TraceLeak|x64.ActiveCfg = TraceLeak|Any CPU
		{AC9E6480-6B0F-47E4-A2BA-F7B0C671E4EB}.TraceLeak|x64.Build.0 = TraceLeak|Any CPU
		{5CEF1CD0-067B-44BE-A1AB-3F8DD388CA18}.Debug|Any CPU.ActiveCfg = Debug|Any CPU
		{5CEF1CD0-067B-44BE-A1AB-3F8DD388CA18}.Debug|Any CPU.Build.0 = Debug|Any CPU
		{5CEF1CD0-067B-44BE-A1AB-3F8DD388CA18}.Debug|x64.ActiveCfg = Debug|Any CPU
		{5CEF1CD0-067B-44BE-A1AB-3F8DD388CA18}.Debug|x64.Build.0 = Debug|Any CPU
		{5CEF1CD0-067B-44BE-A1AB-3F8DD388CA18}.MinSizeRel|Any CPU.ActiveCfg = Debug|Any CPU
		{5CEF1CD0-067B-44BE-A1AB-3F8DD388CA18}.MinSizeRel|Any CPU.Build.0 = Debug|Any CPU
		{5CEF1CD0-067B-44BE-A1AB-3F8DD388CA18}.MinSizeRel|x64.ActiveCfg = Debug|Any CPU
		{5CEF1CD0-067B-44BE-A1AB-3F8DD388CA18}.MinSizeRel|x64.Build.0 = Debug|Any CPU
		{5CEF1CD0-067B-44BE-A1AB-3F8DD388CA18}.Release|Any CPU.ActiveCfg = Release|Any CPU
		{5CEF1CD0-067B-44BE-A1AB-3F8DD388CA18}.Release|Any CPU.Build.0 = Release|Any CPU
		{5CEF1CD0-067B-44BE-A1AB-3F8DD388CA18}.Release|x64.ActiveCfg = Release|Any CPU
		{5CEF1CD0-067B-44BE-A1AB-3F8DD388CA18}.Release|x64.Build.0 = Release|Any CPU
		{5CEF1CD0-067B-44BE-A1AB-3F8DD388CA18}.RelWithDebInfo|Any CPU.ActiveCfg = Release|Any CPU
		{5CEF1CD0-067B-44BE-A1AB-3F8DD388CA18}.RelWithDebInfo|Any CPU.Build.0 = Release|Any CPU
		{5CEF1CD0-067B-44BE-A1AB-3F8DD388CA18}.RelWithDebInfo|x64.ActiveCfg = Release|Any CPU
		{5CEF1CD0-067B-44BE-A1AB-3F8DD388CA18}.RelWithDebInfo|x64.Build.0 = Release|Any CPU
		{5CEF1CD0-067B-44BE-A1AB-3F8DD388CA18}.TraceLeak|Any CPU.ActiveCfg = Debug|Any CPU
		{5CEF1CD0-067B-44BE-A1AB-3F8DD388CA18}.TraceLeak|Any CPU.Build.0 = Debug|Any CPU
		{5CEF1CD0-067B-44BE-A1AB-3F8DD388CA18}.TraceLeak|x64.ActiveCfg = Debug|Any CPU
		{5CEF1CD0-067B-44BE-A1AB-3F8DD388CA18}.TraceLeak|x64.Build.0 = Debug|Any CPU
		{AC75513F-7D59-428F-A67F-264979015078}.Debug|Any CPU.ActiveCfg = Debug|Any CPU
		{AC75513F-7D59-428F-A67F-264979015078}.Debug|Any CPU.Build.0 = Debug|Any CPU
		{AC75513F-7D59-428F-A67F-264979015078}.Debug|x64.ActiveCfg = Debug|Any CPU
		{AC75513F-7D59-428F-A67F-264979015078}.Debug|x64.Build.0 = Debug|Any CPU
		{AC75513F-7D59-428F-A67F-264979015078}.MinSizeRel|Any CPU.ActiveCfg = Debug|Any CPU
		{AC75513F-7D59-428F-A67F-264979015078}.MinSizeRel|Any CPU.Build.0 = Debug|Any CPU
		{AC75513F-7D59-428F-A67F-264979015078}.MinSizeRel|x64.ActiveCfg = Debug|Any CPU
		{AC75513F-7D59-428F-A67F-264979015078}.MinSizeRel|x64.Build.0 = Debug|Any CPU
		{AC75513F-7D59-428F-A67F-264979015078}.Release|Any CPU.ActiveCfg = Release|Any CPU
		{AC75513F-7D59-428F-A67F-264979015078}.Release|Any CPU.Build.0 = Release|Any CPU
		{AC75513F-7D59-428F-A67F-264979015078}.Release|x64.ActiveCfg = Release|Any CPU
		{AC75513F-7D59-428F-A67F-264979015078}.Release|x64.Build.0 = Release|Any CPU
		{AC75513F-7D59-428F-A67F-264979015078}.RelWithDebInfo|Any CPU.ActiveCfg = Release|Any CPU
		{AC75513F-7D59-428F-A67F-264979015078}.RelWithDebInfo|Any CPU.Build.0 = Release|Any CPU
		{AC75513F-7D59-428F-A67F-264979015078}.RelWithDebInfo|x64.ActiveCfg = Release|Any CPU
		{AC75513F-7D59-428F-A67F-264979015078}.RelWithDebInfo|x64.Build.0 = Release|Any CPU
		{AC75513F-7D59-428F-A67F-264979015078}.TraceLeak|Any CPU.ActiveCfg = TraceLeak|Any CPU
		{AC75513F-7D59-428F-A67F-264979015078}.TraceLeak|Any CPU.Build.0 = TraceLeak|Any CPU
		{AC75513F-7D59-428F-A67F-264979015078}.TraceLeak|x64.ActiveCfg = TraceLeak|Any CPU
		{AC75513F-7D59-428F-A67F-264979015078}.TraceLeak|x64.Build.0 = TraceLeak|Any CPU
		{F67FF181-0772-4676-9C9A-219C3A1E69A5}.Debug|Any CPU.ActiveCfg = Debug|Any CPU
		{F67FF181-0772-4676-9C9A-219C3A1E69A5}.Debug|Any CPU.Build.0 = Debug|Any CPU
		{F67FF181-0772-4676-9C9A-219C3A1E69A5}.Debug|x64.ActiveCfg = Debug|Any CPU
		{F67FF181-0772-4676-9C9A-219C3A1E69A5}.Debug|x64.Build.0 = Debug|Any CPU
		{F67FF181-0772-4676-9C9A-219C3A1E69A5}.MinSizeRel|Any CPU.ActiveCfg = Debug|Any CPU
		{F67FF181-0772-4676-9C9A-219C3A1E69A5}.MinSizeRel|Any CPU.Build.0 = Debug|Any CPU
		{F67FF181-0772-4676-9C9A-219C3A1E69A5}.MinSizeRel|x64.ActiveCfg = Debug|Any CPU
		{F67FF181-0772-4676-9C9A-219C3A1E69A5}.MinSizeRel|x64.Build.0 = Debug|Any CPU
		{F67FF181-0772-4676-9C9A-219C3A1E69A5}.Release|Any CPU.ActiveCfg = Release|Any CPU
		{F67FF181-0772-4676-9C9A-219C3A1E69A5}.Release|Any CPU.Build.0 = Release|Any CPU
		{F67FF181-0772-4676-9C9A-219C3A1E69A5}.Release|x64.ActiveCfg = Release|Any CPU
		{F67FF181-0772-4676-9C9A-219C3A1E69A5}.Release|x64.Build.0 = Release|Any CPU
		{F67FF181-0772-4676-9C9A-219C3A1E69A5}.RelWithDebInfo|Any CPU.ActiveCfg = Release|Any CPU
		{F67FF181-0772-4676-9C9A-219C3A1E69A5}.RelWithDebInfo|Any CPU.Build.0 = Release|Any CPU
		{F67FF181-0772-4676-9C9A-219C3A1E69A5}.RelWithDebInfo|x64.ActiveCfg = Release|Any CPU
		{F67FF181-0772-4676-9C9A-219C3A1E69A5}.RelWithDebInfo|x64.Build.0 = Release|Any CPU
		{F67FF181-0772-4676-9C9A-219C3A1E69A5}.TraceLeak|Any CPU.ActiveCfg = Debug|Any CPU
		{F67FF181-0772-4676-9C9A-219C3A1E69A5}.TraceLeak|Any CPU.Build.0 = Debug|Any CPU
		{F67FF181-0772-4676-9C9A-219C3A1E69A5}.TraceLeak|x64.ActiveCfg = Debug|Any CPU
		{F67FF181-0772-4676-9C9A-219C3A1E69A5}.TraceLeak|x64.Build.0 = Debug|Any CPU
		{994E9535-91DA-4C04-9316-3398AFEE06F4}.Debug|Any CPU.ActiveCfg = Debug|Any CPU
		{994E9535-91DA-4C04-9316-3398AFEE06F4}.Debug|Any CPU.Build.0 = Debug|Any CPU
		{994E9535-91DA-4C04-9316-3398AFEE06F4}.Debug|x64.ActiveCfg = Debug|Any CPU
		{994E9535-91DA-4C04-9316-3398AFEE06F4}.Debug|x64.Build.0 = Debug|Any CPU
		{994E9535-91DA-4C04-9316-3398AFEE06F4}.MinSizeRel|Any CPU.ActiveCfg = Debug|Any CPU
		{994E9535-91DA-4C04-9316-3398AFEE06F4}.MinSizeRel|Any CPU.Build.0 = Debug|Any CPU
		{994E9535-91DA-4C04-9316-3398AFEE06F4}.MinSizeRel|x64.ActiveCfg = Debug|Any CPU
		{994E9535-91DA-4C04-9316-3398AFEE06F4}.MinSizeRel|x64.Build.0 = Debug|Any CPU
		{994E9535-91DA-4C04-9316-3398AFEE06F4}.Release|Any CPU.ActiveCfg = Release|Any CPU
		{994E9535-91DA-4C04-9316-3398AFEE06F4}.Release|Any CPU.Build.0 = Release|Any CPU
		{994E9535-91DA-4C04-9316-3398AFEE06F4}.Release|x64.ActiveCfg = Release|Any CPU
		{994E9535-91DA-4C04-9316-3398AFEE06F4}.Release|x64.Build.0 = Release|Any CPU
		{994E9535-91DA-4C04-9316-3398AFEE06F4}.RelWithDebInfo|Any CPU.ActiveCfg = Release|Any CPU
		{994E9535-91DA-4C04-9316-3398AFEE06F4}.RelWithDebInfo|Any CPU.Build.0 = Release|Any CPU
		{994E9535-91DA-4C04-9316-3398AFEE06F4}.RelWithDebInfo|x64.ActiveCfg = Release|Any CPU
		{994E9535-91DA-4C04-9316-3398AFEE06F4}.RelWithDebInfo|x64.Build.0 = Release|Any CPU
		{994E9535-91DA-4C04-9316-3398AFEE06F4}.TraceLeak|Any CPU.ActiveCfg = TraceLeak|Any CPU
		{994E9535-91DA-4C04-9316-3398AFEE06F4}.TraceLeak|Any CPU.Build.0 = TraceLeak|Any CPU
		{994E9535-91DA-4C04-9316-3398AFEE06F4}.TraceLeak|x64.ActiveCfg = TraceLeak|Any CPU
		{994E9535-91DA-4C04-9316-3398AFEE06F4}.TraceLeak|x64.Build.0 = TraceLeak|Any CPU
		{AA5A9148-8F0B-4DCC-A9B6-8A86C6EFFC56}.Debug|Any CPU.ActiveCfg = Debug|Any CPU
		{AA5A9148-8F0B-4DCC-A9B6-8A86C6EFFC56}.Debug|Any CPU.Build.0 = Debug|Any CPU
		{AA5A9148-8F0B-4DCC-A9B6-8A86C6EFFC56}.Debug|x64.ActiveCfg = Debug|Any CPU
		{AA5A9148-8F0B-4DCC-A9B6-8A86C6EFFC56}.Debug|x64.Build.0 = Debug|Any CPU
		{AA5A9148-8F0B-4DCC-A9B6-8A86C6EFFC56}.MinSizeRel|Any CPU.ActiveCfg = Debug|Any CPU
		{AA5A9148-8F0B-4DCC-A9B6-8A86C6EFFC56}.MinSizeRel|Any CPU.Build.0 = Debug|Any CPU
		{AA5A9148-8F0B-4DCC-A9B6-8A86C6EFFC56}.MinSizeRel|x64.ActiveCfg = Debug|Any CPU
		{AA5A9148-8F0B-4DCC-A9B6-8A86C6EFFC56}.MinSizeRel|x64.Build.0 = Debug|Any CPU
		{AA5A9148-8F0B-4DCC-A9B6-8A86C6EFFC56}.Release|Any CPU.ActiveCfg = Release|Any CPU
		{AA5A9148-8F0B-4DCC-A9B6-8A86C6EFFC56}.Release|Any CPU.Build.0 = Release|Any CPU
		{AA5A9148-8F0B-4DCC-A9B6-8A86C6EFFC56}.Release|x64.ActiveCfg = Release|Any CPU
		{AA5A9148-8F0B-4DCC-A9B6-8A86C6EFFC56}.Release|x64.Build.0 = Release|Any CPU
		{AA5A9148-8F0B-4DCC-A9B6-8A86C6EFFC56}.RelWithDebInfo|Any CPU.ActiveCfg = Release|Any CPU
		{AA5A9148-8F0B-4DCC-A9B6-8A86C6EFFC56}.RelWithDebInfo|Any CPU.Build.0 = Release|Any CPU
		{AA5A9148-8F0B-4DCC-A9B6-8A86C6EFFC56}.RelWithDebInfo|x64.ActiveCfg = Release|Any CPU
		{AA5A9148-8F0B-4DCC-A9B6-8A86C6EFFC56}.RelWithDebInfo|x64.Build.0 = Release|Any CPU
		{AA5A9148-8F0B-4DCC-A9B6-8A86C6EFFC56}.TraceLeak|Any CPU.ActiveCfg = TraceLeak|Any CPU
		{AA5A9148-8F0B-4DCC-A9B6-8A86C6EFFC56}.TraceLeak|Any CPU.Build.0 = TraceLeak|Any CPU
		{AA5A9148-8F0B-4DCC-A9B6-8A86C6EFFC56}.TraceLeak|x64.ActiveCfg = TraceLeak|Any CPU
		{AA5A9148-8F0B-4DCC-A9B6-8A86C6EFFC56}.TraceLeak|x64.Build.0 = TraceLeak|Any CPU
		{531E1E81-F5CB-41F3-B808-60F0EE450D92}.Debug|Any CPU.ActiveCfg = Debug|Any CPU
		{531E1E81-F5CB-41F3-B808-60F0EE450D92}.Debug|Any CPU.Build.0 = Debug|Any CPU
		{531E1E81-F5CB-41F3-B808-60F0EE450D92}.Debug|x64.ActiveCfg = Debug|Any CPU
		{531E1E81-F5CB-41F3-B808-60F0EE450D92}.Debug|x64.Build.0 = Debug|Any CPU
		{531E1E81-F5CB-41F3-B808-60F0EE450D92}.MinSizeRel|Any CPU.ActiveCfg = Debug|Any CPU
		{531E1E81-F5CB-41F3-B808-60F0EE450D92}.MinSizeRel|Any CPU.Build.0 = Debug|Any CPU
		{531E1E81-F5CB-41F3-B808-60F0EE450D92}.MinSizeRel|x64.ActiveCfg = Debug|Any CPU
		{531E1E81-F5CB-41F3-B808-60F0EE450D92}.MinSizeRel|x64.Build.0 = Debug|Any CPU
		{531E1E81-F5CB-41F3-B808-60F0EE450D92}.Release|Any CPU.ActiveCfg = Release|Any CPU
		{531E1E81-F5CB-41F3-B808-60F0EE450D92}.Release|Any CPU.Build.0 = Release|Any CPU
		{531E1E81-F5CB-41F3-B808-60F0EE450D92}.Release|x64.ActiveCfg = Release|Any CPU
		{531E1E81-F5CB-41F3-B808-60F0EE450D92}.Release|x64.Build.0 = Release|Any CPU
		{531E1E81-F5CB-41F3-B808-60F0EE450D92}.RelWithDebInfo|Any CPU.ActiveCfg = Release|Any CPU
		{531E1E81-F5CB-41F3-B808-60F0EE450D92}.RelWithDebInfo|Any CPU.Build.0 = Release|Any CPU
		{531E1E81-F5CB-41F3-B808-60F0EE450D92}.RelWithDebInfo|x64.ActiveCfg = Release|Any CPU
		{531E1E81-F5CB-41F3-B808-60F0EE450D92}.RelWithDebInfo|x64.Build.0 = Release|Any CPU
		{531E1E81-F5CB-41F3-B808-60F0EE450D92}.TraceLeak|Any CPU.ActiveCfg = TraceLeak|Any CPU
		{531E1E81-F5CB-41F3-B808-60F0EE450D92}.TraceLeak|Any CPU.Build.0 = TraceLeak|Any CPU
		{531E1E81-F5CB-41F3-B808-60F0EE450D92}.TraceLeak|x64.ActiveCfg = TraceLeak|Any CPU
		{531E1E81-F5CB-41F3-B808-60F0EE450D92}.TraceLeak|x64.Build.0 = TraceLeak|Any CPU
		{1914C725-DDF9-4655-8D8B-CBE2E9DBF255}.Debug|Any CPU.ActiveCfg = Debug|Any CPU
		{1914C725-DDF9-4655-8D8B-CBE2E9DBF255}.Debug|Any CPU.Build.0 = Debug|Any CPU
		{1914C725-DDF9-4655-8D8B-CBE2E9DBF255}.Debug|x64.ActiveCfg = Debug|Any CPU
		{1914C725-DDF9-4655-8D8B-CBE2E9DBF255}.Debug|x64.Build.0 = Debug|Any CPU
		{1914C725-DDF9-4655-8D8B-CBE2E9DBF255}.MinSizeRel|Any CPU.ActiveCfg = Debug|Any CPU
		{1914C725-DDF9-4655-8D8B-CBE2E9DBF255}.MinSizeRel|Any CPU.Build.0 = Debug|Any CPU
		{1914C725-DDF9-4655-8D8B-CBE2E9DBF255}.MinSizeRel|x64.ActiveCfg = Debug|Any CPU
		{1914C725-DDF9-4655-8D8B-CBE2E9DBF255}.MinSizeRel|x64.Build.0 = Debug|Any CPU
		{1914C725-DDF9-4655-8D8B-CBE2E9DBF255}.Release|Any CPU.ActiveCfg = Release|Any CPU
		{1914C725-DDF9-4655-8D8B-CBE2E9DBF255}.Release|Any CPU.Build.0 = Release|Any CPU
		{1914C725-DDF9-4655-8D8B-CBE2E9DBF255}.Release|x64.ActiveCfg = Release|Any CPU
		{1914C725-DDF9-4655-8D8B-CBE2E9DBF255}.Release|x64.Build.0 = Release|Any CPU
		{1914C725-DDF9-4655-8D8B-CBE2E9DBF255}.RelWithDebInfo|Any CPU.ActiveCfg = Release|Any CPU
		{1914C725-DDF9-4655-8D8B-CBE2E9DBF255}.RelWithDebInfo|Any CPU.Build.0 = Release|Any CPU
		{1914C725-DDF9-4655-8D8B-CBE2E9DBF255}.RelWithDebInfo|x64.ActiveCfg = Release|Any CPU
		{1914C725-DDF9-4655-8D8B-CBE2E9DBF255}.RelWithDebInfo|x64.Build.0 = Release|Any CPU
		{1914C725-DDF9-4655-8D8B-CBE2E9DBF255}.TraceLeak|Any CPU.ActiveCfg = Debug|Any CPU
		{1914C725-DDF9-4655-8D8B-CBE2E9DBF255}.TraceLeak|Any CPU.Build.0 = Debug|Any CPU
		{1914C725-DDF9-4655-8D8B-CBE2E9DBF255}.TraceLeak|x64.ActiveCfg = Debug|Any CPU
		{1914C725-DDF9-4655-8D8B-CBE2E9DBF255}.TraceLeak|x64.Build.0 = Debug|Any CPU
		{530497A0-1645-47FA-8A16-4FE12D9ADF52}.Debug|Any CPU.ActiveCfg = Debug|Any CPU
		{530497A0-1645-47FA-8A16-4FE12D9ADF52}.Debug|Any CPU.Build.0 = Debug|Any CPU
		{530497A0-1645-47FA-8A16-4FE12D9ADF52}.Debug|x64.ActiveCfg = Debug|Any CPU
		{530497A0-1645-47FA-8A16-4FE12D9ADF52}.Debug|x64.Build.0 = Debug|Any CPU
		{530497A0-1645-47FA-8A16-4FE12D9ADF52}.MinSizeRel|Any CPU.ActiveCfg = Debug|Any CPU
		{530497A0-1645-47FA-8A16-4FE12D9ADF52}.MinSizeRel|Any CPU.Build.0 = Debug|Any CPU
		{530497A0-1645-47FA-8A16-4FE12D9ADF52}.MinSizeRel|x64.ActiveCfg = Debug|Any CPU
		{530497A0-1645-47FA-8A16-4FE12D9ADF52}.MinSizeRel|x64.Build.0 = Debug|Any CPU
		{530497A0-1645-47FA-8A16-4FE12D9ADF52}.Release|Any CPU.ActiveCfg = Release|Any CPU
		{530497A0-1645-47FA-8A16-4FE12D9ADF52}.Release|Any CPU.Build.0 = Release|Any CPU
		{530497A0-1645-47FA-8A16-4FE12D9ADF52}.Release|x64.ActiveCfg = Release|Any CPU
		{530497A0-1645-47FA-8A16-4FE12D9ADF52}.Release|x64.Build.0 = Release|Any CPU
		{530497A0-1645-47FA-8A16-4FE12D9ADF52}.RelWithDebInfo|Any CPU.ActiveCfg = Release|Any CPU
		{530497A0-1645-47FA-8A16-4FE12D9ADF52}.RelWithDebInfo|Any CPU.Build.0 = Release|Any CPU
		{530497A0-1645-47FA-8A16-4FE12D9ADF52}.RelWithDebInfo|x64.ActiveCfg = Release|Any CPU
		{530497A0-1645-47FA-8A16-4FE12D9ADF52}.RelWithDebInfo|x64.Build.0 = Release|Any CPU
		{530497A0-1645-47FA-8A16-4FE12D9ADF52}.TraceLeak|Any CPU.ActiveCfg = Debug|Any CPU
		{530497A0-1645-47FA-8A16-4FE12D9ADF52}.TraceLeak|Any CPU.Build.0 = Debug|Any CPU
		{530497A0-1645-47FA-8A16-4FE12D9ADF52}.TraceLeak|x64.ActiveCfg = Debug|Any CPU
		{530497A0-1645-47FA-8A16-4FE12D9ADF52}.TraceLeak|x64.Build.0 = Debug|Any CPU
		{1727FBD9-CA38-4ECB-99AD-333F361A1AE5}.Debug|Any CPU.ActiveCfg = Debug|Any CPU
		{1727FBD9-CA38-4ECB-99AD-333F361A1AE5}.Debug|Any CPU.Build.0 = Debug|Any CPU
		{1727FBD9-CA38-4ECB-99AD-333F361A1AE5}.Debug|x64.ActiveCfg = Debug|Any CPU
		{1727FBD9-CA38-4ECB-99AD-333F361A1AE5}.Debug|x64.Build.0 = Debug|Any CPU
		{1727FBD9-CA38-4ECB-99AD-333F361A1AE5}.MinSizeRel|Any CPU.ActiveCfg = Debug|Any CPU
		{1727FBD9-CA38-4ECB-99AD-333F361A1AE5}.MinSizeRel|Any CPU.Build.0 = Debug|Any CPU
		{1727FBD9-CA38-4ECB-99AD-333F361A1AE5}.MinSizeRel|x64.ActiveCfg = Debug|Any CPU
		{1727FBD9-CA38-4ECB-99AD-333F361A1AE5}.MinSizeRel|x64.Build.0 = Debug|Any CPU
		{1727FBD9-CA38-4ECB-99AD-333F361A1AE5}.Release|Any CPU.ActiveCfg = Release|Any CPU
		{1727FBD9-CA38-4ECB-99AD-333F361A1AE5}.Release|Any CPU.Build.0 = Release|Any CPU
		{1727FBD9-CA38-4ECB-99AD-333F361A1AE5}.Release|x64.ActiveCfg = Release|Any CPU
		{1727FBD9-CA38-4ECB-99AD-333F361A1AE5}.Release|x64.Build.0 = Release|Any CPU
		{1727FBD9-CA38-4ECB-99AD-333F361A1AE5}.RelWithDebInfo|Any CPU.ActiveCfg = Release|Any CPU
		{1727FBD9-CA38-4ECB-99AD-333F361A1AE5}.RelWithDebInfo|Any CPU.Build.0 = Release|Any CPU
		{1727FBD9-CA38-4ECB-99AD-333F361A1AE5}.RelWithDebInfo|x64.ActiveCfg = Release|Any CPU
		{1727FBD9-CA38-4ECB-99AD-333F361A1AE5}.RelWithDebInfo|x64.Build.0 = Release|Any CPU
		{1727FBD9-CA38-4ECB-99AD-333F361A1AE5}.TraceLeak|Any CPU.ActiveCfg = Debug|Any CPU
		{1727FBD9-CA38-4ECB-99AD-333F361A1AE5}.TraceLeak|Any CPU.Build.0 = Debug|Any CPU
		{1727FBD9-CA38-4ECB-99AD-333F361A1AE5}.TraceLeak|x64.ActiveCfg = Debug|Any CPU
		{1727FBD9-CA38-4ECB-99AD-333F361A1AE5}.TraceLeak|x64.Build.0 = Debug|Any CPU
		{DE51725E-0AB8-4EC6-83F3-57E27E817DD0}.Debug|Any CPU.ActiveCfg = Debug|Any CPU
		{DE51725E-0AB8-4EC6-83F3-57E27E817DD0}.Debug|Any CPU.Build.0 = Debug|Any CPU
		{DE51725E-0AB8-4EC6-83F3-57E27E817DD0}.Debug|x64.ActiveCfg = Debug|Any CPU
		{DE51725E-0AB8-4EC6-83F3-57E27E817DD0}.Debug|x64.Build.0 = Debug|Any CPU
		{DE51725E-0AB8-4EC6-83F3-57E27E817DD0}.MinSizeRel|Any CPU.ActiveCfg = Debug|Any CPU
		{DE51725E-0AB8-4EC6-83F3-57E27E817DD0}.MinSizeRel|Any CPU.Build.0 = Debug|Any CPU
		{DE51725E-0AB8-4EC6-83F3-57E27E817DD0}.MinSizeRel|x64.ActiveCfg = Debug|Any CPU
		{DE51725E-0AB8-4EC6-83F3-57E27E817DD0}.MinSizeRel|x64.Build.0 = Debug|Any CPU
		{DE51725E-0AB8-4EC6-83F3-57E27E817DD0}.Release|Any CPU.ActiveCfg = Release|Any CPU
		{DE51725E-0AB8-4EC6-83F3-57E27E817DD0}.Release|Any CPU.Build.0 = Release|Any CPU
		{DE51725E-0AB8-4EC6-83F3-57E27E817DD0}.Release|x64.ActiveCfg = Release|Any CPU
		{DE51725E-0AB8-4EC6-83F3-57E27E817DD0}.Release|x64.Build.0 = Release|Any CPU
		{DE51725E-0AB8-4EC6-83F3-57E27E817DD0}.RelWithDebInfo|Any CPU.ActiveCfg = Release|Any CPU
		{DE51725E-0AB8-4EC6-83F3-57E27E817DD0}.RelWithDebInfo|Any CPU.Build.0 = Release|Any CPU
		{DE51725E-0AB8-4EC6-83F3-57E27E817DD0}.RelWithDebInfo|x64.ActiveCfg = Release|Any CPU
		{DE51725E-0AB8-4EC6-83F3-57E27E817DD0}.RelWithDebInfo|x64.Build.0 = Release|Any CPU
		{DE51725E-0AB8-4EC6-83F3-57E27E817DD0}.TraceLeak|Any CPU.ActiveCfg = Debug|Any CPU
		{DE51725E-0AB8-4EC6-83F3-57E27E817DD0}.TraceLeak|Any CPU.Build.0 = Debug|Any CPU
		{DE51725E-0AB8-4EC6-83F3-57E27E817DD0}.TraceLeak|x64.ActiveCfg = Debug|Any CPU
		{DE51725E-0AB8-4EC6-83F3-57E27E817DD0}.TraceLeak|x64.Build.0 = Debug|Any CPU
		{A5B358A7-D9DF-47F6-89A1-03810B7C893D}.Debug|Any CPU.ActiveCfg = Debug|Any CPU
		{A5B358A7-D9DF-47F6-89A1-03810B7C893D}.Debug|Any CPU.Build.0 = Debug|Any CPU
		{A5B358A7-D9DF-47F6-89A1-03810B7C893D}.Debug|x64.ActiveCfg = Debug|Any CPU
		{A5B358A7-D9DF-47F6-89A1-03810B7C893D}.Debug|x64.Build.0 = Debug|Any CPU
		{A5B358A7-D9DF-47F6-89A1-03810B7C893D}.MinSizeRel|Any CPU.ActiveCfg = Debug|Any CPU
		{A5B358A7-D9DF-47F6-89A1-03810B7C893D}.MinSizeRel|Any CPU.Build.0 = Debug|Any CPU
		{A5B358A7-D9DF-47F6-89A1-03810B7C893D}.MinSizeRel|x64.ActiveCfg = Debug|Any CPU
		{A5B358A7-D9DF-47F6-89A1-03810B7C893D}.MinSizeRel|x64.Build.0 = Debug|Any CPU
		{A5B358A7-D9DF-47F6-89A1-03810B7C893D}.Release|Any CPU.ActiveCfg = Release|Any CPU
		{A5B358A7-D9DF-47F6-89A1-03810B7C893D}.Release|Any CPU.Build.0 = Release|Any CPU
		{A5B358A7-D9DF-47F6-89A1-03810B7C893D}.Release|x64.ActiveCfg = Release|Any CPU
		{A5B358A7-D9DF-47F6-89A1-03810B7C893D}.Release|x64.Build.0 = Release|Any CPU
		{A5B358A7-D9DF-47F6-89A1-03810B7C893D}.RelWithDebInfo|Any CPU.ActiveCfg = Release|Any CPU
		{A5B358A7-D9DF-47F6-89A1-03810B7C893D}.RelWithDebInfo|Any CPU.Build.0 = Release|Any CPU
		{A5B358A7-D9DF-47F6-89A1-03810B7C893D}.RelWithDebInfo|x64.ActiveCfg = Release|Any CPU
		{A5B358A7-D9DF-47F6-89A1-03810B7C893D}.RelWithDebInfo|x64.Build.0 = Release|Any CPU
		{A5B358A7-D9DF-47F6-89A1-03810B7C893D}.TraceLeak|Any CPU.ActiveCfg = TraceLeak|Any CPU
		{A5B358A7-D9DF-47F6-89A1-03810B7C893D}.TraceLeak|Any CPU.Build.0 = TraceLeak|Any CPU
		{A5B358A7-D9DF-47F6-89A1-03810B7C893D}.TraceLeak|x64.ActiveCfg = TraceLeak|Any CPU
		{A5B358A7-D9DF-47F6-89A1-03810B7C893D}.TraceLeak|x64.Build.0 = TraceLeak|Any CPU
		{A4A67A2A-21E6-4398-B7DB-6C4727E92FD6}.Debug|Any CPU.ActiveCfg = Debug|Any CPU
		{A4A67A2A-21E6-4398-B7DB-6C4727E92FD6}.Debug|Any CPU.Build.0 = Debug|Any CPU
		{A4A67A2A-21E6-4398-B7DB-6C4727E92FD6}.Debug|x64.ActiveCfg = Debug|Any CPU
		{A4A67A2A-21E6-4398-B7DB-6C4727E92FD6}.Debug|x64.Build.0 = Debug|Any CPU
		{A4A67A2A-21E6-4398-B7DB-6C4727E92FD6}.MinSizeRel|Any CPU.ActiveCfg = Debug|Any CPU
		{A4A67A2A-21E6-4398-B7DB-6C4727E92FD6}.MinSizeRel|Any CPU.Build.0 = Debug|Any CPU
		{A4A67A2A-21E6-4398-B7DB-6C4727E92FD6}.MinSizeRel|x64.ActiveCfg = Debug|Any CPU
		{A4A67A2A-21E6-4398-B7DB-6C4727E92FD6}.MinSizeRel|x64.Build.0 = Debug|Any CPU
		{A4A67A2A-21E6-4398-B7DB-6C4727E92FD6}.Release|Any CPU.ActiveCfg = Release|Any CPU
		{A4A67A2A-21E6-4398-B7DB-6C4727E92FD6}.Release|Any CPU.Build.0 = Release|Any CPU
		{A4A67A2A-21E6-4398-B7DB-6C4727E92FD6}.Release|x64.ActiveCfg = Release|Any CPU
		{A4A67A2A-21E6-4398-B7DB-6C4727E92FD6}.Release|x64.Build.0 = Release|Any CPU
		{A4A67A2A-21E6-4398-B7DB-6C4727E92FD6}.RelWithDebInfo|Any CPU.ActiveCfg = Release|Any CPU
		{A4A67A2A-21E6-4398-B7DB-6C4727E92FD6}.RelWithDebInfo|Any CPU.Build.0 = Release|Any CPU
		{A4A67A2A-21E6-4398-B7DB-6C4727E92FD6}.RelWithDebInfo|x64.ActiveCfg = Release|Any CPU
		{A4A67A2A-21E6-4398-B7DB-6C4727E92FD6}.RelWithDebInfo|x64.Build.0 = Release|Any CPU
		{A4A67A2A-21E6-4398-B7DB-6C4727E92FD6}.TraceLeak|Any CPU.ActiveCfg = Debug|Any CPU
		{A4A67A2A-21E6-4398-B7DB-6C4727E92FD6}.TraceLeak|Any CPU.Build.0 = Debug|Any CPU
		{A4A67A2A-21E6-4398-B7DB-6C4727E92FD6}.TraceLeak|x64.ActiveCfg = Debug|Any CPU
		{A4A67A2A-21E6-4398-B7DB-6C4727E92FD6}.TraceLeak|x64.Build.0 = Debug|Any CPU
	EndGlobalSection
	GlobalSection(SolutionProperties) = preSolution
		HideSolutionNode = FALSE
	EndGlobalSection
	GlobalSection(NestedProjects) = preSolution
		{09AB3C44-6D51-4451-BB89-B1F5460AD135} = {E0AE2973-0476-4FFF-AE86-026CA73518A7}
		{75213802-A4AA-3697-AA01-619ECFED0DE3} = {08A1A23E-40FE-43D9-AFB7-D87FCDCB24F6}
		{41AFDB71-6C69-38D7-970B-C944E1C36C6D} = {08A1A23E-40FE-43D9-AFB7-D87FCDCB24F6}
		{7E9B1896-D6F2-3FEF-908C-4F742F232131} = {08A1A23E-40FE-43D9-AFB7-D87FCDCB24F6}
		{326BB7DA-733B-373F-B088-13149FDD472A} = {08A1A23E-40FE-43D9-AFB7-D87FCDCB24F6}
		{09A80D63-B369-3E7C-9266-E1BAF157394A} = {08A1A23E-40FE-43D9-AFB7-D87FCDCB24F6}
		{FB84C6E8-C02F-4E67-9883-7CEF88BAC27D} = {5BA5B325-A485-438C-B246-E559017C98A5}
		{0159E848-49CA-4E16-BB10-ACB5C53DCF7F} = {F3C37CF2-3640-48BF-8555-47D7A12F1C00}
		{24A346D9-F81D-44CA-9CA1-2C1A9DBA9F69} = {F3C37CF2-3640-48BF-8555-47D7A12F1C00}
		{D91D3729-7107-444F-BBF1-1D7C8B7F5093} = {08A1A23E-40FE-43D9-AFB7-D87FCDCB24F6}
		{AB1E8519-4F79-4F34-9C53-DDB622012939} = {8D5E7E2F-B121-4D7D-BA03-B8AFEED87D50}
		{5CEF1CD0-067B-44BE-A1AB-3F8DD388CA18} = {F3C37CF2-3640-48BF-8555-47D7A12F1C00}
		{AC75513F-7D59-428F-A67F-264979015078} = {F3C37CF2-3640-48BF-8555-47D7A12F1C00}
		{F67FF181-0772-4676-9C9A-219C3A1E69A5} = {F3C37CF2-3640-48BF-8555-47D7A12F1C00}
		{994E9535-91DA-4C04-9316-3398AFEE06F4} = {08A1A23E-40FE-43D9-AFB7-D87FCDCB24F6}
		{AA5A9148-8F0B-4DCC-A9B6-8A86C6EFFC56} = {F3C37CF2-3640-48BF-8555-47D7A12F1C00}
		{531E1E81-F5CB-41F3-B808-60F0EE450D92} = {F3C37CF2-3640-48BF-8555-47D7A12F1C00}
		{1914C725-DDF9-4655-8D8B-CBE2E9DBF255} = {08A1A23E-40FE-43D9-AFB7-D87FCDCB24F6}
		{530497A0-1645-47FA-8A16-4FE12D9ADF52} = {08A1A23E-40FE-43D9-AFB7-D87FCDCB24F6}
		{1727FBD9-CA38-4ECB-99AD-333F361A1AE5} = {08A1A23E-40FE-43D9-AFB7-D87FCDCB24F6}
		{DE51725E-0AB8-4EC6-83F3-57E27E817DD0} = {08A1A23E-40FE-43D9-AFB7-D87FCDCB24F6}
		{A4A67A2A-21E6-4398-B7DB-6C4727E92FD6} = {08A1A23E-40FE-43D9-AFB7-D87FCDCB24F6}
	EndGlobalSection
	GlobalSection(ExtensibilityGlobals) = postSolution
		SolutionGuid = {DE579BB7-A3D5-4446-8CD5-DD489DB869AC}
	EndGlobalSection
EndGlobal
