
Microsoft Visual Studio Solution File, Format Version 12.00
# Visual Studio Version 17
VisualStudioVersion = 17.0.32014.148
MinimumVisualStudioVersion = 10.0.40219.1
Project("{9A19103F-16F7-4668-BE54-9A1E7A4F7556}") = "HexaEngine", "HexaEngine\HexaEngine.csproj", "{920655DD-57E8-44F1-BA7D-95116258773E}"
EndProject
Project("{2150E333-8FDC-42A3-9474-1A3956D46DE8}") = "Libs", "Libs", "{DE433836-F1E0-46C2-B0AD-9F124F616C78}"
EndProject
Project("{2150E333-8FDC-42A3-9474-1A3956D46DE8}") = "Tools", "Tools", "{A942B165-F8B1-4E21-8F72-B62BEC719E73}"
EndProject
Project("{9A19103F-16F7-4668-BE54-9A1E7A4F7556}") = "AssetsBundler", "AssetsBundler\AssetsBundler.csproj", "{5B63D269-C89C-492E-A864-9540AD6EE223}"
EndProject
Project("{9A19103F-16F7-4668-BE54-9A1E7A4F7556}") = "HexaEngine.Core", "HexaEngine.Core\HexaEngine.Core.csproj", "{E741F0C4-62D1-4654-AF81-9E40B0B98F82}"
EndProject
Project("{2150E333-8FDC-42A3-9474-1A3956D46DE8}") = "Backends", "Backends", "{61BAB061-566C-4436-990A-DADBB9C92F4C}"
EndProject
Project("{2150E333-8FDC-42A3-9474-1A3956D46DE8}") = "Solution Items", "Solution Items", "{92E56D4B-67AB-4CB6-8A61-156C6BD0244A}"
	ProjectSection(SolutionItems) = preProject
		.editorconfig = .editorconfig
	EndProjectSection
EndProject
Project("{9A19103F-16F7-4668-BE54-9A1E7A4F7556}") = "HexaEngine.Mathematics", "HexaEngine.Mathematics\HexaEngine.Mathematics.csproj", "{FB858230-5E8B-48EE-9A8F-ACA5A03DF308}"
EndProject
Project("{9A19103F-16F7-4668-BE54-9A1E7A4F7556}") = "HexaEngine.D3D11", "HexaEngine.D3D11\HexaEngine.D3D11.csproj", "{485B8722-C853-4012-AD17-45EEA843392C}"
EndProject
Project("{9A19103F-16F7-4668-BE54-9A1E7A4F7556}") = "HexaEngine.SPIRVCross", "HexaEngine.SPIRVCross\HexaEngine.SPIRVCross.csproj", "{4FE4150F-9AF9-4601-88A5-D84B6934A9D9}"
EndProject
Project("{9A19103F-16F7-4668-BE54-9A1E7A4F7556}") = "HexaEngine.XAudio", "HexaEngine.XAudio\HexaEngine.XAudio.csproj", "{AB16C108-B0C8-4FF5-BC79-D64662459AAE}"
EndProject
Project("{9A19103F-16F7-4668-BE54-9A1E7A4F7556}") = "HexaEngine.OpenAL", "HexaEngine.OpenAL\HexaEngine.OpenAL.csproj", "{D5A642EA-B317-4439-AB44-C392325B2A82}"
EndProject
Project("{9A19103F-16F7-4668-BE54-9A1E7A4F7556}") = "HexaEngine.Vulkan", "HexaEngine.Vulkan\HexaEngine.Vulkan.csproj", "{5F835C95-9C8E-40F4-8F49-4169A33C5634}"
EndProject
Project("{9A19103F-16F7-4668-BE54-9A1E7A4F7556}") = "HexaEngine.Tests", "HexaEngine.Tests\HexaEngine.Tests.csproj", "{366B7B13-01BD-423F-BCB7-C521FBE7ED2B}"
EndProject
Project("{9A19103F-16F7-4668-BE54-9A1E7A4F7556}") = "Editor", "Editor\Editor.csproj", "{8713DCB2-C42F-430D-9C25-C7F0AF3CFB8F}"
EndProject
Project("{9A19103F-16F7-4668-BE54-9A1E7A4F7556}") = "ImGui.NET", "ImGui.NET\ImGui.NET.csproj", "{8167D1AD-3A8E-406E-9DDD-26BC69511FDC}"
	ProjectSection(ProjectDependencies) = postProject
		{75213802-A4AA-3697-AA01-619ECFED0DE3} = {75213802-A4AA-3697-AA01-619ECFED0DE3}
	EndProjectSection
EndProject
Project("{9A19103F-16F7-4668-BE54-9A1E7A4F7556}") = "ImGuizmo.NET", "ImGuizmo.NET\ImGuizmo.NET.csproj", "{9AE26C9F-466C-4A82-A170-92620BEE4735}"
	ProjectSection(ProjectDependencies) = postProject
		{41AFDB71-6C69-38D7-970B-C944E1C36C6D} = {41AFDB71-6C69-38D7-970B-C944E1C36C6D}
	EndProjectSection
EndProject
Project("{9A19103F-16F7-4668-BE54-9A1E7A4F7556}") = "ImNodes.NET", "ImNodes.NET\ImNodes.NET.csproj", "{BD1B011F-356F-4FBF-B2D5-A77FBD8369A3}"
	ProjectSection(ProjectDependencies) = postProject
		{7E9B1896-D6F2-3FEF-908C-4F742F232131} = {7E9B1896-D6F2-3FEF-908C-4F742F232131}
	EndProjectSection
EndProject
Project("{9A19103F-16F7-4668-BE54-9A1E7A4F7556}") = "ImPlot.NET", "ImPlot.NET\ImPlot.NET.csproj", "{0EA0054A-FA32-4626-A5C9-D2F19601F143}"
	ProjectSection(ProjectDependencies) = postProject
		{326BB7DA-733B-373F-B088-13149FDD472A} = {326BB7DA-733B-373F-B088-13149FDD472A}
	EndProjectSection
EndProject
Project("{9A19103F-16F7-4668-BE54-9A1E7A4F7556}") = "TestApp", "TestApp\TestApp.csproj", "{98D7C019-9EF0-41E3-8B8B-79523F4A98F2}"
EndProject
Project("{9A19103F-16F7-4668-BE54-9A1E7A4F7556}") = "HexaEngine.DirectXTex.Tests", "HexaEngine.DirectXTex.Tests\HexaEngine.DirectXTex.Tests.csproj", "{10D5A612-0FEB-49EF-9DD9-18B1D1F1E44F}"
EndProject
Project("{2150E333-8FDC-42A3-9474-1A3956D46DE8}") = "Tests", "Tests", "{29A6A041-9B29-4524-9EF3-9DE48AA17053}"
EndProject
Project("{9A19103F-16F7-4668-BE54-9A1E7A4F7556}") = "App", "App\App.csproj", "{6AB3AC1E-5331-4EF6-9364-ACB4CD050D54}"
EndProject
Project("{9A19103F-16F7-4668-BE54-9A1E7A4F7556}") = "HexaEngine.IO.Tests", "HexaEngine.IO.Tests\HexaEngine.IO.Tests.csproj", "{C0584885-F6E2-4BBC-8AC6-86EE1CCFF669}"
EndProject
Project("{2150E333-8FDC-42A3-9474-1A3956D46DE8}") = "Plugins", "Plugins", "{645DEC86-313B-4020-BED4-B5C470F8B678}"
EndProject
Project("{9A19103F-16F7-4668-BE54-9A1E7A4F7556}") = "IBLBaker", "IBLBaker\IBLBaker.csproj", "{4D6ED136-26FC-4176-974A-8F39BA6BC603}"
EndProject
Project("{9A19103F-16F7-4668-BE54-9A1E7A4F7556}") = "HexaEngine.DirectXTex", "HexaEngine.DirectXTex\HexaEngine.DirectXTex.csproj", "{8BA2B69C-2A29-4584-B743-FFFB8DC8B217}"
	ProjectSection(ProjectDependencies) = postProject
		{BE8E6B23-A780-385D-91ED-BE9EBF77C7A6} = {BE8E6B23-A780-385D-91ED-BE9EBF77C7A6}
	EndProjectSection
EndProject
Project("{8BC9CEB8-8B4A-11D0-8D11-00A0C91BC942}") = "DirectXTex", "HexaEngine.DirectXTex.Native\build\DirectXTex.vcxproj", "{BE8E6B23-A780-385D-91ED-BE9EBF77C7A6}"
EndProject
Project("{9A19103F-16F7-4668-BE54-9A1E7A4F7556}") = "HexaEngine.Dotnet", "HexaEngine.Dotnet\HexaEngine.Dotnet.csproj", "{701E6C28-C1AB-4633-A219-24C87DF4B2DA}"
EndProject
Project("{9A19103F-16F7-4668-BE54-9A1E7A4F7556}") = "HexaEngine.Editor", "HexaEngine.Editor\HexaEngine.Editor.csproj", "{C4859BCF-7F8E-46AB-9FB9-BEBCC54F8084}"
EndProject
Project("{9A19103F-16F7-4668-BE54-9A1E7A4F7556}") = "HexaEngine.Editor.Core", "HexaEngine.Editor.Core\HexaEngine.Editor.Core.csproj", "{F92BCA10-73D2-4BEA-B6BF-E4324746CE83}"
EndProject
Project("{9A19103F-16F7-4668-BE54-9A1E7A4F7556}") = "DiscordRPC", "DiscordRPC\DiscordRPC.csproj", "{618A723D-1DEA-4A55-AB41-328F9021CD55}"
EndProject
Project("{8BC9CEB8-8B4A-11D0-8D11-00A0C91BC942}") = "cimgui", "cimgui\build\cimgui.vcxproj", "{75213802-A4AA-3697-AA01-619ECFED0DE3}"
EndProject
Project("{8BC9CEB8-8B4A-11D0-8D11-00A0C91BC942}") = "cimguizmo", "cimguizmo\build\cimguizmo.vcxproj", "{41AFDB71-6C69-38D7-970B-C944E1C36C6D}"
EndProject
Project("{8BC9CEB8-8B4A-11D0-8D11-00A0C91BC942}") = "cimnodes", "cimnodes\build\cimnodes.vcxproj", "{7E9B1896-D6F2-3FEF-908C-4F742F232131}"
EndProject
Project("{8BC9CEB8-8B4A-11D0-8D11-00A0C91BC942}") = "cimplot", "cimplot\build\cimplot.vcxproj", "{326BB7DA-733B-373F-B088-13149FDD472A}"
EndProject
Project("{8BC9CEB8-8B4A-11D0-8D11-00A0C91BC942}") = "HexaEngine.PhysX", "HexaEngine.PhysX\PhysX.Net.vcxproj", "{FB145A7D-CDF2-417D-A006-F7591481D609}"
EndProject
Global
	GlobalSection(SolutionConfigurationPlatforms) = preSolution
		Debug|Any CPU = Debug|Any CPU
		Debug|x64 = Debug|x64
		Debug|x86 = Debug|x86
		MinSizeRel|Any CPU = MinSizeRel|Any CPU
		MinSizeRel|x64 = MinSizeRel|x64
		MinSizeRel|x86 = MinSizeRel|x86
		Release|Any CPU = Release|Any CPU
		Release|x64 = Release|x64
		Release|x86 = Release|x86
		RelWithDebInfo|Any CPU = RelWithDebInfo|Any CPU
		RelWithDebInfo|x64 = RelWithDebInfo|x64
		RelWithDebInfo|x86 = RelWithDebInfo|x86
		TraceLeak|Any CPU = TraceLeak|Any CPU
		TraceLeak|x64 = TraceLeak|x64
		TraceLeak|x86 = TraceLeak|x86
	EndGlobalSection
	GlobalSection(ProjectConfigurationPlatforms) = postSolution
		{920655DD-57E8-44F1-BA7D-95116258773E}.Debug|Any CPU.ActiveCfg = Debug|Any CPU
		{920655DD-57E8-44F1-BA7D-95116258773E}.Debug|Any CPU.Build.0 = Debug|Any CPU
		{920655DD-57E8-44F1-BA7D-95116258773E}.Debug|x64.ActiveCfg = Debug|x64
		{920655DD-57E8-44F1-BA7D-95116258773E}.Debug|x64.Build.0 = Debug|x64
		{920655DD-57E8-44F1-BA7D-95116258773E}.Debug|x86.ActiveCfg = Debug|Any CPU
		{920655DD-57E8-44F1-BA7D-95116258773E}.Debug|x86.Build.0 = Debug|Any CPU
		{920655DD-57E8-44F1-BA7D-95116258773E}.MinSizeRel|Any CPU.ActiveCfg = Release|Any CPU
		{920655DD-57E8-44F1-BA7D-95116258773E}.MinSizeRel|Any CPU.Build.0 = Release|Any CPU
		{920655DD-57E8-44F1-BA7D-95116258773E}.MinSizeRel|x64.ActiveCfg = Release|Any CPU
		{920655DD-57E8-44F1-BA7D-95116258773E}.MinSizeRel|x64.Build.0 = Release|Any CPU
		{920655DD-57E8-44F1-BA7D-95116258773E}.MinSizeRel|x86.ActiveCfg = Release|Any CPU
		{920655DD-57E8-44F1-BA7D-95116258773E}.MinSizeRel|x86.Build.0 = Release|Any CPU
		{920655DD-57E8-44F1-BA7D-95116258773E}.Release|Any CPU.ActiveCfg = Release|Any CPU
		{920655DD-57E8-44F1-BA7D-95116258773E}.Release|Any CPU.Build.0 = Release|Any CPU
		{920655DD-57E8-44F1-BA7D-95116258773E}.Release|x64.ActiveCfg = Release|Any CPU
		{920655DD-57E8-44F1-BA7D-95116258773E}.Release|x64.Build.0 = Release|Any CPU
		{920655DD-57E8-44F1-BA7D-95116258773E}.Release|x86.ActiveCfg = Release|Any CPU
		{920655DD-57E8-44F1-BA7D-95116258773E}.Release|x86.Build.0 = Release|Any CPU
		{920655DD-57E8-44F1-BA7D-95116258773E}.RelWithDebInfo|Any CPU.ActiveCfg = Release|Any CPU
		{920655DD-57E8-44F1-BA7D-95116258773E}.RelWithDebInfo|Any CPU.Build.0 = Release|Any CPU
		{920655DD-57E8-44F1-BA7D-95116258773E}.RelWithDebInfo|x64.ActiveCfg = Release|Any CPU
		{920655DD-57E8-44F1-BA7D-95116258773E}.RelWithDebInfo|x64.Build.0 = Release|Any CPU
		{920655DD-57E8-44F1-BA7D-95116258773E}.RelWithDebInfo|x86.ActiveCfg = Release|Any CPU
		{920655DD-57E8-44F1-BA7D-95116258773E}.RelWithDebInfo|x86.Build.0 = Release|Any CPU
		{920655DD-57E8-44F1-BA7D-95116258773E}.TraceLeak|Any CPU.ActiveCfg = TraceLeak|Any CPU
		{920655DD-57E8-44F1-BA7D-95116258773E}.TraceLeak|Any CPU.Build.0 = TraceLeak|Any CPU
		{920655DD-57E8-44F1-BA7D-95116258773E}.TraceLeak|x64.ActiveCfg = TraceLeak|x64
		{920655DD-57E8-44F1-BA7D-95116258773E}.TraceLeak|x64.Build.0 = TraceLeak|x64
		{920655DD-57E8-44F1-BA7D-95116258773E}.TraceLeak|x86.ActiveCfg = TraceLeak|Any CPU
		{920655DD-57E8-44F1-BA7D-95116258773E}.TraceLeak|x86.Build.0 = TraceLeak|Any CPU
		{5B63D269-C89C-492E-A864-9540AD6EE223}.Debug|Any CPU.ActiveCfg = Debug|Any CPU
		{5B63D269-C89C-492E-A864-9540AD6EE223}.Debug|Any CPU.Build.0 = Debug|Any CPU
		{5B63D269-C89C-492E-A864-9540AD6EE223}.Debug|x64.ActiveCfg = Debug|x64
		{5B63D269-C89C-492E-A864-9540AD6EE223}.Debug|x64.Build.0 = Debug|x64
		{5B63D269-C89C-492E-A864-9540AD6EE223}.Debug|x86.ActiveCfg = Debug|Any CPU
		{5B63D269-C89C-492E-A864-9540AD6EE223}.Debug|x86.Build.0 = Debug|Any CPU
		{5B63D269-C89C-492E-A864-9540AD6EE223}.MinSizeRel|Any CPU.ActiveCfg = Release|Any CPU
		{5B63D269-C89C-492E-A864-9540AD6EE223}.MinSizeRel|Any CPU.Build.0 = Release|Any CPU
		{5B63D269-C89C-492E-A864-9540AD6EE223}.MinSizeRel|x64.ActiveCfg = Release|Any CPU
		{5B63D269-C89C-492E-A864-9540AD6EE223}.MinSizeRel|x64.Build.0 = Release|Any CPU
		{5B63D269-C89C-492E-A864-9540AD6EE223}.MinSizeRel|x86.ActiveCfg = Release|Any CPU
		{5B63D269-C89C-492E-A864-9540AD6EE223}.MinSizeRel|x86.Build.0 = Release|Any CPU
		{5B63D269-C89C-492E-A864-9540AD6EE223}.Release|Any CPU.ActiveCfg = Release|Any CPU
		{5B63D269-C89C-492E-A864-9540AD6EE223}.Release|Any CPU.Build.0 = Release|Any CPU
		{5B63D269-C89C-492E-A864-9540AD6EE223}.Release|x64.ActiveCfg = Release|Any CPU
		{5B63D269-C89C-492E-A864-9540AD6EE223}.Release|x64.Build.0 = Release|Any CPU
		{5B63D269-C89C-492E-A864-9540AD6EE223}.Release|x86.ActiveCfg = Release|Any CPU
		{5B63D269-C89C-492E-A864-9540AD6EE223}.Release|x86.Build.0 = Release|Any CPU
		{5B63D269-C89C-492E-A864-9540AD6EE223}.RelWithDebInfo|Any CPU.ActiveCfg = Release|Any CPU
		{5B63D269-C89C-492E-A864-9540AD6EE223}.RelWithDebInfo|Any CPU.Build.0 = Release|Any CPU
		{5B63D269-C89C-492E-A864-9540AD6EE223}.RelWithDebInfo|x64.ActiveCfg = Release|Any CPU
		{5B63D269-C89C-492E-A864-9540AD6EE223}.RelWithDebInfo|x64.Build.0 = Release|Any CPU
		{5B63D269-C89C-492E-A864-9540AD6EE223}.RelWithDebInfo|x86.ActiveCfg = Release|Any CPU
		{5B63D269-C89C-492E-A864-9540AD6EE223}.RelWithDebInfo|x86.Build.0 = Release|Any CPU
		{5B63D269-C89C-492E-A864-9540AD6EE223}.TraceLeak|Any CPU.ActiveCfg = TraceLeak|Any CPU
		{5B63D269-C89C-492E-A864-9540AD6EE223}.TraceLeak|Any CPU.Build.0 = TraceLeak|Any CPU
		{5B63D269-C89C-492E-A864-9540AD6EE223}.TraceLeak|x64.ActiveCfg = TraceLeak|x64
		{5B63D269-C89C-492E-A864-9540AD6EE223}.TraceLeak|x64.Build.0 = TraceLeak|x64
		{5B63D269-C89C-492E-A864-9540AD6EE223}.TraceLeak|x86.ActiveCfg = TraceLeak|Any CPU
		{5B63D269-C89C-492E-A864-9540AD6EE223}.TraceLeak|x86.Build.0 = TraceLeak|Any CPU
		{E741F0C4-62D1-4654-AF81-9E40B0B98F82}.Debug|Any CPU.ActiveCfg = Debug|Any CPU
		{E741F0C4-62D1-4654-AF81-9E40B0B98F82}.Debug|Any CPU.Build.0 = Debug|Any CPU
		{E741F0C4-62D1-4654-AF81-9E40B0B98F82}.Debug|x64.ActiveCfg = Debug|x64
		{E741F0C4-62D1-4654-AF81-9E40B0B98F82}.Debug|x64.Build.0 = Debug|x64
		{E741F0C4-62D1-4654-AF81-9E40B0B98F82}.Debug|x86.ActiveCfg = Debug|Any CPU
		{E741F0C4-62D1-4654-AF81-9E40B0B98F82}.Debug|x86.Build.0 = Debug|Any CPU
		{E741F0C4-62D1-4654-AF81-9E40B0B98F82}.MinSizeRel|Any CPU.ActiveCfg = Release|Any CPU
		{E741F0C4-62D1-4654-AF81-9E40B0B98F82}.MinSizeRel|Any CPU.Build.0 = Release|Any CPU
		{E741F0C4-62D1-4654-AF81-9E40B0B98F82}.MinSizeRel|x64.ActiveCfg = Release|Any CPU
		{E741F0C4-62D1-4654-AF81-9E40B0B98F82}.MinSizeRel|x64.Build.0 = Release|Any CPU
		{E741F0C4-62D1-4654-AF81-9E40B0B98F82}.MinSizeRel|x86.ActiveCfg = Release|Any CPU
		{E741F0C4-62D1-4654-AF81-9E40B0B98F82}.MinSizeRel|x86.Build.0 = Release|Any CPU
		{E741F0C4-62D1-4654-AF81-9E40B0B98F82}.Release|Any CPU.ActiveCfg = Release|Any CPU
		{E741F0C4-62D1-4654-AF81-9E40B0B98F82}.Release|Any CPU.Build.0 = Release|Any CPU
		{E741F0C4-62D1-4654-AF81-9E40B0B98F82}.Release|x64.ActiveCfg = Release|Any CPU
		{E741F0C4-62D1-4654-AF81-9E40B0B98F82}.Release|x64.Build.0 = Release|Any CPU
		{E741F0C4-62D1-4654-AF81-9E40B0B98F82}.Release|x86.ActiveCfg = Release|Any CPU
		{E741F0C4-62D1-4654-AF81-9E40B0B98F82}.Release|x86.Build.0 = Release|Any CPU
		{E741F0C4-62D1-4654-AF81-9E40B0B98F82}.RelWithDebInfo|Any CPU.ActiveCfg = Release|Any CPU
		{E741F0C4-62D1-4654-AF81-9E40B0B98F82}.RelWithDebInfo|Any CPU.Build.0 = Release|Any CPU
		{E741F0C4-62D1-4654-AF81-9E40B0B98F82}.RelWithDebInfo|x64.ActiveCfg = Release|Any CPU
		{E741F0C4-62D1-4654-AF81-9E40B0B98F82}.RelWithDebInfo|x64.Build.0 = Release|Any CPU
		{E741F0C4-62D1-4654-AF81-9E40B0B98F82}.RelWithDebInfo|x86.ActiveCfg = Release|Any CPU
		{E741F0C4-62D1-4654-AF81-9E40B0B98F82}.RelWithDebInfo|x86.Build.0 = Release|Any CPU
		{E741F0C4-62D1-4654-AF81-9E40B0B98F82}.TraceLeak|Any CPU.ActiveCfg = TraceLeak|Any CPU
		{E741F0C4-62D1-4654-AF81-9E40B0B98F82}.TraceLeak|Any CPU.Build.0 = TraceLeak|Any CPU
		{E741F0C4-62D1-4654-AF81-9E40B0B98F82}.TraceLeak|x64.ActiveCfg = TraceLeak|x64
		{E741F0C4-62D1-4654-AF81-9E40B0B98F82}.TraceLeak|x64.Build.0 = TraceLeak|x64
		{E741F0C4-62D1-4654-AF81-9E40B0B98F82}.TraceLeak|x86.ActiveCfg = TraceLeak|Any CPU
		{E741F0C4-62D1-4654-AF81-9E40B0B98F82}.TraceLeak|x86.Build.0 = TraceLeak|Any CPU
		{FB858230-5E8B-48EE-9A8F-ACA5A03DF308}.Debug|Any CPU.ActiveCfg = Debug|Any CPU
		{FB858230-5E8B-48EE-9A8F-ACA5A03DF308}.Debug|Any CPU.Build.0 = Debug|Any CPU
		{FB858230-5E8B-48EE-9A8F-ACA5A03DF308}.Debug|x64.ActiveCfg = Debug|x64
		{FB858230-5E8B-48EE-9A8F-ACA5A03DF308}.Debug|x64.Build.0 = Debug|x64
		{FB858230-5E8B-48EE-9A8F-ACA5A03DF308}.Debug|x86.ActiveCfg = Debug|Any CPU
		{FB858230-5E8B-48EE-9A8F-ACA5A03DF308}.Debug|x86.Build.0 = Debug|Any CPU
		{FB858230-5E8B-48EE-9A8F-ACA5A03DF308}.MinSizeRel|Any CPU.ActiveCfg = Release|Any CPU
		{FB858230-5E8B-48EE-9A8F-ACA5A03DF308}.MinSizeRel|Any CPU.Build.0 = Release|Any CPU
		{FB858230-5E8B-48EE-9A8F-ACA5A03DF308}.MinSizeRel|x64.ActiveCfg = Release|Any CPU
		{FB858230-5E8B-48EE-9A8F-ACA5A03DF308}.MinSizeRel|x64.Build.0 = Release|Any CPU
		{FB858230-5E8B-48EE-9A8F-ACA5A03DF308}.MinSizeRel|x86.ActiveCfg = Release|Any CPU
		{FB858230-5E8B-48EE-9A8F-ACA5A03DF308}.MinSizeRel|x86.Build.0 = Release|Any CPU
		{FB858230-5E8B-48EE-9A8F-ACA5A03DF308}.Release|Any CPU.ActiveCfg = Release|Any CPU
		{FB858230-5E8B-48EE-9A8F-ACA5A03DF308}.Release|Any CPU.Build.0 = Release|Any CPU
		{FB858230-5E8B-48EE-9A8F-ACA5A03DF308}.Release|x64.ActiveCfg = Release|Any CPU
		{FB858230-5E8B-48EE-9A8F-ACA5A03DF308}.Release|x64.Build.0 = Release|Any CPU
		{FB858230-5E8B-48EE-9A8F-ACA5A03DF308}.Release|x86.ActiveCfg = Release|Any CPU
		{FB858230-5E8B-48EE-9A8F-ACA5A03DF308}.Release|x86.Build.0 = Release|Any CPU
		{FB858230-5E8B-48EE-9A8F-ACA5A03DF308}.RelWithDebInfo|Any CPU.ActiveCfg = Release|Any CPU
		{FB858230-5E8B-48EE-9A8F-ACA5A03DF308}.RelWithDebInfo|Any CPU.Build.0 = Release|Any CPU
		{FB858230-5E8B-48EE-9A8F-ACA5A03DF308}.RelWithDebInfo|x64.ActiveCfg = Release|Any CPU
		{FB858230-5E8B-48EE-9A8F-ACA5A03DF308}.RelWithDebInfo|x64.Build.0 = Release|Any CPU
		{FB858230-5E8B-48EE-9A8F-ACA5A03DF308}.RelWithDebInfo|x86.ActiveCfg = Release|Any CPU
		{FB858230-5E8B-48EE-9A8F-ACA5A03DF308}.RelWithDebInfo|x86.Build.0 = Release|Any CPU
		{FB858230-5E8B-48EE-9A8F-ACA5A03DF308}.TraceLeak|Any CPU.ActiveCfg = TraceLeak|Any CPU
		{FB858230-5E8B-48EE-9A8F-ACA5A03DF308}.TraceLeak|Any CPU.Build.0 = TraceLeak|Any CPU
		{FB858230-5E8B-48EE-9A8F-ACA5A03DF308}.TraceLeak|x64.ActiveCfg = TraceLeak|x64
		{FB858230-5E8B-48EE-9A8F-ACA5A03DF308}.TraceLeak|x64.Build.0 = TraceLeak|x64
		{FB858230-5E8B-48EE-9A8F-ACA5A03DF308}.TraceLeak|x86.ActiveCfg = TraceLeak|Any CPU
		{FB858230-5E8B-48EE-9A8F-ACA5A03DF308}.TraceLeak|x86.Build.0 = TraceLeak|Any CPU
		{485B8722-C853-4012-AD17-45EEA843392C}.Debug|Any CPU.ActiveCfg = Debug|Any CPU
		{485B8722-C853-4012-AD17-45EEA843392C}.Debug|Any CPU.Build.0 = Debug|Any CPU
		{485B8722-C853-4012-AD17-45EEA843392C}.Debug|x64.ActiveCfg = Debug|x64
		{485B8722-C853-4012-AD17-45EEA843392C}.Debug|x64.Build.0 = Debug|x64
		{485B8722-C853-4012-AD17-45EEA843392C}.Debug|x86.ActiveCfg = Debug|Any CPU
		{485B8722-C853-4012-AD17-45EEA843392C}.Debug|x86.Build.0 = Debug|Any CPU
		{485B8722-C853-4012-AD17-45EEA843392C}.MinSizeRel|Any CPU.ActiveCfg = Release|Any CPU
		{485B8722-C853-4012-AD17-45EEA843392C}.MinSizeRel|Any CPU.Build.0 = Release|Any CPU
		{485B8722-C853-4012-AD17-45EEA843392C}.MinSizeRel|x64.ActiveCfg = Release|Any CPU
		{485B8722-C853-4012-AD17-45EEA843392C}.MinSizeRel|x64.Build.0 = Release|Any CPU
		{485B8722-C853-4012-AD17-45EEA843392C}.MinSizeRel|x86.ActiveCfg = Release|Any CPU
		{485B8722-C853-4012-AD17-45EEA843392C}.MinSizeRel|x86.Build.0 = Release|Any CPU
		{485B8722-C853-4012-AD17-45EEA843392C}.Release|Any CPU.ActiveCfg = Release|Any CPU
		{485B8722-C853-4012-AD17-45EEA843392C}.Release|Any CPU.Build.0 = Release|Any CPU
		{485B8722-C853-4012-AD17-45EEA843392C}.Release|x64.ActiveCfg = Release|Any CPU
		{485B8722-C853-4012-AD17-45EEA843392C}.Release|x64.Build.0 = Release|Any CPU
		{485B8722-C853-4012-AD17-45EEA843392C}.Release|x86.ActiveCfg = Release|Any CPU
		{485B8722-C853-4012-AD17-45EEA843392C}.Release|x86.Build.0 = Release|Any CPU
		{485B8722-C853-4012-AD17-45EEA843392C}.RelWithDebInfo|Any CPU.ActiveCfg = Release|Any CPU
		{485B8722-C853-4012-AD17-45EEA843392C}.RelWithDebInfo|Any CPU.Build.0 = Release|Any CPU
		{485B8722-C853-4012-AD17-45EEA843392C}.RelWithDebInfo|x64.ActiveCfg = Release|Any CPU
		{485B8722-C853-4012-AD17-45EEA843392C}.RelWithDebInfo|x64.Build.0 = Release|Any CPU
		{485B8722-C853-4012-AD17-45EEA843392C}.RelWithDebInfo|x86.ActiveCfg = Release|Any CPU
		{485B8722-C853-4012-AD17-45EEA843392C}.RelWithDebInfo|x86.Build.0 = Release|Any CPU
		{485B8722-C853-4012-AD17-45EEA843392C}.TraceLeak|Any CPU.ActiveCfg = TraceLeak|Any CPU
		{485B8722-C853-4012-AD17-45EEA843392C}.TraceLeak|Any CPU.Build.0 = TraceLeak|Any CPU
		{485B8722-C853-4012-AD17-45EEA843392C}.TraceLeak|x64.ActiveCfg = TraceLeak|x64
		{485B8722-C853-4012-AD17-45EEA843392C}.TraceLeak|x64.Build.0 = TraceLeak|x64
		{485B8722-C853-4012-AD17-45EEA843392C}.TraceLeak|x86.ActiveCfg = TraceLeak|Any CPU
		{485B8722-C853-4012-AD17-45EEA843392C}.TraceLeak|x86.Build.0 = TraceLeak|Any CPU
		{4FE4150F-9AF9-4601-88A5-D84B6934A9D9}.Debug|Any CPU.ActiveCfg = Debug|Any CPU
		{4FE4150F-9AF9-4601-88A5-D84B6934A9D9}.Debug|Any CPU.Build.0 = Debug|Any CPU
		{4FE4150F-9AF9-4601-88A5-D84B6934A9D9}.Debug|x64.ActiveCfg = Debug|x64
		{4FE4150F-9AF9-4601-88A5-D84B6934A9D9}.Debug|x64.Build.0 = Debug|x64
		{4FE4150F-9AF9-4601-88A5-D84B6934A9D9}.Debug|x86.ActiveCfg = Debug|Any CPU
		{4FE4150F-9AF9-4601-88A5-D84B6934A9D9}.Debug|x86.Build.0 = Debug|Any CPU
		{4FE4150F-9AF9-4601-88A5-D84B6934A9D9}.MinSizeRel|Any CPU.ActiveCfg = Release|Any CPU
		{4FE4150F-9AF9-4601-88A5-D84B6934A9D9}.MinSizeRel|Any CPU.Build.0 = Release|Any CPU
		{4FE4150F-9AF9-4601-88A5-D84B6934A9D9}.MinSizeRel|x64.ActiveCfg = Release|Any CPU
		{4FE4150F-9AF9-4601-88A5-D84B6934A9D9}.MinSizeRel|x64.Build.0 = Release|Any CPU
		{4FE4150F-9AF9-4601-88A5-D84B6934A9D9}.MinSizeRel|x86.ActiveCfg = Release|Any CPU
		{4FE4150F-9AF9-4601-88A5-D84B6934A9D9}.MinSizeRel|x86.Build.0 = Release|Any CPU
		{4FE4150F-9AF9-4601-88A5-D84B6934A9D9}.Release|Any CPU.ActiveCfg = Release|Any CPU
		{4FE4150F-9AF9-4601-88A5-D84B6934A9D9}.Release|Any CPU.Build.0 = Release|Any CPU
		{4FE4150F-9AF9-4601-88A5-D84B6934A9D9}.Release|x64.ActiveCfg = Release|Any CPU
		{4FE4150F-9AF9-4601-88A5-D84B6934A9D9}.Release|x64.Build.0 = Release|Any CPU
		{4FE4150F-9AF9-4601-88A5-D84B6934A9D9}.Release|x86.ActiveCfg = Release|Any CPU
		{4FE4150F-9AF9-4601-88A5-D84B6934A9D9}.Release|x86.Build.0 = Release|Any CPU
		{4FE4150F-9AF9-4601-88A5-D84B6934A9D9}.RelWithDebInfo|Any CPU.ActiveCfg = Release|Any CPU
		{4FE4150F-9AF9-4601-88A5-D84B6934A9D9}.RelWithDebInfo|Any CPU.Build.0 = Release|Any CPU
		{4FE4150F-9AF9-4601-88A5-D84B6934A9D9}.RelWithDebInfo|x64.ActiveCfg = Release|Any CPU
		{4FE4150F-9AF9-4601-88A5-D84B6934A9D9}.RelWithDebInfo|x64.Build.0 = Release|Any CPU
		{4FE4150F-9AF9-4601-88A5-D84B6934A9D9}.RelWithDebInfo|x86.ActiveCfg = Release|Any CPU
		{4FE4150F-9AF9-4601-88A5-D84B6934A9D9}.RelWithDebInfo|x86.Build.0 = Release|Any CPU
		{4FE4150F-9AF9-4601-88A5-D84B6934A9D9}.TraceLeak|Any CPU.ActiveCfg = TraceLeak|Any CPU
		{4FE4150F-9AF9-4601-88A5-D84B6934A9D9}.TraceLeak|Any CPU.Build.0 = TraceLeak|Any CPU
		{4FE4150F-9AF9-4601-88A5-D84B6934A9D9}.TraceLeak|x64.ActiveCfg = TraceLeak|x64
		{4FE4150F-9AF9-4601-88A5-D84B6934A9D9}.TraceLeak|x64.Build.0 = TraceLeak|x64
		{4FE4150F-9AF9-4601-88A5-D84B6934A9D9}.TraceLeak|x86.ActiveCfg = TraceLeak|Any CPU
		{4FE4150F-9AF9-4601-88A5-D84B6934A9D9}.TraceLeak|x86.Build.0 = TraceLeak|Any CPU
		{AB16C108-B0C8-4FF5-BC79-D64662459AAE}.Debug|Any CPU.ActiveCfg = Debug|Any CPU
		{AB16C108-B0C8-4FF5-BC79-D64662459AAE}.Debug|Any CPU.Build.0 = Debug|Any CPU
		{AB16C108-B0C8-4FF5-BC79-D64662459AAE}.Debug|x64.ActiveCfg = Debug|x64
		{AB16C108-B0C8-4FF5-BC79-D64662459AAE}.Debug|x64.Build.0 = Debug|x64
		{AB16C108-B0C8-4FF5-BC79-D64662459AAE}.Debug|x86.ActiveCfg = Debug|Any CPU
		{AB16C108-B0C8-4FF5-BC79-D64662459AAE}.Debug|x86.Build.0 = Debug|Any CPU
		{AB16C108-B0C8-4FF5-BC79-D64662459AAE}.MinSizeRel|Any CPU.ActiveCfg = Release|Any CPU
		{AB16C108-B0C8-4FF5-BC79-D64662459AAE}.MinSizeRel|Any CPU.Build.0 = Release|Any CPU
		{AB16C108-B0C8-4FF5-BC79-D64662459AAE}.MinSizeRel|x64.ActiveCfg = Release|Any CPU
		{AB16C108-B0C8-4FF5-BC79-D64662459AAE}.MinSizeRel|x64.Build.0 = Release|Any CPU
		{AB16C108-B0C8-4FF5-BC79-D64662459AAE}.MinSizeRel|x86.ActiveCfg = Release|Any CPU
		{AB16C108-B0C8-4FF5-BC79-D64662459AAE}.MinSizeRel|x86.Build.0 = Release|Any CPU
		{AB16C108-B0C8-4FF5-BC79-D64662459AAE}.Release|Any CPU.ActiveCfg = Release|Any CPU
		{AB16C108-B0C8-4FF5-BC79-D64662459AAE}.Release|Any CPU.Build.0 = Release|Any CPU
		{AB16C108-B0C8-4FF5-BC79-D64662459AAE}.Release|x64.ActiveCfg = Release|Any CPU
		{AB16C108-B0C8-4FF5-BC79-D64662459AAE}.Release|x64.Build.0 = Release|Any CPU
		{AB16C108-B0C8-4FF5-BC79-D64662459AAE}.Release|x86.ActiveCfg = Release|Any CPU
		{AB16C108-B0C8-4FF5-BC79-D64662459AAE}.Release|x86.Build.0 = Release|Any CPU
		{AB16C108-B0C8-4FF5-BC79-D64662459AAE}.RelWithDebInfo|Any CPU.ActiveCfg = Release|Any CPU
		{AB16C108-B0C8-4FF5-BC79-D64662459AAE}.RelWithDebInfo|Any CPU.Build.0 = Release|Any CPU
		{AB16C108-B0C8-4FF5-BC79-D64662459AAE}.RelWithDebInfo|x64.ActiveCfg = Release|Any CPU
		{AB16C108-B0C8-4FF5-BC79-D64662459AAE}.RelWithDebInfo|x64.Build.0 = Release|Any CPU
		{AB16C108-B0C8-4FF5-BC79-D64662459AAE}.RelWithDebInfo|x86.ActiveCfg = Release|Any CPU
		{AB16C108-B0C8-4FF5-BC79-D64662459AAE}.RelWithDebInfo|x86.Build.0 = Release|Any CPU
		{AB16C108-B0C8-4FF5-BC79-D64662459AAE}.TraceLeak|Any CPU.ActiveCfg = TraceLeak|Any CPU
		{AB16C108-B0C8-4FF5-BC79-D64662459AAE}.TraceLeak|Any CPU.Build.0 = TraceLeak|Any CPU
		{AB16C108-B0C8-4FF5-BC79-D64662459AAE}.TraceLeak|x64.ActiveCfg = TraceLeak|x64
		{AB16C108-B0C8-4FF5-BC79-D64662459AAE}.TraceLeak|x64.Build.0 = TraceLeak|x64
		{AB16C108-B0C8-4FF5-BC79-D64662459AAE}.TraceLeak|x86.ActiveCfg = TraceLeak|Any CPU
		{AB16C108-B0C8-4FF5-BC79-D64662459AAE}.TraceLeak|x86.Build.0 = TraceLeak|Any CPU
		{D5A642EA-B317-4439-AB44-C392325B2A82}.Debug|Any CPU.ActiveCfg = Debug|Any CPU
		{D5A642EA-B317-4439-AB44-C392325B2A82}.Debug|Any CPU.Build.0 = Debug|Any CPU
		{D5A642EA-B317-4439-AB44-C392325B2A82}.Debug|x64.ActiveCfg = Debug|x64
		{D5A642EA-B317-4439-AB44-C392325B2A82}.Debug|x64.Build.0 = Debug|x64
		{D5A642EA-B317-4439-AB44-C392325B2A82}.Debug|x86.ActiveCfg = Debug|Any CPU
		{D5A642EA-B317-4439-AB44-C392325B2A82}.Debug|x86.Build.0 = Debug|Any CPU
		{D5A642EA-B317-4439-AB44-C392325B2A82}.MinSizeRel|Any CPU.ActiveCfg = Release|Any CPU
		{D5A642EA-B317-4439-AB44-C392325B2A82}.MinSizeRel|Any CPU.Build.0 = Release|Any CPU
		{D5A642EA-B317-4439-AB44-C392325B2A82}.MinSizeRel|x64.ActiveCfg = Release|Any CPU
		{D5A642EA-B317-4439-AB44-C392325B2A82}.MinSizeRel|x64.Build.0 = Release|Any CPU
		{D5A642EA-B317-4439-AB44-C392325B2A82}.MinSizeRel|x86.ActiveCfg = Release|Any CPU
		{D5A642EA-B317-4439-AB44-C392325B2A82}.MinSizeRel|x86.Build.0 = Release|Any CPU
		{D5A642EA-B317-4439-AB44-C392325B2A82}.Release|Any CPU.ActiveCfg = Release|Any CPU
		{D5A642EA-B317-4439-AB44-C392325B2A82}.Release|Any CPU.Build.0 = Release|Any CPU
		{D5A642EA-B317-4439-AB44-C392325B2A82}.Release|x64.ActiveCfg = Release|Any CPU
		{D5A642EA-B317-4439-AB44-C392325B2A82}.Release|x64.Build.0 = Release|Any CPU
		{D5A642EA-B317-4439-AB44-C392325B2A82}.Release|x86.ActiveCfg = Release|Any CPU
		{D5A642EA-B317-4439-AB44-C392325B2A82}.Release|x86.Build.0 = Release|Any CPU
		{D5A642EA-B317-4439-AB44-C392325B2A82}.RelWithDebInfo|Any CPU.ActiveCfg = Release|Any CPU
		{D5A642EA-B317-4439-AB44-C392325B2A82}.RelWithDebInfo|Any CPU.Build.0 = Release|Any CPU
		{D5A642EA-B317-4439-AB44-C392325B2A82}.RelWithDebInfo|x64.ActiveCfg = Release|Any CPU
		{D5A642EA-B317-4439-AB44-C392325B2A82}.RelWithDebInfo|x64.Build.0 = Release|Any CPU
		{D5A642EA-B317-4439-AB44-C392325B2A82}.RelWithDebInfo|x86.ActiveCfg = Release|Any CPU
		{D5A642EA-B317-4439-AB44-C392325B2A82}.RelWithDebInfo|x86.Build.0 = Release|Any CPU
		{D5A642EA-B317-4439-AB44-C392325B2A82}.TraceLeak|Any CPU.ActiveCfg = TraceLeak|Any CPU
		{D5A642EA-B317-4439-AB44-C392325B2A82}.TraceLeak|Any CPU.Build.0 = TraceLeak|Any CPU
		{D5A642EA-B317-4439-AB44-C392325B2A82}.TraceLeak|x64.ActiveCfg = TraceLeak|x64
		{D5A642EA-B317-4439-AB44-C392325B2A82}.TraceLeak|x64.Build.0 = TraceLeak|x64
		{D5A642EA-B317-4439-AB44-C392325B2A82}.TraceLeak|x86.ActiveCfg = TraceLeak|Any CPU
		{D5A642EA-B317-4439-AB44-C392325B2A82}.TraceLeak|x86.Build.0 = TraceLeak|Any CPU
		{5F835C95-9C8E-40F4-8F49-4169A33C5634}.Debug|Any CPU.ActiveCfg = Debug|Any CPU
		{5F835C95-9C8E-40F4-8F49-4169A33C5634}.Debug|Any CPU.Build.0 = Debug|Any CPU
		{5F835C95-9C8E-40F4-8F49-4169A33C5634}.Debug|x64.ActiveCfg = Debug|x64
		{5F835C95-9C8E-40F4-8F49-4169A33C5634}.Debug|x64.Build.0 = Debug|x64
		{5F835C95-9C8E-40F4-8F49-4169A33C5634}.Debug|x86.ActiveCfg = Debug|Any CPU
		{5F835C95-9C8E-40F4-8F49-4169A33C5634}.Debug|x86.Build.0 = Debug|Any CPU
		{5F835C95-9C8E-40F4-8F49-4169A33C5634}.MinSizeRel|Any CPU.ActiveCfg = Release|Any CPU
		{5F835C95-9C8E-40F4-8F49-4169A33C5634}.MinSizeRel|Any CPU.Build.0 = Release|Any CPU
		{5F835C95-9C8E-40F4-8F49-4169A33C5634}.MinSizeRel|x64.ActiveCfg = Release|Any CPU
		{5F835C95-9C8E-40F4-8F49-4169A33C5634}.MinSizeRel|x64.Build.0 = Release|Any CPU
		{5F835C95-9C8E-40F4-8F49-4169A33C5634}.MinSizeRel|x86.ActiveCfg = Release|Any CPU
		{5F835C95-9C8E-40F4-8F49-4169A33C5634}.MinSizeRel|x86.Build.0 = Release|Any CPU
		{5F835C95-9C8E-40F4-8F49-4169A33C5634}.Release|Any CPU.ActiveCfg = Release|Any CPU
		{5F835C95-9C8E-40F4-8F49-4169A33C5634}.Release|Any CPU.Build.0 = Release|Any CPU
		{5F835C95-9C8E-40F4-8F49-4169A33C5634}.Release|x64.ActiveCfg = Release|Any CPU
		{5F835C95-9C8E-40F4-8F49-4169A33C5634}.Release|x64.Build.0 = Release|Any CPU
		{5F835C95-9C8E-40F4-8F49-4169A33C5634}.Release|x86.ActiveCfg = Release|Any CPU
		{5F835C95-9C8E-40F4-8F49-4169A33C5634}.Release|x86.Build.0 = Release|Any CPU
		{5F835C95-9C8E-40F4-8F49-4169A33C5634}.RelWithDebInfo|Any CPU.ActiveCfg = Release|Any CPU
		{5F835C95-9C8E-40F4-8F49-4169A33C5634}.RelWithDebInfo|Any CPU.Build.0 = Release|Any CPU
		{5F835C95-9C8E-40F4-8F49-4169A33C5634}.RelWithDebInfo|x64.ActiveCfg = Release|Any CPU
		{5F835C95-9C8E-40F4-8F49-4169A33C5634}.RelWithDebInfo|x64.Build.0 = Release|Any CPU
		{5F835C95-9C8E-40F4-8F49-4169A33C5634}.RelWithDebInfo|x86.ActiveCfg = Release|Any CPU
		{5F835C95-9C8E-40F4-8F49-4169A33C5634}.RelWithDebInfo|x86.Build.0 = Release|Any CPU
		{5F835C95-9C8E-40F4-8F49-4169A33C5634}.TraceLeak|Any CPU.ActiveCfg = TraceLeak|Any CPU
		{5F835C95-9C8E-40F4-8F49-4169A33C5634}.TraceLeak|Any CPU.Build.0 = TraceLeak|Any CPU
		{5F835C95-9C8E-40F4-8F49-4169A33C5634}.TraceLeak|x64.ActiveCfg = TraceLeak|x64
		{5F835C95-9C8E-40F4-8F49-4169A33C5634}.TraceLeak|x64.Build.0 = TraceLeak|x64
		{5F835C95-9C8E-40F4-8F49-4169A33C5634}.TraceLeak|x86.ActiveCfg = TraceLeak|Any CPU
		{5F835C95-9C8E-40F4-8F49-4169A33C5634}.TraceLeak|x86.Build.0 = TraceLeak|Any CPU
		{366B7B13-01BD-423F-BCB7-C521FBE7ED2B}.Debug|Any CPU.ActiveCfg = Debug|Any CPU
		{366B7B13-01BD-423F-BCB7-C521FBE7ED2B}.Debug|Any CPU.Build.0 = Debug|Any CPU
		{366B7B13-01BD-423F-BCB7-C521FBE7ED2B}.Debug|x64.ActiveCfg = Debug|x64
		{366B7B13-01BD-423F-BCB7-C521FBE7ED2B}.Debug|x64.Build.0 = Debug|x64
		{366B7B13-01BD-423F-BCB7-C521FBE7ED2B}.Debug|x86.ActiveCfg = Debug|Any CPU
		{366B7B13-01BD-423F-BCB7-C521FBE7ED2B}.Debug|x86.Build.0 = Debug|Any CPU
		{366B7B13-01BD-423F-BCB7-C521FBE7ED2B}.MinSizeRel|Any CPU.ActiveCfg = Release|Any CPU
		{366B7B13-01BD-423F-BCB7-C521FBE7ED2B}.MinSizeRel|Any CPU.Build.0 = Release|Any CPU
		{366B7B13-01BD-423F-BCB7-C521FBE7ED2B}.MinSizeRel|x64.ActiveCfg = Release|Any CPU
		{366B7B13-01BD-423F-BCB7-C521FBE7ED2B}.MinSizeRel|x64.Build.0 = Release|Any CPU
		{366B7B13-01BD-423F-BCB7-C521FBE7ED2B}.MinSizeRel|x86.ActiveCfg = Release|Any CPU
		{366B7B13-01BD-423F-BCB7-C521FBE7ED2B}.MinSizeRel|x86.Build.0 = Release|Any CPU
		{366B7B13-01BD-423F-BCB7-C521FBE7ED2B}.Release|Any CPU.ActiveCfg = Release|Any CPU
		{366B7B13-01BD-423F-BCB7-C521FBE7ED2B}.Release|Any CPU.Build.0 = Release|Any CPU
		{366B7B13-01BD-423F-BCB7-C521FBE7ED2B}.Release|x64.ActiveCfg = Release|Any CPU
		{366B7B13-01BD-423F-BCB7-C521FBE7ED2B}.Release|x64.Build.0 = Release|Any CPU
		{366B7B13-01BD-423F-BCB7-C521FBE7ED2B}.Release|x86.ActiveCfg = Release|Any CPU
		{366B7B13-01BD-423F-BCB7-C521FBE7ED2B}.Release|x86.Build.0 = Release|Any CPU
		{366B7B13-01BD-423F-BCB7-C521FBE7ED2B}.RelWithDebInfo|Any CPU.ActiveCfg = Release|Any CPU
		{366B7B13-01BD-423F-BCB7-C521FBE7ED2B}.RelWithDebInfo|Any CPU.Build.0 = Release|Any CPU
		{366B7B13-01BD-423F-BCB7-C521FBE7ED2B}.RelWithDebInfo|x64.ActiveCfg = Release|Any CPU
		{366B7B13-01BD-423F-BCB7-C521FBE7ED2B}.RelWithDebInfo|x64.Build.0 = Release|Any CPU
		{366B7B13-01BD-423F-BCB7-C521FBE7ED2B}.RelWithDebInfo|x86.ActiveCfg = Release|Any CPU
		{366B7B13-01BD-423F-BCB7-C521FBE7ED2B}.RelWithDebInfo|x86.Build.0 = Release|Any CPU
		{366B7B13-01BD-423F-BCB7-C521FBE7ED2B}.TraceLeak|Any CPU.ActiveCfg = TraceLeak|Any CPU
		{366B7B13-01BD-423F-BCB7-C521FBE7ED2B}.TraceLeak|Any CPU.Build.0 = TraceLeak|Any CPU
		{366B7B13-01BD-423F-BCB7-C521FBE7ED2B}.TraceLeak|x64.ActiveCfg = TraceLeak|x64
		{366B7B13-01BD-423F-BCB7-C521FBE7ED2B}.TraceLeak|x64.Build.0 = TraceLeak|x64
		{366B7B13-01BD-423F-BCB7-C521FBE7ED2B}.TraceLeak|x86.ActiveCfg = TraceLeak|Any CPU
		{366B7B13-01BD-423F-BCB7-C521FBE7ED2B}.TraceLeak|x86.Build.0 = TraceLeak|Any CPU
		{8713DCB2-C42F-430D-9C25-C7F0AF3CFB8F}.Debug|Any CPU.ActiveCfg = Debug|Any CPU
		{8713DCB2-C42F-430D-9C25-C7F0AF3CFB8F}.Debug|Any CPU.Build.0 = Debug|Any CPU
		{8713DCB2-C42F-430D-9C25-C7F0AF3CFB8F}.Debug|x64.ActiveCfg = Debug|x64
		{8713DCB2-C42F-430D-9C25-C7F0AF3CFB8F}.Debug|x64.Build.0 = Debug|x64
		{8713DCB2-C42F-430D-9C25-C7F0AF3CFB8F}.Debug|x86.ActiveCfg = Debug|Any CPU
		{8713DCB2-C42F-430D-9C25-C7F0AF3CFB8F}.Debug|x86.Build.0 = Debug|Any CPU
		{8713DCB2-C42F-430D-9C25-C7F0AF3CFB8F}.MinSizeRel|Any CPU.ActiveCfg = Release|Any CPU
		{8713DCB2-C42F-430D-9C25-C7F0AF3CFB8F}.MinSizeRel|x64.ActiveCfg = Release|Any CPU
		{8713DCB2-C42F-430D-9C25-C7F0AF3CFB8F}.MinSizeRel|x86.ActiveCfg = Release|Any CPU
		{8713DCB2-C42F-430D-9C25-C7F0AF3CFB8F}.Release|Any CPU.ActiveCfg = Release|Any CPU
		{8713DCB2-C42F-430D-9C25-C7F0AF3CFB8F}.Release|Any CPU.Build.0 = Release|Any CPU
		{8713DCB2-C42F-430D-9C25-C7F0AF3CFB8F}.Release|x64.ActiveCfg = Release|Any CPU
		{8713DCB2-C42F-430D-9C25-C7F0AF3CFB8F}.Release|x64.Build.0 = Release|Any CPU
		{8713DCB2-C42F-430D-9C25-C7F0AF3CFB8F}.Release|x86.ActiveCfg = Release|Any CPU
		{8713DCB2-C42F-430D-9C25-C7F0AF3CFB8F}.Release|x86.Build.0 = Release|Any CPU
		{8713DCB2-C42F-430D-9C25-C7F0AF3CFB8F}.RelWithDebInfo|Any CPU.ActiveCfg = Release|Any CPU
		{8713DCB2-C42F-430D-9C25-C7F0AF3CFB8F}.RelWithDebInfo|x64.ActiveCfg = Release|Any CPU
		{8713DCB2-C42F-430D-9C25-C7F0AF3CFB8F}.RelWithDebInfo|x86.ActiveCfg = Release|Any CPU
		{8713DCB2-C42F-430D-9C25-C7F0AF3CFB8F}.TraceLeak|Any CPU.ActiveCfg = Release|Any CPU
		{8713DCB2-C42F-430D-9C25-C7F0AF3CFB8F}.TraceLeak|x64.ActiveCfg = TraceLeak|x64
		{8713DCB2-C42F-430D-9C25-C7F0AF3CFB8F}.TraceLeak|x86.ActiveCfg = Release|Any CPU
		{8167D1AD-3A8E-406E-9DDD-26BC69511FDC}.Debug|Any CPU.ActiveCfg = Debug|Any CPU
		{8167D1AD-3A8E-406E-9DDD-26BC69511FDC}.Debug|Any CPU.Build.0 = Debug|Any CPU
		{8167D1AD-3A8E-406E-9DDD-26BC69511FDC}.Debug|x64.ActiveCfg = Debug|x64
		{8167D1AD-3A8E-406E-9DDD-26BC69511FDC}.Debug|x64.Build.0 = Debug|x64
		{8167D1AD-3A8E-406E-9DDD-26BC69511FDC}.Debug|x86.ActiveCfg = Debug|Any CPU
		{8167D1AD-3A8E-406E-9DDD-26BC69511FDC}.Debug|x86.Build.0 = Debug|Any CPU
		{8167D1AD-3A8E-406E-9DDD-26BC69511FDC}.MinSizeRel|Any CPU.ActiveCfg = Release|Any CPU
		{8167D1AD-3A8E-406E-9DDD-26BC69511FDC}.MinSizeRel|Any CPU.Build.0 = Release|Any CPU
		{8167D1AD-3A8E-406E-9DDD-26BC69511FDC}.MinSizeRel|x64.ActiveCfg = Release|Any CPU
		{8167D1AD-3A8E-406E-9DDD-26BC69511FDC}.MinSizeRel|x64.Build.0 = Release|Any CPU
		{8167D1AD-3A8E-406E-9DDD-26BC69511FDC}.MinSizeRel|x86.ActiveCfg = Release|Any CPU
		{8167D1AD-3A8E-406E-9DDD-26BC69511FDC}.MinSizeRel|x86.Build.0 = Release|Any CPU
		{8167D1AD-3A8E-406E-9DDD-26BC69511FDC}.Release|Any CPU.ActiveCfg = Release|Any CPU
		{8167D1AD-3A8E-406E-9DDD-26BC69511FDC}.Release|Any CPU.Build.0 = Release|Any CPU
		{8167D1AD-3A8E-406E-9DDD-26BC69511FDC}.Release|x64.ActiveCfg = Release|Any CPU
		{8167D1AD-3A8E-406E-9DDD-26BC69511FDC}.Release|x64.Build.0 = Release|Any CPU
		{8167D1AD-3A8E-406E-9DDD-26BC69511FDC}.Release|x86.ActiveCfg = Release|Any CPU
		{8167D1AD-3A8E-406E-9DDD-26BC69511FDC}.Release|x86.Build.0 = Release|Any CPU
		{8167D1AD-3A8E-406E-9DDD-26BC69511FDC}.RelWithDebInfo|Any CPU.ActiveCfg = Release|Any CPU
		{8167D1AD-3A8E-406E-9DDD-26BC69511FDC}.RelWithDebInfo|Any CPU.Build.0 = Release|Any CPU
		{8167D1AD-3A8E-406E-9DDD-26BC69511FDC}.RelWithDebInfo|x64.ActiveCfg = Release|Any CPU
		{8167D1AD-3A8E-406E-9DDD-26BC69511FDC}.RelWithDebInfo|x64.Build.0 = Release|Any CPU
		{8167D1AD-3A8E-406E-9DDD-26BC69511FDC}.RelWithDebInfo|x86.ActiveCfg = Release|Any CPU
		{8167D1AD-3A8E-406E-9DDD-26BC69511FDC}.RelWithDebInfo|x86.Build.0 = Release|Any CPU
		{8167D1AD-3A8E-406E-9DDD-26BC69511FDC}.TraceLeak|Any CPU.ActiveCfg = TraceLeak|Any CPU
		{8167D1AD-3A8E-406E-9DDD-26BC69511FDC}.TraceLeak|Any CPU.Build.0 = TraceLeak|Any CPU
		{8167D1AD-3A8E-406E-9DDD-26BC69511FDC}.TraceLeak|x64.ActiveCfg = TraceLeak|x64
		{8167D1AD-3A8E-406E-9DDD-26BC69511FDC}.TraceLeak|x64.Build.0 = TraceLeak|x64
		{8167D1AD-3A8E-406E-9DDD-26BC69511FDC}.TraceLeak|x86.ActiveCfg = TraceLeak|Any CPU
		{8167D1AD-3A8E-406E-9DDD-26BC69511FDC}.TraceLeak|x86.Build.0 = TraceLeak|Any CPU
		{9AE26C9F-466C-4A82-A170-92620BEE4735}.Debug|Any CPU.ActiveCfg = Debug|Any CPU
		{9AE26C9F-466C-4A82-A170-92620BEE4735}.Debug|Any CPU.Build.0 = Debug|Any CPU
		{9AE26C9F-466C-4A82-A170-92620BEE4735}.Debug|x64.ActiveCfg = Debug|x64
		{9AE26C9F-466C-4A82-A170-92620BEE4735}.Debug|x64.Build.0 = Debug|x64
		{9AE26C9F-466C-4A82-A170-92620BEE4735}.Debug|x86.ActiveCfg = Debug|Any CPU
		{9AE26C9F-466C-4A82-A170-92620BEE4735}.Debug|x86.Build.0 = Debug|Any CPU
		{9AE26C9F-466C-4A82-A170-92620BEE4735}.MinSizeRel|Any CPU.ActiveCfg = Release|Any CPU
		{9AE26C9F-466C-4A82-A170-92620BEE4735}.MinSizeRel|Any CPU.Build.0 = Release|Any CPU
		{9AE26C9F-466C-4A82-A170-92620BEE4735}.MinSizeRel|x64.ActiveCfg = Release|Any CPU
		{9AE26C9F-466C-4A82-A170-92620BEE4735}.MinSizeRel|x64.Build.0 = Release|Any CPU
		{9AE26C9F-466C-4A82-A170-92620BEE4735}.MinSizeRel|x86.ActiveCfg = Release|Any CPU
		{9AE26C9F-466C-4A82-A170-92620BEE4735}.MinSizeRel|x86.Build.0 = Release|Any CPU
		{9AE26C9F-466C-4A82-A170-92620BEE4735}.Release|Any CPU.ActiveCfg = Release|Any CPU
		{9AE26C9F-466C-4A82-A170-92620BEE4735}.Release|Any CPU.Build.0 = Release|Any CPU
		{9AE26C9F-466C-4A82-A170-92620BEE4735}.Release|x64.ActiveCfg = Release|Any CPU
		{9AE26C9F-466C-4A82-A170-92620BEE4735}.Release|x64.Build.0 = Release|Any CPU
		{9AE26C9F-466C-4A82-A170-92620BEE4735}.Release|x86.ActiveCfg = Release|Any CPU
		{9AE26C9F-466C-4A82-A170-92620BEE4735}.Release|x86.Build.0 = Release|Any CPU
		{9AE26C9F-466C-4A82-A170-92620BEE4735}.RelWithDebInfo|Any CPU.ActiveCfg = Release|Any CPU
		{9AE26C9F-466C-4A82-A170-92620BEE4735}.RelWithDebInfo|Any CPU.Build.0 = Release|Any CPU
		{9AE26C9F-466C-4A82-A170-92620BEE4735}.RelWithDebInfo|x64.ActiveCfg = Release|Any CPU
		{9AE26C9F-466C-4A82-A170-92620BEE4735}.RelWithDebInfo|x64.Build.0 = Release|Any CPU
		{9AE26C9F-466C-4A82-A170-92620BEE4735}.RelWithDebInfo|x86.ActiveCfg = Release|Any CPU
		{9AE26C9F-466C-4A82-A170-92620BEE4735}.RelWithDebInfo|x86.Build.0 = Release|Any CPU
		{9AE26C9F-466C-4A82-A170-92620BEE4735}.TraceLeak|Any CPU.ActiveCfg = TraceLeak|Any CPU
		{9AE26C9F-466C-4A82-A170-92620BEE4735}.TraceLeak|Any CPU.Build.0 = TraceLeak|Any CPU
		{9AE26C9F-466C-4A82-A170-92620BEE4735}.TraceLeak|x64.ActiveCfg = TraceLeak|x64
		{9AE26C9F-466C-4A82-A170-92620BEE4735}.TraceLeak|x64.Build.0 = TraceLeak|x64
		{9AE26C9F-466C-4A82-A170-92620BEE4735}.TraceLeak|x86.ActiveCfg = TraceLeak|Any CPU
		{9AE26C9F-466C-4A82-A170-92620BEE4735}.TraceLeak|x86.Build.0 = TraceLeak|Any CPU
		{BD1B011F-356F-4FBF-B2D5-A77FBD8369A3}.Debug|Any CPU.ActiveCfg = Debug|Any CPU
		{BD1B011F-356F-4FBF-B2D5-A77FBD8369A3}.Debug|Any CPU.Build.0 = Debug|Any CPU
		{BD1B011F-356F-4FBF-B2D5-A77FBD8369A3}.Debug|x64.ActiveCfg = Debug|x64
		{BD1B011F-356F-4FBF-B2D5-A77FBD8369A3}.Debug|x64.Build.0 = Debug|x64
		{BD1B011F-356F-4FBF-B2D5-A77FBD8369A3}.Debug|x86.ActiveCfg = Debug|Any CPU
		{BD1B011F-356F-4FBF-B2D5-A77FBD8369A3}.Debug|x86.Build.0 = Debug|Any CPU
		{BD1B011F-356F-4FBF-B2D5-A77FBD8369A3}.MinSizeRel|Any CPU.ActiveCfg = Release|Any CPU
		{BD1B011F-356F-4FBF-B2D5-A77FBD8369A3}.MinSizeRel|Any CPU.Build.0 = Release|Any CPU
		{BD1B011F-356F-4FBF-B2D5-A77FBD8369A3}.MinSizeRel|x64.ActiveCfg = Release|Any CPU
		{BD1B011F-356F-4FBF-B2D5-A77FBD8369A3}.MinSizeRel|x64.Build.0 = Release|Any CPU
		{BD1B011F-356F-4FBF-B2D5-A77FBD8369A3}.MinSizeRel|x86.ActiveCfg = Release|Any CPU
		{BD1B011F-356F-4FBF-B2D5-A77FBD8369A3}.MinSizeRel|x86.Build.0 = Release|Any CPU
		{BD1B011F-356F-4FBF-B2D5-A77FBD8369A3}.Release|Any CPU.ActiveCfg = Release|Any CPU
		{BD1B011F-356F-4FBF-B2D5-A77FBD8369A3}.Release|Any CPU.Build.0 = Release|Any CPU
		{BD1B011F-356F-4FBF-B2D5-A77FBD8369A3}.Release|x64.ActiveCfg = Release|Any CPU
		{BD1B011F-356F-4FBF-B2D5-A77FBD8369A3}.Release|x64.Build.0 = Release|Any CPU
		{BD1B011F-356F-4FBF-B2D5-A77FBD8369A3}.Release|x86.ActiveCfg = Release|Any CPU
		{BD1B011F-356F-4FBF-B2D5-A77FBD8369A3}.Release|x86.Build.0 = Release|Any CPU
		{BD1B011F-356F-4FBF-B2D5-A77FBD8369A3}.RelWithDebInfo|Any CPU.ActiveCfg = Release|Any CPU
		{BD1B011F-356F-4FBF-B2D5-A77FBD8369A3}.RelWithDebInfo|Any CPU.Build.0 = Release|Any CPU
		{BD1B011F-356F-4FBF-B2D5-A77FBD8369A3}.RelWithDebInfo|x64.ActiveCfg = Release|Any CPU
		{BD1B011F-356F-4FBF-B2D5-A77FBD8369A3}.RelWithDebInfo|x64.Build.0 = Release|Any CPU
		{BD1B011F-356F-4FBF-B2D5-A77FBD8369A3}.RelWithDebInfo|x86.ActiveCfg = Release|Any CPU
		{BD1B011F-356F-4FBF-B2D5-A77FBD8369A3}.RelWithDebInfo|x86.Build.0 = Release|Any CPU
		{BD1B011F-356F-4FBF-B2D5-A77FBD8369A3}.TraceLeak|Any CPU.ActiveCfg = TraceLeak|Any CPU
		{BD1B011F-356F-4FBF-B2D5-A77FBD8369A3}.TraceLeak|Any CPU.Build.0 = TraceLeak|Any CPU
		{BD1B011F-356F-4FBF-B2D5-A77FBD8369A3}.TraceLeak|x64.ActiveCfg = TraceLeak|x64
		{BD1B011F-356F-4FBF-B2D5-A77FBD8369A3}.TraceLeak|x64.Build.0 = TraceLeak|x64
		{BD1B011F-356F-4FBF-B2D5-A77FBD8369A3}.TraceLeak|x86.ActiveCfg = TraceLeak|Any CPU
		{BD1B011F-356F-4FBF-B2D5-A77FBD8369A3}.TraceLeak|x86.Build.0 = TraceLeak|Any CPU
		{0EA0054A-FA32-4626-A5C9-D2F19601F143}.Debug|Any CPU.ActiveCfg = Debug|Any CPU
		{0EA0054A-FA32-4626-A5C9-D2F19601F143}.Debug|Any CPU.Build.0 = Debug|Any CPU
		{0EA0054A-FA32-4626-A5C9-D2F19601F143}.Debug|x64.ActiveCfg = Debug|x64
		{0EA0054A-FA32-4626-A5C9-D2F19601F143}.Debug|x64.Build.0 = Debug|x64
		{0EA0054A-FA32-4626-A5C9-D2F19601F143}.Debug|x86.ActiveCfg = Debug|Any CPU
		{0EA0054A-FA32-4626-A5C9-D2F19601F143}.Debug|x86.Build.0 = Debug|Any CPU
		{0EA0054A-FA32-4626-A5C9-D2F19601F143}.MinSizeRel|Any CPU.ActiveCfg = Release|Any CPU
		{0EA0054A-FA32-4626-A5C9-D2F19601F143}.MinSizeRel|Any CPU.Build.0 = Release|Any CPU
		{0EA0054A-FA32-4626-A5C9-D2F19601F143}.MinSizeRel|x64.ActiveCfg = Release|Any CPU
		{0EA0054A-FA32-4626-A5C9-D2F19601F143}.MinSizeRel|x64.Build.0 = Release|Any CPU
		{0EA0054A-FA32-4626-A5C9-D2F19601F143}.MinSizeRel|x86.ActiveCfg = Release|Any CPU
		{0EA0054A-FA32-4626-A5C9-D2F19601F143}.MinSizeRel|x86.Build.0 = Release|Any CPU
		{0EA0054A-FA32-4626-A5C9-D2F19601F143}.Release|Any CPU.ActiveCfg = Release|Any CPU
		{0EA0054A-FA32-4626-A5C9-D2F19601F143}.Release|Any CPU.Build.0 = Release|Any CPU
		{0EA0054A-FA32-4626-A5C9-D2F19601F143}.Release|x64.ActiveCfg = Release|Any CPU
		{0EA0054A-FA32-4626-A5C9-D2F19601F143}.Release|x64.Build.0 = Release|Any CPU
		{0EA0054A-FA32-4626-A5C9-D2F19601F143}.Release|x86.ActiveCfg = Release|Any CPU
		{0EA0054A-FA32-4626-A5C9-D2F19601F143}.Release|x86.Build.0 = Release|Any CPU
		{0EA0054A-FA32-4626-A5C9-D2F19601F143}.RelWithDebInfo|Any CPU.ActiveCfg = Release|Any CPU
		{0EA0054A-FA32-4626-A5C9-D2F19601F143}.RelWithDebInfo|Any CPU.Build.0 = Release|Any CPU
		{0EA0054A-FA32-4626-A5C9-D2F19601F143}.RelWithDebInfo|x64.ActiveCfg = Release|Any CPU
		{0EA0054A-FA32-4626-A5C9-D2F19601F143}.RelWithDebInfo|x64.Build.0 = Release|Any CPU
		{0EA0054A-FA32-4626-A5C9-D2F19601F143}.RelWithDebInfo|x86.ActiveCfg = Release|Any CPU
		{0EA0054A-FA32-4626-A5C9-D2F19601F143}.RelWithDebInfo|x86.Build.0 = Release|Any CPU
		{0EA0054A-FA32-4626-A5C9-D2F19601F143}.TraceLeak|Any CPU.ActiveCfg = TraceLeak|Any CPU
		{0EA0054A-FA32-4626-A5C9-D2F19601F143}.TraceLeak|Any CPU.Build.0 = TraceLeak|Any CPU
		{0EA0054A-FA32-4626-A5C9-D2F19601F143}.TraceLeak|x64.ActiveCfg = TraceLeak|x64
		{0EA0054A-FA32-4626-A5C9-D2F19601F143}.TraceLeak|x64.Build.0 = TraceLeak|x64
		{0EA0054A-FA32-4626-A5C9-D2F19601F143}.TraceLeak|x86.ActiveCfg = TraceLeak|Any CPU
		{0EA0054A-FA32-4626-A5C9-D2F19601F143}.TraceLeak|x86.Build.0 = TraceLeak|Any CPU
		{98D7C019-9EF0-41E3-8B8B-79523F4A98F2}.Debug|Any CPU.ActiveCfg = Debug|Any CPU
		{98D7C019-9EF0-41E3-8B8B-79523F4A98F2}.Debug|Any CPU.Build.0 = Debug|Any CPU
		{98D7C019-9EF0-41E3-8B8B-79523F4A98F2}.Debug|x64.ActiveCfg = Debug|x64
		{98D7C019-9EF0-41E3-8B8B-79523F4A98F2}.Debug|x64.Build.0 = Debug|x64
		{98D7C019-9EF0-41E3-8B8B-79523F4A98F2}.Debug|x86.ActiveCfg = Debug|Any CPU
		{98D7C019-9EF0-41E3-8B8B-79523F4A98F2}.Debug|x86.Build.0 = Debug|Any CPU
		{98D7C019-9EF0-41E3-8B8B-79523F4A98F2}.MinSizeRel|Any CPU.ActiveCfg = Debug|Any CPU
		{98D7C019-9EF0-41E3-8B8B-79523F4A98F2}.MinSizeRel|Any CPU.Build.0 = Debug|Any CPU
		{98D7C019-9EF0-41E3-8B8B-79523F4A98F2}.MinSizeRel|x64.ActiveCfg = Debug|Any CPU
		{98D7C019-9EF0-41E3-8B8B-79523F4A98F2}.MinSizeRel|x64.Build.0 = Debug|Any CPU
		{98D7C019-9EF0-41E3-8B8B-79523F4A98F2}.MinSizeRel|x86.ActiveCfg = Debug|Any CPU
		{98D7C019-9EF0-41E3-8B8B-79523F4A98F2}.MinSizeRel|x86.Build.0 = Debug|Any CPU
		{98D7C019-9EF0-41E3-8B8B-79523F4A98F2}.Release|Any CPU.ActiveCfg = Release|Any CPU
		{98D7C019-9EF0-41E3-8B8B-79523F4A98F2}.Release|Any CPU.Build.0 = Release|Any CPU
		{98D7C019-9EF0-41E3-8B8B-79523F4A98F2}.Release|x64.ActiveCfg = Release|Any CPU
		{98D7C019-9EF0-41E3-8B8B-79523F4A98F2}.Release|x64.Build.0 = Release|Any CPU
		{98D7C019-9EF0-41E3-8B8B-79523F4A98F2}.Release|x86.ActiveCfg = Release|Any CPU
		{98D7C019-9EF0-41E3-8B8B-79523F4A98F2}.Release|x86.Build.0 = Release|Any CPU
		{98D7C019-9EF0-41E3-8B8B-79523F4A98F2}.RelWithDebInfo|Any CPU.ActiveCfg = Release|Any CPU
		{98D7C019-9EF0-41E3-8B8B-79523F4A98F2}.RelWithDebInfo|Any CPU.Build.0 = Release|Any CPU
		{98D7C019-9EF0-41E3-8B8B-79523F4A98F2}.RelWithDebInfo|x64.ActiveCfg = Release|Any CPU
		{98D7C019-9EF0-41E3-8B8B-79523F4A98F2}.RelWithDebInfo|x64.Build.0 = Release|Any CPU
		{98D7C019-9EF0-41E3-8B8B-79523F4A98F2}.RelWithDebInfo|x86.ActiveCfg = Release|Any CPU
		{98D7C019-9EF0-41E3-8B8B-79523F4A98F2}.RelWithDebInfo|x86.Build.0 = Release|Any CPU
		{98D7C019-9EF0-41E3-8B8B-79523F4A98F2}.TraceLeak|Any CPU.ActiveCfg = TraceLeak|Any CPU
		{98D7C019-9EF0-41E3-8B8B-79523F4A98F2}.TraceLeak|Any CPU.Build.0 = TraceLeak|Any CPU
		{98D7C019-9EF0-41E3-8B8B-79523F4A98F2}.TraceLeak|x64.ActiveCfg = TraceLeak|x64
		{98D7C019-9EF0-41E3-8B8B-79523F4A98F2}.TraceLeak|x64.Build.0 = TraceLeak|x64
		{98D7C019-9EF0-41E3-8B8B-79523F4A98F2}.TraceLeak|x86.ActiveCfg = TraceLeak|Any CPU
		{98D7C019-9EF0-41E3-8B8B-79523F4A98F2}.TraceLeak|x86.Build.0 = TraceLeak|Any CPU
		{10D5A612-0FEB-49EF-9DD9-18B1D1F1E44F}.Debug|Any CPU.ActiveCfg = Debug|Any CPU
		{10D5A612-0FEB-49EF-9DD9-18B1D1F1E44F}.Debug|Any CPU.Build.0 = Debug|Any CPU
		{10D5A612-0FEB-49EF-9DD9-18B1D1F1E44F}.Debug|x64.ActiveCfg = Debug|x64
		{10D5A612-0FEB-49EF-9DD9-18B1D1F1E44F}.Debug|x64.Build.0 = Debug|x64
		{10D5A612-0FEB-49EF-9DD9-18B1D1F1E44F}.Debug|x86.ActiveCfg = Debug|Any CPU
		{10D5A612-0FEB-49EF-9DD9-18B1D1F1E44F}.Debug|x86.Build.0 = Debug|Any CPU
		{10D5A612-0FEB-49EF-9DD9-18B1D1F1E44F}.MinSizeRel|Any CPU.ActiveCfg = Debug|Any CPU
		{10D5A612-0FEB-49EF-9DD9-18B1D1F1E44F}.MinSizeRel|Any CPU.Build.0 = Debug|Any CPU
		{10D5A612-0FEB-49EF-9DD9-18B1D1F1E44F}.MinSizeRel|x64.ActiveCfg = Debug|Any CPU
		{10D5A612-0FEB-49EF-9DD9-18B1D1F1E44F}.MinSizeRel|x64.Build.0 = Debug|Any CPU
		{10D5A612-0FEB-49EF-9DD9-18B1D1F1E44F}.MinSizeRel|x86.ActiveCfg = Debug|Any CPU
		{10D5A612-0FEB-49EF-9DD9-18B1D1F1E44F}.MinSizeRel|x86.Build.0 = Debug|Any CPU
		{10D5A612-0FEB-49EF-9DD9-18B1D1F1E44F}.Release|Any CPU.ActiveCfg = Release|Any CPU
		{10D5A612-0FEB-49EF-9DD9-18B1D1F1E44F}.Release|Any CPU.Build.0 = Release|Any CPU
		{10D5A612-0FEB-49EF-9DD9-18B1D1F1E44F}.Release|x64.ActiveCfg = Release|Any CPU
		{10D5A612-0FEB-49EF-9DD9-18B1D1F1E44F}.Release|x64.Build.0 = Release|Any CPU
		{10D5A612-0FEB-49EF-9DD9-18B1D1F1E44F}.Release|x86.ActiveCfg = Release|Any CPU
		{10D5A612-0FEB-49EF-9DD9-18B1D1F1E44F}.Release|x86.Build.0 = Release|Any CPU
		{10D5A612-0FEB-49EF-9DD9-18B1D1F1E44F}.RelWithDebInfo|Any CPU.ActiveCfg = Release|Any CPU
		{10D5A612-0FEB-49EF-9DD9-18B1D1F1E44F}.RelWithDebInfo|Any CPU.Build.0 = Release|Any CPU
		{10D5A612-0FEB-49EF-9DD9-18B1D1F1E44F}.RelWithDebInfo|x64.ActiveCfg = Release|Any CPU
		{10D5A612-0FEB-49EF-9DD9-18B1D1F1E44F}.RelWithDebInfo|x64.Build.0 = Release|Any CPU
		{10D5A612-0FEB-49EF-9DD9-18B1D1F1E44F}.RelWithDebInfo|x86.ActiveCfg = Release|Any CPU
		{10D5A612-0FEB-49EF-9DD9-18B1D1F1E44F}.RelWithDebInfo|x86.Build.0 = Release|Any CPU
		{10D5A612-0FEB-49EF-9DD9-18B1D1F1E44F}.TraceLeak|Any CPU.ActiveCfg = TraceLeak|Any CPU
		{10D5A612-0FEB-49EF-9DD9-18B1D1F1E44F}.TraceLeak|Any CPU.Build.0 = TraceLeak|Any CPU
		{10D5A612-0FEB-49EF-9DD9-18B1D1F1E44F}.TraceLeak|x64.ActiveCfg = TraceLeak|x64
		{10D5A612-0FEB-49EF-9DD9-18B1D1F1E44F}.TraceLeak|x64.Build.0 = TraceLeak|x64
		{10D5A612-0FEB-49EF-9DD9-18B1D1F1E44F}.TraceLeak|x86.ActiveCfg = TraceLeak|Any CPU
		{10D5A612-0FEB-49EF-9DD9-18B1D1F1E44F}.TraceLeak|x86.Build.0 = TraceLeak|Any CPU
		{6AB3AC1E-5331-4EF6-9364-ACB4CD050D54}.Debug|Any CPU.ActiveCfg = Debug|Any CPU
		{6AB3AC1E-5331-4EF6-9364-ACB4CD050D54}.Debug|Any CPU.Build.0 = Debug|Any CPU
		{6AB3AC1E-5331-4EF6-9364-ACB4CD050D54}.Debug|x64.ActiveCfg = Debug|x64
		{6AB3AC1E-5331-4EF6-9364-ACB4CD050D54}.Debug|x64.Build.0 = Debug|x64
		{6AB3AC1E-5331-4EF6-9364-ACB4CD050D54}.Debug|x86.ActiveCfg = Debug|Any CPU
		{6AB3AC1E-5331-4EF6-9364-ACB4CD050D54}.Debug|x86.Build.0 = Debug|Any CPU
		{6AB3AC1E-5331-4EF6-9364-ACB4CD050D54}.MinSizeRel|Any CPU.ActiveCfg = Debug|Any CPU
		{6AB3AC1E-5331-4EF6-9364-ACB4CD050D54}.MinSizeRel|Any CPU.Build.0 = Debug|Any CPU
		{6AB3AC1E-5331-4EF6-9364-ACB4CD050D54}.MinSizeRel|x64.ActiveCfg = Debug|x64
		{6AB3AC1E-5331-4EF6-9364-ACB4CD050D54}.MinSizeRel|x64.Build.0 = Debug|x64
		{6AB3AC1E-5331-4EF6-9364-ACB4CD050D54}.MinSizeRel|x86.ActiveCfg = Debug|Any CPU
		{6AB3AC1E-5331-4EF6-9364-ACB4CD050D54}.MinSizeRel|x86.Build.0 = Debug|Any CPU
		{6AB3AC1E-5331-4EF6-9364-ACB4CD050D54}.Release|Any CPU.ActiveCfg = Release|Any CPU
		{6AB3AC1E-5331-4EF6-9364-ACB4CD050D54}.Release|Any CPU.Build.0 = Release|Any CPU
		{6AB3AC1E-5331-4EF6-9364-ACB4CD050D54}.Release|x64.ActiveCfg = Release|x64
		{6AB3AC1E-5331-4EF6-9364-ACB4CD050D54}.Release|x64.Build.0 = Release|x64
		{6AB3AC1E-5331-4EF6-9364-ACB4CD050D54}.Release|x86.ActiveCfg = Release|Any CPU
		{6AB3AC1E-5331-4EF6-9364-ACB4CD050D54}.Release|x86.Build.0 = Release|Any CPU
		{6AB3AC1E-5331-4EF6-9364-ACB4CD050D54}.RelWithDebInfo|Any CPU.ActiveCfg = Release|Any CPU
		{6AB3AC1E-5331-4EF6-9364-ACB4CD050D54}.RelWithDebInfo|Any CPU.Build.0 = Release|Any CPU
		{6AB3AC1E-5331-4EF6-9364-ACB4CD050D54}.RelWithDebInfo|x64.ActiveCfg = Release|x64
		{6AB3AC1E-5331-4EF6-9364-ACB4CD050D54}.RelWithDebInfo|x64.Build.0 = Release|x64
		{6AB3AC1E-5331-4EF6-9364-ACB4CD050D54}.RelWithDebInfo|x86.ActiveCfg = Release|Any CPU
		{6AB3AC1E-5331-4EF6-9364-ACB4CD050D54}.RelWithDebInfo|x86.Build.0 = Release|Any CPU
		{6AB3AC1E-5331-4EF6-9364-ACB4CD050D54}.TraceLeak|Any CPU.ActiveCfg = TraceLeak|Any CPU
		{6AB3AC1E-5331-4EF6-9364-ACB4CD050D54}.TraceLeak|Any CPU.Build.0 = TraceLeak|Any CPU
		{6AB3AC1E-5331-4EF6-9364-ACB4CD050D54}.TraceLeak|x64.ActiveCfg = TraceLeak|x64
		{6AB3AC1E-5331-4EF6-9364-ACB4CD050D54}.TraceLeak|x64.Build.0 = TraceLeak|x64
		{6AB3AC1E-5331-4EF6-9364-ACB4CD050D54}.TraceLeak|x86.ActiveCfg = TraceLeak|Any CPU
		{6AB3AC1E-5331-4EF6-9364-ACB4CD050D54}.TraceLeak|x86.Build.0 = TraceLeak|Any CPU
		{C0584885-F6E2-4BBC-8AC6-86EE1CCFF669}.Debug|Any CPU.ActiveCfg = Debug|Any CPU
		{C0584885-F6E2-4BBC-8AC6-86EE1CCFF669}.Debug|Any CPU.Build.0 = Debug|Any CPU
		{C0584885-F6E2-4BBC-8AC6-86EE1CCFF669}.Debug|x64.ActiveCfg = Debug|x64
		{C0584885-F6E2-4BBC-8AC6-86EE1CCFF669}.Debug|x64.Build.0 = Debug|x64
		{C0584885-F6E2-4BBC-8AC6-86EE1CCFF669}.Debug|x86.ActiveCfg = Debug|Any CPU
		{C0584885-F6E2-4BBC-8AC6-86EE1CCFF669}.Debug|x86.Build.0 = Debug|Any CPU
		{C0584885-F6E2-4BBC-8AC6-86EE1CCFF669}.MinSizeRel|Any CPU.ActiveCfg = Debug|Any CPU
		{C0584885-F6E2-4BBC-8AC6-86EE1CCFF669}.MinSizeRel|Any CPU.Build.0 = Debug|Any CPU
		{C0584885-F6E2-4BBC-8AC6-86EE1CCFF669}.MinSizeRel|x64.ActiveCfg = Debug|Any CPU
		{C0584885-F6E2-4BBC-8AC6-86EE1CCFF669}.MinSizeRel|x64.Build.0 = Debug|Any CPU
		{C0584885-F6E2-4BBC-8AC6-86EE1CCFF669}.MinSizeRel|x86.ActiveCfg = Debug|Any CPU
		{C0584885-F6E2-4BBC-8AC6-86EE1CCFF669}.MinSizeRel|x86.Build.0 = Debug|Any CPU
		{C0584885-F6E2-4BBC-8AC6-86EE1CCFF669}.Release|Any CPU.ActiveCfg = Release|Any CPU
		{C0584885-F6E2-4BBC-8AC6-86EE1CCFF669}.Release|Any CPU.Build.0 = Release|Any CPU
		{C0584885-F6E2-4BBC-8AC6-86EE1CCFF669}.Release|x64.ActiveCfg = Release|Any CPU
		{C0584885-F6E2-4BBC-8AC6-86EE1CCFF669}.Release|x64.Build.0 = Release|Any CPU
		{C0584885-F6E2-4BBC-8AC6-86EE1CCFF669}.Release|x86.ActiveCfg = Release|Any CPU
		{C0584885-F6E2-4BBC-8AC6-86EE1CCFF669}.Release|x86.Build.0 = Release|Any CPU
		{C0584885-F6E2-4BBC-8AC6-86EE1CCFF669}.RelWithDebInfo|Any CPU.ActiveCfg = Release|Any CPU
		{C0584885-F6E2-4BBC-8AC6-86EE1CCFF669}.RelWithDebInfo|Any CPU.Build.0 = Release|Any CPU
		{C0584885-F6E2-4BBC-8AC6-86EE1CCFF669}.RelWithDebInfo|x64.ActiveCfg = Release|Any CPU
		{C0584885-F6E2-4BBC-8AC6-86EE1CCFF669}.RelWithDebInfo|x64.Build.0 = Release|Any CPU
		{C0584885-F6E2-4BBC-8AC6-86EE1CCFF669}.RelWithDebInfo|x86.ActiveCfg = Release|Any CPU
		{C0584885-F6E2-4BBC-8AC6-86EE1CCFF669}.RelWithDebInfo|x86.Build.0 = Release|Any CPU
		{C0584885-F6E2-4BBC-8AC6-86EE1CCFF669}.TraceLeak|Any CPU.ActiveCfg = Debug|Any CPU
		{C0584885-F6E2-4BBC-8AC6-86EE1CCFF669}.TraceLeak|Any CPU.Build.0 = Debug|Any CPU
		{C0584885-F6E2-4BBC-8AC6-86EE1CCFF669}.TraceLeak|x64.ActiveCfg = Debug|Any CPU
		{C0584885-F6E2-4BBC-8AC6-86EE1CCFF669}.TraceLeak|x64.Build.0 = Debug|Any CPU
		{C0584885-F6E2-4BBC-8AC6-86EE1CCFF669}.TraceLeak|x86.ActiveCfg = Debug|Any CPU
		{C0584885-F6E2-4BBC-8AC6-86EE1CCFF669}.TraceLeak|x86.Build.0 = Debug|Any CPU
		{4D6ED136-26FC-4176-974A-8F39BA6BC603}.Debug|Any CPU.ActiveCfg = Debug|Any CPU
		{4D6ED136-26FC-4176-974A-8F39BA6BC603}.Debug|Any CPU.Build.0 = Debug|Any CPU
		{4D6ED136-26FC-4176-974A-8F39BA6BC603}.Debug|x64.ActiveCfg = Debug|x64
		{4D6ED136-26FC-4176-974A-8F39BA6BC603}.Debug|x64.Build.0 = Debug|x64
		{4D6ED136-26FC-4176-974A-8F39BA6BC603}.Debug|x86.ActiveCfg = Debug|Any CPU
		{4D6ED136-26FC-4176-974A-8F39BA6BC603}.Debug|x86.Build.0 = Debug|Any CPU
		{4D6ED136-26FC-4176-974A-8F39BA6BC603}.MinSizeRel|Any CPU.ActiveCfg = Debug|Any CPU
		{4D6ED136-26FC-4176-974A-8F39BA6BC603}.MinSizeRel|Any CPU.Build.0 = Debug|Any CPU
		{4D6ED136-26FC-4176-974A-8F39BA6BC603}.MinSizeRel|x64.ActiveCfg = Debug|Any CPU
		{4D6ED136-26FC-4176-974A-8F39BA6BC603}.MinSizeRel|x64.Build.0 = Debug|Any CPU
		{4D6ED136-26FC-4176-974A-8F39BA6BC603}.MinSizeRel|x86.ActiveCfg = Debug|Any CPU
		{4D6ED136-26FC-4176-974A-8F39BA6BC603}.MinSizeRel|x86.Build.0 = Debug|Any CPU
		{4D6ED136-26FC-4176-974A-8F39BA6BC603}.Release|Any CPU.ActiveCfg = Release|Any CPU
		{4D6ED136-26FC-4176-974A-8F39BA6BC603}.Release|Any CPU.Build.0 = Release|Any CPU
		{4D6ED136-26FC-4176-974A-8F39BA6BC603}.Release|x64.ActiveCfg = Release|Any CPU
		{4D6ED136-26FC-4176-974A-8F39BA6BC603}.Release|x64.Build.0 = Release|Any CPU
		{4D6ED136-26FC-4176-974A-8F39BA6BC603}.Release|x86.ActiveCfg = Release|Any CPU
		{4D6ED136-26FC-4176-974A-8F39BA6BC603}.Release|x86.Build.0 = Release|Any CPU
		{4D6ED136-26FC-4176-974A-8F39BA6BC603}.RelWithDebInfo|Any CPU.ActiveCfg = Release|Any CPU
		{4D6ED136-26FC-4176-974A-8F39BA6BC603}.RelWithDebInfo|Any CPU.Build.0 = Release|Any CPU
		{4D6ED136-26FC-4176-974A-8F39BA6BC603}.RelWithDebInfo|x64.ActiveCfg = Release|Any CPU
		{4D6ED136-26FC-4176-974A-8F39BA6BC603}.RelWithDebInfo|x64.Build.0 = Release|Any CPU
		{4D6ED136-26FC-4176-974A-8F39BA6BC603}.RelWithDebInfo|x86.ActiveCfg = Release|Any CPU
		{4D6ED136-26FC-4176-974A-8F39BA6BC603}.RelWithDebInfo|x86.Build.0 = Release|Any CPU
		{4D6ED136-26FC-4176-974A-8F39BA6BC603}.TraceLeak|Any CPU.ActiveCfg = Debug|Any CPU
		{4D6ED136-26FC-4176-974A-8F39BA6BC603}.TraceLeak|Any CPU.Build.0 = Debug|Any CPU
		{4D6ED136-26FC-4176-974A-8F39BA6BC603}.TraceLeak|x64.ActiveCfg = Debug|Any CPU
		{4D6ED136-26FC-4176-974A-8F39BA6BC603}.TraceLeak|x64.Build.0 = Debug|Any CPU
		{4D6ED136-26FC-4176-974A-8F39BA6BC603}.TraceLeak|x86.ActiveCfg = Debug|Any CPU
		{4D6ED136-26FC-4176-974A-8F39BA6BC603}.TraceLeak|x86.Build.0 = Debug|Any CPU
		{8BA2B69C-2A29-4584-B743-FFFB8DC8B217}.Debug|Any CPU.ActiveCfg = Debug|Any CPU
		{8BA2B69C-2A29-4584-B743-FFFB8DC8B217}.Debug|Any CPU.Build.0 = Debug|Any CPU
		{8BA2B69C-2A29-4584-B743-FFFB8DC8B217}.Debug|x64.ActiveCfg = Debug|x64
		{8BA2B69C-2A29-4584-B743-FFFB8DC8B217}.Debug|x64.Build.0 = Debug|x64
		{8BA2B69C-2A29-4584-B743-FFFB8DC8B217}.Debug|x86.ActiveCfg = Debug|Any CPU
		{8BA2B69C-2A29-4584-B743-FFFB8DC8B217}.Debug|x86.Build.0 = Debug|Any CPU
		{8BA2B69C-2A29-4584-B743-FFFB8DC8B217}.MinSizeRel|Any CPU.ActiveCfg = Debug|Any CPU
		{8BA2B69C-2A29-4584-B743-FFFB8DC8B217}.MinSizeRel|Any CPU.Build.0 = Debug|Any CPU
		{8BA2B69C-2A29-4584-B743-FFFB8DC8B217}.MinSizeRel|x64.ActiveCfg = Debug|x64
		{8BA2B69C-2A29-4584-B743-FFFB8DC8B217}.MinSizeRel|x64.Build.0 = Debug|x64
		{8BA2B69C-2A29-4584-B743-FFFB8DC8B217}.MinSizeRel|x86.ActiveCfg = Debug|Any CPU
		{8BA2B69C-2A29-4584-B743-FFFB8DC8B217}.MinSizeRel|x86.Build.0 = Debug|Any CPU
		{8BA2B69C-2A29-4584-B743-FFFB8DC8B217}.Release|Any CPU.ActiveCfg = Release|Any CPU
		{8BA2B69C-2A29-4584-B743-FFFB8DC8B217}.Release|Any CPU.Build.0 = Release|Any CPU
		{8BA2B69C-2A29-4584-B743-FFFB8DC8B217}.Release|x64.ActiveCfg = Release|x64
		{8BA2B69C-2A29-4584-B743-FFFB8DC8B217}.Release|x64.Build.0 = Release|x64
		{8BA2B69C-2A29-4584-B743-FFFB8DC8B217}.Release|x86.ActiveCfg = Release|Any CPU
		{8BA2B69C-2A29-4584-B743-FFFB8DC8B217}.Release|x86.Build.0 = Release|Any CPU
		{8BA2B69C-2A29-4584-B743-FFFB8DC8B217}.RelWithDebInfo|Any CPU.ActiveCfg = Release|Any CPU
		{8BA2B69C-2A29-4584-B743-FFFB8DC8B217}.RelWithDebInfo|Any CPU.Build.0 = Release|Any CPU
		{8BA2B69C-2A29-4584-B743-FFFB8DC8B217}.RelWithDebInfo|x64.ActiveCfg = Release|x64
		{8BA2B69C-2A29-4584-B743-FFFB8DC8B217}.RelWithDebInfo|x64.Build.0 = Release|x64
		{8BA2B69C-2A29-4584-B743-FFFB8DC8B217}.RelWithDebInfo|x86.ActiveCfg = Release|Any CPU
		{8BA2B69C-2A29-4584-B743-FFFB8DC8B217}.RelWithDebInfo|x86.Build.0 = Release|Any CPU
		{8BA2B69C-2A29-4584-B743-FFFB8DC8B217}.TraceLeak|Any CPU.ActiveCfg = TraceLeak|Any CPU
		{8BA2B69C-2A29-4584-B743-FFFB8DC8B217}.TraceLeak|Any CPU.Build.0 = TraceLeak|Any CPU
		{8BA2B69C-2A29-4584-B743-FFFB8DC8B217}.TraceLeak|x64.ActiveCfg = TraceLeak|x64
		{8BA2B69C-2A29-4584-B743-FFFB8DC8B217}.TraceLeak|x64.Build.0 = TraceLeak|x64
		{8BA2B69C-2A29-4584-B743-FFFB8DC8B217}.TraceLeak|x86.ActiveCfg = TraceLeak|Any CPU
		{8BA2B69C-2A29-4584-B743-FFFB8DC8B217}.TraceLeak|x86.Build.0 = TraceLeak|Any CPU
		{BE8E6B23-A780-385D-91ED-BE9EBF77C7A6}.Debug|Any CPU.ActiveCfg = Debug|x64
		{BE8E6B23-A780-385D-91ED-BE9EBF77C7A6}.Debug|Any CPU.Build.0 = Debug|x64
		{BE8E6B23-A780-385D-91ED-BE9EBF77C7A6}.Debug|x64.ActiveCfg = Debug|x64
		{BE8E6B23-A780-385D-91ED-BE9EBF77C7A6}.Debug|x64.Build.0 = Debug|x64
		{BE8E6B23-A780-385D-91ED-BE9EBF77C7A6}.Debug|x86.ActiveCfg = Debug|x64
		{BE8E6B23-A780-385D-91ED-BE9EBF77C7A6}.Debug|x86.Build.0 = Debug|x64
		{BE8E6B23-A780-385D-91ED-BE9EBF77C7A6}.MinSizeRel|Any CPU.ActiveCfg = MinSizeRel|x64
		{BE8E6B23-A780-385D-91ED-BE9EBF77C7A6}.MinSizeRel|Any CPU.Build.0 = MinSizeRel|x64
		{BE8E6B23-A780-385D-91ED-BE9EBF77C7A6}.MinSizeRel|x64.ActiveCfg = MinSizeRel|x64
		{BE8E6B23-A780-385D-91ED-BE9EBF77C7A6}.MinSizeRel|x64.Build.0 = MinSizeRel|x64
		{BE8E6B23-A780-385D-91ED-BE9EBF77C7A6}.MinSizeRel|x86.ActiveCfg = MinSizeRel|x64
		{BE8E6B23-A780-385D-91ED-BE9EBF77C7A6}.MinSizeRel|x86.Build.0 = MinSizeRel|x64
		{BE8E6B23-A780-385D-91ED-BE9EBF77C7A6}.Release|Any CPU.ActiveCfg = Release|x64
		{BE8E6B23-A780-385D-91ED-BE9EBF77C7A6}.Release|Any CPU.Build.0 = Release|x64
		{BE8E6B23-A780-385D-91ED-BE9EBF77C7A6}.Release|x64.ActiveCfg = Release|x64
		{BE8E6B23-A780-385D-91ED-BE9EBF77C7A6}.Release|x64.Build.0 = Release|x64
		{BE8E6B23-A780-385D-91ED-BE9EBF77C7A6}.Release|x86.ActiveCfg = Release|x64
		{BE8E6B23-A780-385D-91ED-BE9EBF77C7A6}.Release|x86.Build.0 = Release|x64
		{BE8E6B23-A780-385D-91ED-BE9EBF77C7A6}.RelWithDebInfo|Any CPU.ActiveCfg = RelWithDebInfo|x64
		{BE8E6B23-A780-385D-91ED-BE9EBF77C7A6}.RelWithDebInfo|Any CPU.Build.0 = RelWithDebInfo|x64
		{BE8E6B23-A780-385D-91ED-BE9EBF77C7A6}.RelWithDebInfo|x64.ActiveCfg = RelWithDebInfo|x64
		{BE8E6B23-A780-385D-91ED-BE9EBF77C7A6}.RelWithDebInfo|x64.Build.0 = RelWithDebInfo|x64
		{BE8E6B23-A780-385D-91ED-BE9EBF77C7A6}.RelWithDebInfo|x86.ActiveCfg = RelWithDebInfo|x64
		{BE8E6B23-A780-385D-91ED-BE9EBF77C7A6}.RelWithDebInfo|x86.Build.0 = RelWithDebInfo|x64
		{BE8E6B23-A780-385D-91ED-BE9EBF77C7A6}.TraceLeak|Any CPU.ActiveCfg = RelWithDebInfo|x64
		{BE8E6B23-A780-385D-91ED-BE9EBF77C7A6}.TraceLeak|Any CPU.Build.0 = RelWithDebInfo|x64
		{BE8E6B23-A780-385D-91ED-BE9EBF77C7A6}.TraceLeak|x64.ActiveCfg = RelWithDebInfo|x64
		{BE8E6B23-A780-385D-91ED-BE9EBF77C7A6}.TraceLeak|x64.Build.0 = RelWithDebInfo|x64
		{BE8E6B23-A780-385D-91ED-BE9EBF77C7A6}.TraceLeak|x86.ActiveCfg = RelWithDebInfo|x64
		{BE8E6B23-A780-385D-91ED-BE9EBF77C7A6}.TraceLeak|x86.Build.0 = RelWithDebInfo|x64
		{701E6C28-C1AB-4633-A219-24C87DF4B2DA}.Debug|Any CPU.ActiveCfg = Debug|Any CPU
		{701E6C28-C1AB-4633-A219-24C87DF4B2DA}.Debug|Any CPU.Build.0 = Debug|Any CPU
		{701E6C28-C1AB-4633-A219-24C87DF4B2DA}.Debug|x64.ActiveCfg = Debug|Any CPU
		{701E6C28-C1AB-4633-A219-24C87DF4B2DA}.Debug|x64.Build.0 = Debug|Any CPU
		{701E6C28-C1AB-4633-A219-24C87DF4B2DA}.Debug|x86.ActiveCfg = Debug|Any CPU
		{701E6C28-C1AB-4633-A219-24C87DF4B2DA}.Debug|x86.Build.0 = Debug|Any CPU
		{701E6C28-C1AB-4633-A219-24C87DF4B2DA}.MinSizeRel|Any CPU.ActiveCfg = Debug|Any CPU
		{701E6C28-C1AB-4633-A219-24C87DF4B2DA}.MinSizeRel|Any CPU.Build.0 = Debug|Any CPU
		{701E6C28-C1AB-4633-A219-24C87DF4B2DA}.MinSizeRel|x64.ActiveCfg = Debug|Any CPU
		{701E6C28-C1AB-4633-A219-24C87DF4B2DA}.MinSizeRel|x64.Build.0 = Debug|Any CPU
		{701E6C28-C1AB-4633-A219-24C87DF4B2DA}.MinSizeRel|x86.ActiveCfg = Debug|Any CPU
		{701E6C28-C1AB-4633-A219-24C87DF4B2DA}.MinSizeRel|x86.Build.0 = Debug|Any CPU
		{701E6C28-C1AB-4633-A219-24C87DF4B2DA}.Release|Any CPU.ActiveCfg = Release|Any CPU
		{701E6C28-C1AB-4633-A219-24C87DF4B2DA}.Release|Any CPU.Build.0 = Release|Any CPU
		{701E6C28-C1AB-4633-A219-24C87DF4B2DA}.Release|x64.ActiveCfg = Release|Any CPU
		{701E6C28-C1AB-4633-A219-24C87DF4B2DA}.Release|x64.Build.0 = Release|Any CPU
		{701E6C28-C1AB-4633-A219-24C87DF4B2DA}.Release|x86.ActiveCfg = Release|Any CPU
		{701E6C28-C1AB-4633-A219-24C87DF4B2DA}.Release|x86.Build.0 = Release|Any CPU
		{701E6C28-C1AB-4633-A219-24C87DF4B2DA}.RelWithDebInfo|Any CPU.ActiveCfg = Release|Any CPU
		{701E6C28-C1AB-4633-A219-24C87DF4B2DA}.RelWithDebInfo|Any CPU.Build.0 = Release|Any CPU
		{701E6C28-C1AB-4633-A219-24C87DF4B2DA}.RelWithDebInfo|x64.ActiveCfg = Release|Any CPU
		{701E6C28-C1AB-4633-A219-24C87DF4B2DA}.RelWithDebInfo|x64.Build.0 = Release|Any CPU
		{701E6C28-C1AB-4633-A219-24C87DF4B2DA}.RelWithDebInfo|x86.ActiveCfg = Release|Any CPU
		{701E6C28-C1AB-4633-A219-24C87DF4B2DA}.RelWithDebInfo|x86.Build.0 = Release|Any CPU
		{701E6C28-C1AB-4633-A219-24C87DF4B2DA}.TraceLeak|Any CPU.ActiveCfg = Debug|Any CPU
		{701E6C28-C1AB-4633-A219-24C87DF4B2DA}.TraceLeak|Any CPU.Build.0 = Debug|Any CPU
		{701E6C28-C1AB-4633-A219-24C87DF4B2DA}.TraceLeak|x64.ActiveCfg = Debug|Any CPU
		{701E6C28-C1AB-4633-A219-24C87DF4B2DA}.TraceLeak|x64.Build.0 = Debug|Any CPU
		{701E6C28-C1AB-4633-A219-24C87DF4B2DA}.TraceLeak|x86.ActiveCfg = Debug|Any CPU
		{701E6C28-C1AB-4633-A219-24C87DF4B2DA}.TraceLeak|x86.Build.0 = Debug|Any CPU
		{C4859BCF-7F8E-46AB-9FB9-BEBCC54F8084}.Debug|Any CPU.ActiveCfg = Debug|Any CPU
		{C4859BCF-7F8E-46AB-9FB9-BEBCC54F8084}.Debug|Any CPU.Build.0 = Debug|Any CPU
		{C4859BCF-7F8E-46AB-9FB9-BEBCC54F8084}.Debug|x64.ActiveCfg = Debug|Any CPU
		{C4859BCF-7F8E-46AB-9FB9-BEBCC54F8084}.Debug|x64.Build.0 = Debug|Any CPU
		{C4859BCF-7F8E-46AB-9FB9-BEBCC54F8084}.Debug|x86.ActiveCfg = Debug|Any CPU
		{C4859BCF-7F8E-46AB-9FB9-BEBCC54F8084}.Debug|x86.Build.0 = Debug|Any CPU
		{C4859BCF-7F8E-46AB-9FB9-BEBCC54F8084}.MinSizeRel|Any CPU.ActiveCfg = Debug|Any CPU
		{C4859BCF-7F8E-46AB-9FB9-BEBCC54F8084}.MinSizeRel|Any CPU.Build.0 = Debug|Any CPU
		{C4859BCF-7F8E-46AB-9FB9-BEBCC54F8084}.MinSizeRel|x64.ActiveCfg = Debug|Any CPU
		{C4859BCF-7F8E-46AB-9FB9-BEBCC54F8084}.MinSizeRel|x64.Build.0 = Debug|Any CPU
		{C4859BCF-7F8E-46AB-9FB9-BEBCC54F8084}.MinSizeRel|x86.ActiveCfg = Debug|Any CPU
		{C4859BCF-7F8E-46AB-9FB9-BEBCC54F8084}.MinSizeRel|x86.Build.0 = Debug|Any CPU
		{C4859BCF-7F8E-46AB-9FB9-BEBCC54F8084}.Release|Any CPU.ActiveCfg = Release|Any CPU
		{C4859BCF-7F8E-46AB-9FB9-BEBCC54F8084}.Release|Any CPU.Build.0 = Release|Any CPU
		{C4859BCF-7F8E-46AB-9FB9-BEBCC54F8084}.Release|x64.ActiveCfg = Release|Any CPU
		{C4859BCF-7F8E-46AB-9FB9-BEBCC54F8084}.Release|x64.Build.0 = Release|Any CPU
		{C4859BCF-7F8E-46AB-9FB9-BEBCC54F8084}.Release|x86.ActiveCfg = Release|Any CPU
		{C4859BCF-7F8E-46AB-9FB9-BEBCC54F8084}.Release|x86.Build.0 = Release|Any CPU
		{C4859BCF-7F8E-46AB-9FB9-BEBCC54F8084}.RelWithDebInfo|Any CPU.ActiveCfg = Release|Any CPU
		{C4859BCF-7F8E-46AB-9FB9-BEBCC54F8084}.RelWithDebInfo|Any CPU.Build.0 = Release|Any CPU
		{C4859BCF-7F8E-46AB-9FB9-BEBCC54F8084}.RelWithDebInfo|x64.ActiveCfg = Release|Any CPU
		{C4859BCF-7F8E-46AB-9FB9-BEBCC54F8084}.RelWithDebInfo|x64.Build.0 = Release|Any CPU
		{C4859BCF-7F8E-46AB-9FB9-BEBCC54F8084}.RelWithDebInfo|x86.ActiveCfg = Release|Any CPU
		{C4859BCF-7F8E-46AB-9FB9-BEBCC54F8084}.RelWithDebInfo|x86.Build.0 = Release|Any CPU
		{C4859BCF-7F8E-46AB-9FB9-BEBCC54F8084}.TraceLeak|Any CPU.ActiveCfg = Debug|Any CPU
		{C4859BCF-7F8E-46AB-9FB9-BEBCC54F8084}.TraceLeak|Any CPU.Build.0 = Debug|Any CPU
		{C4859BCF-7F8E-46AB-9FB9-BEBCC54F8084}.TraceLeak|x64.ActiveCfg = Debug|Any CPU
		{C4859BCF-7F8E-46AB-9FB9-BEBCC54F8084}.TraceLeak|x64.Build.0 = Debug|Any CPU
		{C4859BCF-7F8E-46AB-9FB9-BEBCC54F8084}.TraceLeak|x86.ActiveCfg = Debug|Any CPU
		{C4859BCF-7F8E-46AB-9FB9-BEBCC54F8084}.TraceLeak|x86.Build.0 = Debug|Any CPU
		{F92BCA10-73D2-4BEA-B6BF-E4324746CE83}.Debug|Any CPU.ActiveCfg = Debug|Any CPU
		{F92BCA10-73D2-4BEA-B6BF-E4324746CE83}.Debug|Any CPU.Build.0 = Debug|Any CPU
		{F92BCA10-73D2-4BEA-B6BF-E4324746CE83}.Debug|x64.ActiveCfg = Debug|Any CPU
		{F92BCA10-73D2-4BEA-B6BF-E4324746CE83}.Debug|x64.Build.0 = Debug|Any CPU
		{F92BCA10-73D2-4BEA-B6BF-E4324746CE83}.Debug|x86.ActiveCfg = Debug|Any CPU
		{F92BCA10-73D2-4BEA-B6BF-E4324746CE83}.Debug|x86.Build.0 = Debug|Any CPU
		{F92BCA10-73D2-4BEA-B6BF-E4324746CE83}.MinSizeRel|Any CPU.ActiveCfg = Debug|Any CPU
		{F92BCA10-73D2-4BEA-B6BF-E4324746CE83}.MinSizeRel|Any CPU.Build.0 = Debug|Any CPU
		{F92BCA10-73D2-4BEA-B6BF-E4324746CE83}.MinSizeRel|x64.ActiveCfg = Debug|Any CPU
		{F92BCA10-73D2-4BEA-B6BF-E4324746CE83}.MinSizeRel|x64.Build.0 = Debug|Any CPU
		{F92BCA10-73D2-4BEA-B6BF-E4324746CE83}.MinSizeRel|x86.ActiveCfg = Debug|Any CPU
		{F92BCA10-73D2-4BEA-B6BF-E4324746CE83}.MinSizeRel|x86.Build.0 = Debug|Any CPU
		{F92BCA10-73D2-4BEA-B6BF-E4324746CE83}.Release|Any CPU.ActiveCfg = Release|Any CPU
		{F92BCA10-73D2-4BEA-B6BF-E4324746CE83}.Release|Any CPU.Build.0 = Release|Any CPU
		{F92BCA10-73D2-4BEA-B6BF-E4324746CE83}.Release|x64.ActiveCfg = Release|Any CPU
		{F92BCA10-73D2-4BEA-B6BF-E4324746CE83}.Release|x64.Build.0 = Release|Any CPU
		{F92BCA10-73D2-4BEA-B6BF-E4324746CE83}.Release|x86.ActiveCfg = Release|Any CPU
		{F92BCA10-73D2-4BEA-B6BF-E4324746CE83}.Release|x86.Build.0 = Release|Any CPU
		{F92BCA10-73D2-4BEA-B6BF-E4324746CE83}.RelWithDebInfo|Any CPU.ActiveCfg = Release|Any CPU
		{F92BCA10-73D2-4BEA-B6BF-E4324746CE83}.RelWithDebInfo|Any CPU.Build.0 = Release|Any CPU
		{F92BCA10-73D2-4BEA-B6BF-E4324746CE83}.RelWithDebInfo|x64.ActiveCfg = Release|Any CPU
		{F92BCA10-73D2-4BEA-B6BF-E4324746CE83}.RelWithDebInfo|x64.Build.0 = Release|Any CPU
		{F92BCA10-73D2-4BEA-B6BF-E4324746CE83}.RelWithDebInfo|x86.ActiveCfg = Release|Any CPU
		{F92BCA10-73D2-4BEA-B6BF-E4324746CE83}.RelWithDebInfo|x86.Build.0 = Release|Any CPU
		{F92BCA10-73D2-4BEA-B6BF-E4324746CE83}.TraceLeak|Any CPU.ActiveCfg = Debug|Any CPU
		{F92BCA10-73D2-4BEA-B6BF-E4324746CE83}.TraceLeak|Any CPU.Build.0 = Debug|Any CPU
		{F92BCA10-73D2-4BEA-B6BF-E4324746CE83}.TraceLeak|x64.ActiveCfg = Debug|Any CPU
		{F92BCA10-73D2-4BEA-B6BF-E4324746CE83}.TraceLeak|x64.Build.0 = Debug|Any CPU
		{F92BCA10-73D2-4BEA-B6BF-E4324746CE83}.TraceLeak|x86.ActiveCfg = Debug|Any CPU
		{F92BCA10-73D2-4BEA-B6BF-E4324746CE83}.TraceLeak|x86.Build.0 = Debug|Any CPU
		{618A723D-1DEA-4A55-AB41-328F9021CD55}.Debug|Any CPU.ActiveCfg = Debug|Any CPU
		{618A723D-1DEA-4A55-AB41-328F9021CD55}.Debug|Any CPU.Build.0 = Debug|Any CPU
		{618A723D-1DEA-4A55-AB41-328F9021CD55}.Debug|x64.ActiveCfg = Debug|Any CPU
		{618A723D-1DEA-4A55-AB41-328F9021CD55}.Debug|x64.Build.0 = Debug|Any CPU
		{618A723D-1DEA-4A55-AB41-328F9021CD55}.Debug|x86.ActiveCfg = Debug|Any CPU
		{618A723D-1DEA-4A55-AB41-328F9021CD55}.Debug|x86.Build.0 = Debug|Any CPU
		{618A723D-1DEA-4A55-AB41-328F9021CD55}.MinSizeRel|Any CPU.ActiveCfg = Debug|Any CPU
		{618A723D-1DEA-4A55-AB41-328F9021CD55}.MinSizeRel|Any CPU.Build.0 = Debug|Any CPU
		{618A723D-1DEA-4A55-AB41-328F9021CD55}.MinSizeRel|x64.ActiveCfg = Debug|Any CPU
		{618A723D-1DEA-4A55-AB41-328F9021CD55}.MinSizeRel|x64.Build.0 = Debug|Any CPU
		{618A723D-1DEA-4A55-AB41-328F9021CD55}.MinSizeRel|x86.ActiveCfg = Debug|Any CPU
		{618A723D-1DEA-4A55-AB41-328F9021CD55}.MinSizeRel|x86.Build.0 = Debug|Any CPU
		{618A723D-1DEA-4A55-AB41-328F9021CD55}.Release|Any CPU.ActiveCfg = Release|Any CPU
		{618A723D-1DEA-4A55-AB41-328F9021CD55}.Release|Any CPU.Build.0 = Release|Any CPU
		{618A723D-1DEA-4A55-AB41-328F9021CD55}.Release|x64.ActiveCfg = Release|Any CPU
		{618A723D-1DEA-4A55-AB41-328F9021CD55}.Release|x64.Build.0 = Release|Any CPU
		{618A723D-1DEA-4A55-AB41-328F9021CD55}.Release|x86.ActiveCfg = Release|Any CPU
		{618A723D-1DEA-4A55-AB41-328F9021CD55}.Release|x86.Build.0 = Release|Any CPU
		{618A723D-1DEA-4A55-AB41-328F9021CD55}.RelWithDebInfo|Any CPU.ActiveCfg = Release|Any CPU
		{618A723D-1DEA-4A55-AB41-328F9021CD55}.RelWithDebInfo|Any CPU.Build.0 = Release|Any CPU
		{618A723D-1DEA-4A55-AB41-328F9021CD55}.RelWithDebInfo|x64.ActiveCfg = Release|Any CPU
		{618A723D-1DEA-4A55-AB41-328F9021CD55}.RelWithDebInfo|x64.Build.0 = Release|Any CPU
		{618A723D-1DEA-4A55-AB41-328F9021CD55}.RelWithDebInfo|x86.ActiveCfg = Release|Any CPU
		{618A723D-1DEA-4A55-AB41-328F9021CD55}.RelWithDebInfo|x86.Build.0 = Release|Any CPU
		{618A723D-1DEA-4A55-AB41-328F9021CD55}.TraceLeak|Any CPU.ActiveCfg = Debug|Any CPU
		{618A723D-1DEA-4A55-AB41-328F9021CD55}.TraceLeak|Any CPU.Build.0 = Debug|Any CPU
		{618A723D-1DEA-4A55-AB41-328F9021CD55}.TraceLeak|x64.ActiveCfg = Debug|Any CPU
		{618A723D-1DEA-4A55-AB41-328F9021CD55}.TraceLeak|x64.Build.0 = Debug|Any CPU
		{618A723D-1DEA-4A55-AB41-328F9021CD55}.TraceLeak|x86.ActiveCfg = Debug|Any CPU
		{618A723D-1DEA-4A55-AB41-328F9021CD55}.TraceLeak|x86.Build.0 = Debug|Any CPU
		{75213802-A4AA-3697-AA01-619ECFED0DE3}.Debug|Any CPU.ActiveCfg = Debug|x64
		{75213802-A4AA-3697-AA01-619ECFED0DE3}.Debug|Any CPU.Build.0 = Debug|x64
		{75213802-A4AA-3697-AA01-619ECFED0DE3}.Debug|x64.ActiveCfg = Debug|x64
		{75213802-A4AA-3697-AA01-619ECFED0DE3}.Debug|x64.Build.0 = Debug|x64
		{75213802-A4AA-3697-AA01-619ECFED0DE3}.Debug|x86.ActiveCfg = Debug|x64
		{75213802-A4AA-3697-AA01-619ECFED0DE3}.Debug|x86.Build.0 = Debug|x64
		{75213802-A4AA-3697-AA01-619ECFED0DE3}.MinSizeRel|Any CPU.ActiveCfg = MinSizeRel|x64
		{75213802-A4AA-3697-AA01-619ECFED0DE3}.MinSizeRel|Any CPU.Build.0 = MinSizeRel|x64
		{75213802-A4AA-3697-AA01-619ECFED0DE3}.MinSizeRel|x64.ActiveCfg = MinSizeRel|x64
		{75213802-A4AA-3697-AA01-619ECFED0DE3}.MinSizeRel|x64.Build.0 = MinSizeRel|x64
		{75213802-A4AA-3697-AA01-619ECFED0DE3}.MinSizeRel|x86.ActiveCfg = MinSizeRel|x64
		{75213802-A4AA-3697-AA01-619ECFED0DE3}.MinSizeRel|x86.Build.0 = MinSizeRel|x64
		{75213802-A4AA-3697-AA01-619ECFED0DE3}.Release|Any CPU.ActiveCfg = Release|x64
		{75213802-A4AA-3697-AA01-619ECFED0DE3}.Release|Any CPU.Build.0 = Release|x64
		{75213802-A4AA-3697-AA01-619ECFED0DE3}.Release|x64.ActiveCfg = Release|x64
		{75213802-A4AA-3697-AA01-619ECFED0DE3}.Release|x64.Build.0 = Release|x64
		{75213802-A4AA-3697-AA01-619ECFED0DE3}.Release|x86.ActiveCfg = Release|x64
		{75213802-A4AA-3697-AA01-619ECFED0DE3}.Release|x86.Build.0 = Release|x64
		{75213802-A4AA-3697-AA01-619ECFED0DE3}.RelWithDebInfo|Any CPU.ActiveCfg = RelWithDebInfo|x64
		{75213802-A4AA-3697-AA01-619ECFED0DE3}.RelWithDebInfo|Any CPU.Build.0 = RelWithDebInfo|x64
		{75213802-A4AA-3697-AA01-619ECFED0DE3}.RelWithDebInfo|x64.ActiveCfg = RelWithDebInfo|x64
		{75213802-A4AA-3697-AA01-619ECFED0DE3}.RelWithDebInfo|x64.Build.0 = RelWithDebInfo|x64
		{75213802-A4AA-3697-AA01-619ECFED0DE3}.RelWithDebInfo|x86.ActiveCfg = RelWithDebInfo|x64
		{75213802-A4AA-3697-AA01-619ECFED0DE3}.RelWithDebInfo|x86.Build.0 = RelWithDebInfo|x64
		{75213802-A4AA-3697-AA01-619ECFED0DE3}.TraceLeak|Any CPU.ActiveCfg = RelWithDebInfo|x64
		{75213802-A4AA-3697-AA01-619ECFED0DE3}.TraceLeak|Any CPU.Build.0 = RelWithDebInfo|x64
		{75213802-A4AA-3697-AA01-619ECFED0DE3}.TraceLeak|x64.ActiveCfg = RelWithDebInfo|x64
		{75213802-A4AA-3697-AA01-619ECFED0DE3}.TraceLeak|x64.Build.0 = RelWithDebInfo|x64
		{75213802-A4AA-3697-AA01-619ECFED0DE3}.TraceLeak|x86.ActiveCfg = RelWithDebInfo|x64
		{75213802-A4AA-3697-AA01-619ECFED0DE3}.TraceLeak|x86.Build.0 = RelWithDebInfo|x64
		{41AFDB71-6C69-38D7-970B-C944E1C36C6D}.Debug|Any CPU.ActiveCfg = Debug|x64
		{41AFDB71-6C69-38D7-970B-C944E1C36C6D}.Debug|Any CPU.Build.0 = Debug|x64
		{41AFDB71-6C69-38D7-970B-C944E1C36C6D}.Debug|x64.ActiveCfg = Debug|x64
		{41AFDB71-6C69-38D7-970B-C944E1C36C6D}.Debug|x64.Build.0 = Debug|x64
		{41AFDB71-6C69-38D7-970B-C944E1C36C6D}.Debug|x86.ActiveCfg = Debug|x64
		{41AFDB71-6C69-38D7-970B-C944E1C36C6D}.Debug|x86.Build.0 = Debug|x64
		{41AFDB71-6C69-38D7-970B-C944E1C36C6D}.MinSizeRel|Any CPU.ActiveCfg = MinSizeRel|x64
		{41AFDB71-6C69-38D7-970B-C944E1C36C6D}.MinSizeRel|Any CPU.Build.0 = MinSizeRel|x64
		{41AFDB71-6C69-38D7-970B-C944E1C36C6D}.MinSizeRel|x64.ActiveCfg = MinSizeRel|x64
		{41AFDB71-6C69-38D7-970B-C944E1C36C6D}.MinSizeRel|x64.Build.0 = MinSizeRel|x64
		{41AFDB71-6C69-38D7-970B-C944E1C36C6D}.MinSizeRel|x86.ActiveCfg = MinSizeRel|x64
		{41AFDB71-6C69-38D7-970B-C944E1C36C6D}.MinSizeRel|x86.Build.0 = MinSizeRel|x64
		{41AFDB71-6C69-38D7-970B-C944E1C36C6D}.Release|Any CPU.ActiveCfg = Release|x64
		{41AFDB71-6C69-38D7-970B-C944E1C36C6D}.Release|Any CPU.Build.0 = Release|x64
		{41AFDB71-6C69-38D7-970B-C944E1C36C6D}.Release|x64.ActiveCfg = Release|x64
		{41AFDB71-6C69-38D7-970B-C944E1C36C6D}.Release|x64.Build.0 = Release|x64
		{41AFDB71-6C69-38D7-970B-C944E1C36C6D}.Release|x86.ActiveCfg = Release|x64
		{41AFDB71-6C69-38D7-970B-C944E1C36C6D}.Release|x86.Build.0 = Release|x64
		{41AFDB71-6C69-38D7-970B-C944E1C36C6D}.RelWithDebInfo|Any CPU.ActiveCfg = RelWithDebInfo|x64
		{41AFDB71-6C69-38D7-970B-C944E1C36C6D}.RelWithDebInfo|Any CPU.Build.0 = RelWithDebInfo|x64
		{41AFDB71-6C69-38D7-970B-C944E1C36C6D}.RelWithDebInfo|x64.ActiveCfg = RelWithDebInfo|x64
		{41AFDB71-6C69-38D7-970B-C944E1C36C6D}.RelWithDebInfo|x64.Build.0 = RelWithDebInfo|x64
		{41AFDB71-6C69-38D7-970B-C944E1C36C6D}.RelWithDebInfo|x86.ActiveCfg = RelWithDebInfo|x64
		{41AFDB71-6C69-38D7-970B-C944E1C36C6D}.RelWithDebInfo|x86.Build.0 = RelWithDebInfo|x64
		{41AFDB71-6C69-38D7-970B-C944E1C36C6D}.TraceLeak|Any CPU.ActiveCfg = RelWithDebInfo|x64
		{41AFDB71-6C69-38D7-970B-C944E1C36C6D}.TraceLeak|Any CPU.Build.0 = RelWithDebInfo|x64
		{41AFDB71-6C69-38D7-970B-C944E1C36C6D}.TraceLeak|x64.ActiveCfg = RelWithDebInfo|x64
		{41AFDB71-6C69-38D7-970B-C944E1C36C6D}.TraceLeak|x64.Build.0 = RelWithDebInfo|x64
		{41AFDB71-6C69-38D7-970B-C944E1C36C6D}.TraceLeak|x86.ActiveCfg = RelWithDebInfo|x64
		{41AFDB71-6C69-38D7-970B-C944E1C36C6D}.TraceLeak|x86.Build.0 = RelWithDebInfo|x64
		{7E9B1896-D6F2-3FEF-908C-4F742F232131}.Debug|Any CPU.ActiveCfg = Debug|x64
		{7E9B1896-D6F2-3FEF-908C-4F742F232131}.Debug|Any CPU.Build.0 = Debug|x64
		{7E9B1896-D6F2-3FEF-908C-4F742F232131}.Debug|x64.ActiveCfg = Debug|x64
		{7E9B1896-D6F2-3FEF-908C-4F742F232131}.Debug|x64.Build.0 = Debug|x64
		{7E9B1896-D6F2-3FEF-908C-4F742F232131}.Debug|x86.ActiveCfg = Debug|x64
		{7E9B1896-D6F2-3FEF-908C-4F742F232131}.Debug|x86.Build.0 = Debug|x64
		{7E9B1896-D6F2-3FEF-908C-4F742F232131}.MinSizeRel|Any CPU.ActiveCfg = MinSizeRel|x64
		{7E9B1896-D6F2-3FEF-908C-4F742F232131}.MinSizeRel|Any CPU.Build.0 = MinSizeRel|x64
		{7E9B1896-D6F2-3FEF-908C-4F742F232131}.MinSizeRel|x64.ActiveCfg = MinSizeRel|x64
		{7E9B1896-D6F2-3FEF-908C-4F742F232131}.MinSizeRel|x64.Build.0 = MinSizeRel|x64
		{7E9B1896-D6F2-3FEF-908C-4F742F232131}.MinSizeRel|x86.ActiveCfg = MinSizeRel|x64
		{7E9B1896-D6F2-3FEF-908C-4F742F232131}.MinSizeRel|x86.Build.0 = MinSizeRel|x64
		{7E9B1896-D6F2-3FEF-908C-4F742F232131}.Release|Any CPU.ActiveCfg = Release|x64
		{7E9B1896-D6F2-3FEF-908C-4F742F232131}.Release|Any CPU.Build.0 = Release|x64
		{7E9B1896-D6F2-3FEF-908C-4F742F232131}.Release|x64.ActiveCfg = Release|x64
		{7E9B1896-D6F2-3FEF-908C-4F742F232131}.Release|x64.Build.0 = Release|x64
		{7E9B1896-D6F2-3FEF-908C-4F742F232131}.Release|x86.ActiveCfg = Release|x64
		{7E9B1896-D6F2-3FEF-908C-4F742F232131}.Release|x86.Build.0 = Release|x64
		{7E9B1896-D6F2-3FEF-908C-4F742F232131}.RelWithDebInfo|Any CPU.ActiveCfg = RelWithDebInfo|x64
		{7E9B1896-D6F2-3FEF-908C-4F742F232131}.RelWithDebInfo|Any CPU.Build.0 = RelWithDebInfo|x64
		{7E9B1896-D6F2-3FEF-908C-4F742F232131}.RelWithDebInfo|x64.ActiveCfg = RelWithDebInfo|x64
		{7E9B1896-D6F2-3FEF-908C-4F742F232131}.RelWithDebInfo|x64.Build.0 = RelWithDebInfo|x64
		{7E9B1896-D6F2-3FEF-908C-4F742F232131}.RelWithDebInfo|x86.ActiveCfg = RelWithDebInfo|x64
		{7E9B1896-D6F2-3FEF-908C-4F742F232131}.RelWithDebInfo|x86.Build.0 = RelWithDebInfo|x64
		{7E9B1896-D6F2-3FEF-908C-4F742F232131}.TraceLeak|Any CPU.ActiveCfg = RelWithDebInfo|x64
		{7E9B1896-D6F2-3FEF-908C-4F742F232131}.TraceLeak|Any CPU.Build.0 = RelWithDebInfo|x64
		{7E9B1896-D6F2-3FEF-908C-4F742F232131}.TraceLeak|x64.ActiveCfg = RelWithDebInfo|x64
		{7E9B1896-D6F2-3FEF-908C-4F742F232131}.TraceLeak|x64.Build.0 = RelWithDebInfo|x64
		{7E9B1896-D6F2-3FEF-908C-4F742F232131}.TraceLeak|x86.ActiveCfg = RelWithDebInfo|x64
		{7E9B1896-D6F2-3FEF-908C-4F742F232131}.TraceLeak|x86.Build.0 = RelWithDebInfo|x64
		{326BB7DA-733B-373F-B088-13149FDD472A}.Debug|Any CPU.ActiveCfg = Debug|x64
		{326BB7DA-733B-373F-B088-13149FDD472A}.Debug|Any CPU.Build.0 = Debug|x64
		{326BB7DA-733B-373F-B088-13149FDD472A}.Debug|x64.ActiveCfg = Debug|x64
		{326BB7DA-733B-373F-B088-13149FDD472A}.Debug|x64.Build.0 = Debug|x64
		{326BB7DA-733B-373F-B088-13149FDD472A}.Debug|x86.ActiveCfg = Debug|x64
		{326BB7DA-733B-373F-B088-13149FDD472A}.Debug|x86.Build.0 = Debug|x64
		{326BB7DA-733B-373F-B088-13149FDD472A}.MinSizeRel|Any CPU.ActiveCfg = MinSizeRel|x64
		{326BB7DA-733B-373F-B088-13149FDD472A}.MinSizeRel|Any CPU.Build.0 = MinSizeRel|x64
		{326BB7DA-733B-373F-B088-13149FDD472A}.MinSizeRel|x64.ActiveCfg = MinSizeRel|x64
		{326BB7DA-733B-373F-B088-13149FDD472A}.MinSizeRel|x64.Build.0 = MinSizeRel|x64
		{326BB7DA-733B-373F-B088-13149FDD472A}.MinSizeRel|x86.ActiveCfg = MinSizeRel|x64
		{326BB7DA-733B-373F-B088-13149FDD472A}.MinSizeRel|x86.Build.0 = MinSizeRel|x64
		{326BB7DA-733B-373F-B088-13149FDD472A}.Release|Any CPU.ActiveCfg = Release|x64
		{326BB7DA-733B-373F-B088-13149FDD472A}.Release|Any CPU.Build.0 = Release|x64
		{326BB7DA-733B-373F-B088-13149FDD472A}.Release|x64.ActiveCfg = Release|x64
		{326BB7DA-733B-373F-B088-13149FDD472A}.Release|x64.Build.0 = Release|x64
		{326BB7DA-733B-373F-B088-13149FDD472A}.Release|x86.ActiveCfg = Release|x64
		{326BB7DA-733B-373F-B088-13149FDD472A}.Release|x86.Build.0 = Release|x64
		{326BB7DA-733B-373F-B088-13149FDD472A}.RelWithDebInfo|Any CPU.ActiveCfg = RelWithDebInfo|x64
		{326BB7DA-733B-373F-B088-13149FDD472A}.RelWithDebInfo|Any CPU.Build.0 = RelWithDebInfo|x64
		{326BB7DA-733B-373F-B088-13149FDD472A}.RelWithDebInfo|x64.ActiveCfg = RelWithDebInfo|x64
		{326BB7DA-733B-373F-B088-13149FDD472A}.RelWithDebInfo|x64.Build.0 = RelWithDebInfo|x64
		{326BB7DA-733B-373F-B088-13149FDD472A}.RelWithDebInfo|x86.ActiveCfg = RelWithDebInfo|x64
		{326BB7DA-733B-373F-B088-13149FDD472A}.RelWithDebInfo|x86.Build.0 = RelWithDebInfo|x64
		{326BB7DA-733B-373F-B088-13149FDD472A}.TraceLeak|Any CPU.ActiveCfg = RelWithDebInfo|x64
		{326BB7DA-733B-373F-B088-13149FDD472A}.TraceLeak|Any CPU.Build.0 = RelWithDebInfo|x64
		{326BB7DA-733B-373F-B088-13149FDD472A}.TraceLeak|x64.ActiveCfg = RelWithDebInfo|x64
		{326BB7DA-733B-373F-B088-13149FDD472A}.TraceLeak|x64.Build.0 = RelWithDebInfo|x64
		{326BB7DA-733B-373F-B088-13149FDD472A}.TraceLeak|x86.ActiveCfg = RelWithDebInfo|x64
		{326BB7DA-733B-373F-B088-13149FDD472A}.TraceLeak|x86.Build.0 = RelWithDebInfo|x64
		{FB145A7D-CDF2-417D-A006-F7591481D609}.Debug|Any CPU.ActiveCfg = Debug|x64
		{FB145A7D-CDF2-417D-A006-F7591481D609}.Debug|Any CPU.Build.0 = Debug|x64
		{FB145A7D-CDF2-417D-A006-F7591481D609}.Debug|x64.ActiveCfg = Debug|x64
		{FB145A7D-CDF2-417D-A006-F7591481D609}.Debug|x64.Build.0 = Debug|x64
		{FB145A7D-CDF2-417D-A006-F7591481D609}.Debug|x86.ActiveCfg = Debug|x64
		{FB145A7D-CDF2-417D-A006-F7591481D609}.Debug|x86.Build.0 = Debug|x64
		{FB145A7D-CDF2-417D-A006-F7591481D609}.MinSizeRel|Any CPU.ActiveCfg = Debug|x64
		{FB145A7D-CDF2-417D-A006-F7591481D609}.MinSizeRel|Any CPU.Build.0 = Debug|x64
		{FB145A7D-CDF2-417D-A006-F7591481D609}.MinSizeRel|x64.ActiveCfg = Debug|x64
		{FB145A7D-CDF2-417D-A006-F7591481D609}.MinSizeRel|x64.Build.0 = Debug|x64
		{FB145A7D-CDF2-417D-A006-F7591481D609}.MinSizeRel|x86.ActiveCfg = Debug|x64
		{FB145A7D-CDF2-417D-A006-F7591481D609}.MinSizeRel|x86.Build.0 = Debug|x64
		{FB145A7D-CDF2-417D-A006-F7591481D609}.Release|Any CPU.ActiveCfg = Release|x64
		{FB145A7D-CDF2-417D-A006-F7591481D609}.Release|Any CPU.Build.0 = Release|x64
		{FB145A7D-CDF2-417D-A006-F7591481D609}.Release|x64.ActiveCfg = Release|x64
		{FB145A7D-CDF2-417D-A006-F7591481D609}.Release|x64.Build.0 = Release|x64
		{FB145A7D-CDF2-417D-A006-F7591481D609}.Release|x86.ActiveCfg = Release|x64
		{FB145A7D-CDF2-417D-A006-F7591481D609}.Release|x86.Build.0 = Release|x64
		{FB145A7D-CDF2-417D-A006-F7591481D609}.RelWithDebInfo|Any CPU.ActiveCfg = Release|x64
		{FB145A7D-CDF2-417D-A006-F7591481D609}.RelWithDebInfo|Any CPU.Build.0 = Release|x64
		{FB145A7D-CDF2-417D-A006-F7591481D609}.RelWithDebInfo|x64.ActiveCfg = Release|x64
		{FB145A7D-CDF2-417D-A006-F7591481D609}.RelWithDebInfo|x64.Build.0 = Release|x64
		{FB145A7D-CDF2-417D-A006-F7591481D609}.RelWithDebInfo|x86.ActiveCfg = Release|x64
		{FB145A7D-CDF2-417D-A006-F7591481D609}.RelWithDebInfo|x86.Build.0 = Release|x64
		{FB145A7D-CDF2-417D-A006-F7591481D609}.TraceLeak|Any CPU.ActiveCfg = Debug|x64
		{FB145A7D-CDF2-417D-A006-F7591481D609}.TraceLeak|Any CPU.Build.0 = Debug|x64
		{FB145A7D-CDF2-417D-A006-F7591481D609}.TraceLeak|x64.ActiveCfg = Debug|x64
		{FB145A7D-CDF2-417D-A006-F7591481D609}.TraceLeak|x64.Build.0 = Debug|x64
		{FB145A7D-CDF2-417D-A006-F7591481D609}.TraceLeak|x86.ActiveCfg = Debug|x64
		{FB145A7D-CDF2-417D-A006-F7591481D609}.TraceLeak|x86.Build.0 = Debug|x64
	EndGlobalSection
	GlobalSection(SolutionProperties) = preSolution
		HideSolutionNode = FALSE
	EndGlobalSection
	GlobalSection(NestedProjects) = preSolution
		{5B63D269-C89C-492E-A864-9540AD6EE223} = {A942B165-F8B1-4E21-8F72-B62BEC719E73}
		{485B8722-C853-4012-AD17-45EEA843392C} = {61BAB061-566C-4436-990A-DADBB9C92F4C}
		{4FE4150F-9AF9-4601-88A5-D84B6934A9D9} = {DE433836-F1E0-46C2-B0AD-9F124F616C78}
		{AB16C108-B0C8-4FF5-BC79-D64662459AAE} = {61BAB061-566C-4436-990A-DADBB9C92F4C}
		{D5A642EA-B317-4439-AB44-C392325B2A82} = {61BAB061-566C-4436-990A-DADBB9C92F4C}
		{5F835C95-9C8E-40F4-8F49-4169A33C5634} = {61BAB061-566C-4436-990A-DADBB9C92F4C}
		{366B7B13-01BD-423F-BCB7-C521FBE7ED2B} = {29A6A041-9B29-4524-9EF3-9DE48AA17053}
		{8167D1AD-3A8E-406E-9DDD-26BC69511FDC} = {DE433836-F1E0-46C2-B0AD-9F124F616C78}
		{9AE26C9F-466C-4A82-A170-92620BEE4735} = {DE433836-F1E0-46C2-B0AD-9F124F616C78}
		{BD1B011F-356F-4FBF-B2D5-A77FBD8369A3} = {DE433836-F1E0-46C2-B0AD-9F124F616C78}
		{0EA0054A-FA32-4626-A5C9-D2F19601F143} = {DE433836-F1E0-46C2-B0AD-9F124F616C78}
		{10D5A612-0FEB-49EF-9DD9-18B1D1F1E44F} = {29A6A041-9B29-4524-9EF3-9DE48AA17053}
		{C0584885-F6E2-4BBC-8AC6-86EE1CCFF669} = {29A6A041-9B29-4524-9EF3-9DE48AA17053}
		{4D6ED136-26FC-4176-974A-8F39BA6BC603} = {645DEC86-313B-4020-BED4-B5C470F8B678}
		{8BA2B69C-2A29-4584-B743-FFFB8DC8B217} = {DE433836-F1E0-46C2-B0AD-9F124F616C78}
		{BE8E6B23-A780-385D-91ED-BE9EBF77C7A6} = {DE433836-F1E0-46C2-B0AD-9F124F616C78}
		{701E6C28-C1AB-4633-A219-24C87DF4B2DA} = {DE433836-F1E0-46C2-B0AD-9F124F616C78}
		{618A723D-1DEA-4A55-AB41-328F9021CD55} = {645DEC86-313B-4020-BED4-B5C470F8B678}
		{75213802-A4AA-3697-AA01-619ECFED0DE3} = {DE433836-F1E0-46C2-B0AD-9F124F616C78}
		{41AFDB71-6C69-38D7-970B-C944E1C36C6D} = {DE433836-F1E0-46C2-B0AD-9F124F616C78}
		{7E9B1896-D6F2-3FEF-908C-4F742F232131} = {DE433836-F1E0-46C2-B0AD-9F124F616C78}
		{326BB7DA-733B-373F-B088-13149FDD472A} = {DE433836-F1E0-46C2-B0AD-9F124F616C78}
		{FB145A7D-CDF2-417D-A006-F7591481D609} = {DE433836-F1E0-46C2-B0AD-9F124F616C78}
	EndGlobalSection
	GlobalSection(ExtensibilityGlobals) = postSolution
		SolutionGuid = {EA013C48-2635-4B36-8CF9-FE573F1DE72C}
	EndGlobalSection
EndGlobal
