
Microsoft Visual Studio Solution File, Format Version 12.00
# Visual Studio Version 17
VisualStudioVersion = 17.0.32014.148
MinimumVisualStudioVersion = 10.0.40219.1
Project("{9A19103F-16F7-4668-BE54-9A1E7A4F7556}") = "HexaEngine", "HexaEngine\HexaEngine.csproj", "{920655DD-57E8-44F1-BA7D-95116258773E}"
EndProject
Project("{2150E333-8FDC-42A3-9474-1A3956D46DE8}") = "Libs", "Libs", "{DE433836-F1E0-46C2-B0AD-9F124F616C78}"
EndProject
Project("{2150E333-8FDC-42A3-9474-1A3956D46DE8}") = "Tools", "Tools", "{A942B165-F8B1-4E21-8F72-B62BEC719E73}"
EndProject
Project("{9A19103F-16F7-4668-BE54-9A1E7A4F7556}") = "AssetsBundler", "AssetsBundler\AssetsBundler.csproj", "{5B63D269-C89C-492E-A864-9540AD6EE223}"
EndProject
Project("{9A19103F-16F7-4668-BE54-9A1E7A4F7556}") = "HexaEngine.Core", "HexaEngine.Core\HexaEngine.Core.csproj", "{E741F0C4-62D1-4654-AF81-9E40B0B98F82}"
EndProject
Project("{2150E333-8FDC-42A3-9474-1A3956D46DE8}") = "Backends", "Backends", "{61BAB061-566C-4436-990A-DADBB9C92F4C}"
EndProject
Project("{2150E333-8FDC-42A3-9474-1A3956D46DE8}") = "Solution Items", "Solution Items", "{92E56D4B-67AB-4CB6-8A61-156C6BD0244A}"
	ProjectSection(SolutionItems) = preProject
		.editorconfig = .editorconfig
	EndProjectSection
EndProject
Project("{9A19103F-16F7-4668-BE54-9A1E7A4F7556}") = "HexaEngine.Mathematics", "HexaEngine.Mathematics\HexaEngine.Mathematics.csproj", "{FB858230-5E8B-48EE-9A8F-ACA5A03DF308}"
EndProject
Project("{9A19103F-16F7-4668-BE54-9A1E7A4F7556}") = "HexaEngine.D3D11", "HexaEngine.D3D11\HexaEngine.D3D11.csproj", "{485B8722-C853-4012-AD17-45EEA843392C}"
EndProject
Project("{9A19103F-16F7-4668-BE54-9A1E7A4F7556}") = "HexaEngine.SPIRVCross", "HexaEngine.SPIRVCross\HexaEngine.SPIRVCross.csproj", "{4FE4150F-9AF9-4601-88A5-D84B6934A9D9}"
EndProject
Project("{9A19103F-16F7-4668-BE54-9A1E7A4F7556}") = "HexaEngine.XAudio", "HexaEngine.XAudio\HexaEngine.XAudio.csproj", "{AB16C108-B0C8-4FF5-BC79-D64662459AAE}"
EndProject
Project("{9A19103F-16F7-4668-BE54-9A1E7A4F7556}") = "HexaEngine.OpenAL", "HexaEngine.OpenAL\HexaEngine.OpenAL.csproj", "{D5A642EA-B317-4439-AB44-C392325B2A82}"
EndProject
Project("{9A19103F-16F7-4668-BE54-9A1E7A4F7556}") = "HexaEngine.Vulkan", "HexaEngine.Vulkan\HexaEngine.Vulkan.csproj", "{5F835C95-9C8E-40F4-8F49-4169A33C5634}"
EndProject
Project("{9A19103F-16F7-4668-BE54-9A1E7A4F7556}") = "HexaEngine.Tests", "HexaEngine.Tests\HexaEngine.Tests.csproj", "{366B7B13-01BD-423F-BCB7-C521FBE7ED2B}"
EndProject
Project("{9A19103F-16F7-4668-BE54-9A1E7A4F7556}") = "Editor", "Editor\Editor.csproj", "{8713DCB2-C42F-430D-9C25-C7F0AF3CFB8F}"
EndProject
Project("{9A19103F-16F7-4668-BE54-9A1E7A4F7556}") = "ImGui.NET", "ImGui.NET\ImGui.NET.csproj", "{8167D1AD-3A8E-406E-9DDD-26BC69511FDC}"
EndProject
Project("{9A19103F-16F7-4668-BE54-9A1E7A4F7556}") = "ImGuizmo.NET", "ImGuizmo.NET\ImGuizmo.NET.csproj", "{9AE26C9F-466C-4A82-A170-92620BEE4735}"
EndProject
Project("{9A19103F-16F7-4668-BE54-9A1E7A4F7556}") = "ImNodes.NET", "ImNodes.NET\ImNodes.NET.csproj", "{BD1B011F-356F-4FBF-B2D5-A77FBD8369A3}"
EndProject
Project("{9A19103F-16F7-4668-BE54-9A1E7A4F7556}") = "ImPlot.NET", "ImPlot.NET\ImPlot.NET.csproj", "{0EA0054A-FA32-4626-A5C9-D2F19601F143}"
EndProject
Project("{9A19103F-16F7-4668-BE54-9A1E7A4F7556}") = "TestApp", "TestApp\TestApp.csproj", "{98D7C019-9EF0-41E3-8B8B-79523F4A98F2}"
EndProject
Project("{9A19103F-16F7-4668-BE54-9A1E7A4F7556}") = "HexaEngine.DirectXTex", "HexaEngine.DirectXTex\HexaEngine.DirectXTex.csproj", "{D862056D-850C-45D7-8FB1-2BBDEC6C76CA}"
	ProjectSection(ProjectDependencies) = postProject
		{744271E3-0DD8-3220-BAF6-953C27F77532} = {744271E3-0DD8-3220-BAF6-953C27F77532}
	EndProjectSection
EndProject
Project("{8BC9CEB8-8B4A-11D0-8D11-00A0C91BC942}") = "HexaEngine.DirectXTex.Native", "HexaEngine.DirectXTex.Native\build\HexaEngine.DirectXTex.Native.vcxproj", "{744271E3-0DD8-3220-BAF6-953C27F77532}"
EndProject
Project("{9A19103F-16F7-4668-BE54-9A1E7A4F7556}") = "HexaEngine.DirectXTex.Tests", "HexaEngine.DirectXTex.Tests\HexaEngine.DirectXTex.Tests.csproj", "{10D5A612-0FEB-49EF-9DD9-18B1D1F1E44F}"
EndProject
Project("{2150E333-8FDC-42A3-9474-1A3956D46DE8}") = "Tests", "Tests", "{29A6A041-9B29-4524-9EF3-9DE48AA17053}"
EndProject
Project("{9A19103F-16F7-4668-BE54-9A1E7A4F7556}") = "HexaEngine.Projects", "HexaEngine.Projects\HexaEngine.Projects.csproj", "{C0CA4684-C250-4EE8-8A7C-D065460BDF34}"
EndProject
Project("{9A19103F-16F7-4668-BE54-9A1E7A4F7556}") = "App", "App\App.csproj", "{6AB3AC1E-5331-4EF6-9364-ACB4CD050D54}"
EndProject
Global
	GlobalSection(SolutionConfigurationPlatforms) = preSolution
		Debug|Any CPU = Debug|Any CPU
		Debug|x64 = Debug|x64
		Debug|x86 = Debug|x86
		MinSizeRel|Any CPU = MinSizeRel|Any CPU
		MinSizeRel|x64 = MinSizeRel|x64
		MinSizeRel|x86 = MinSizeRel|x86
		Release|Any CPU = Release|Any CPU
		Release|x64 = Release|x64
		Release|x86 = Release|x86
		RelWithDebInfo|Any CPU = RelWithDebInfo|Any CPU
		RelWithDebInfo|x64 = RelWithDebInfo|x64
		RelWithDebInfo|x86 = RelWithDebInfo|x86
	EndGlobalSection
	GlobalSection(ProjectConfigurationPlatforms) = postSolution
		{920655DD-57E8-44F1-BA7D-95116258773E}.Debug|Any CPU.ActiveCfg = Debug|Any CPU
		{920655DD-57E8-44F1-BA7D-95116258773E}.Debug|Any CPU.Build.0 = Debug|Any CPU
		{920655DD-57E8-44F1-BA7D-95116258773E}.Debug|x64.ActiveCfg = Debug|x64
		{920655DD-57E8-44F1-BA7D-95116258773E}.Debug|x64.Build.0 = Debug|x64
		{920655DD-57E8-44F1-BA7D-95116258773E}.Debug|x86.ActiveCfg = Debug|Any CPU
		{920655DD-57E8-44F1-BA7D-95116258773E}.Debug|x86.Build.0 = Debug|Any CPU
		{920655DD-57E8-44F1-BA7D-95116258773E}.MinSizeRel|Any CPU.ActiveCfg = Release|Any CPU
		{920655DD-57E8-44F1-BA7D-95116258773E}.MinSizeRel|Any CPU.Build.0 = Release|Any CPU
		{920655DD-57E8-44F1-BA7D-95116258773E}.MinSizeRel|x64.ActiveCfg = Release|Any CPU
		{920655DD-57E8-44F1-BA7D-95116258773E}.MinSizeRel|x64.Build.0 = Release|Any CPU
		{920655DD-57E8-44F1-BA7D-95116258773E}.MinSizeRel|x86.ActiveCfg = Release|Any CPU
		{920655DD-57E8-44F1-BA7D-95116258773E}.MinSizeRel|x86.Build.0 = Release|Any CPU
		{920655DD-57E8-44F1-BA7D-95116258773E}.Release|Any CPU.ActiveCfg = Release|Any CPU
		{920655DD-57E8-44F1-BA7D-95116258773E}.Release|Any CPU.Build.0 = Release|Any CPU
		{920655DD-57E8-44F1-BA7D-95116258773E}.Release|x64.ActiveCfg = Release|Any CPU
		{920655DD-57E8-44F1-BA7D-95116258773E}.Release|x64.Build.0 = Release|Any CPU
		{920655DD-57E8-44F1-BA7D-95116258773E}.Release|x86.ActiveCfg = Release|Any CPU
		{920655DD-57E8-44F1-BA7D-95116258773E}.Release|x86.Build.0 = Release|Any CPU
		{920655DD-57E8-44F1-BA7D-95116258773E}.RelWithDebInfo|Any CPU.ActiveCfg = Release|Any CPU
		{920655DD-57E8-44F1-BA7D-95116258773E}.RelWithDebInfo|Any CPU.Build.0 = Release|Any CPU
		{920655DD-57E8-44F1-BA7D-95116258773E}.RelWithDebInfo|x64.ActiveCfg = Release|Any CPU
		{920655DD-57E8-44F1-BA7D-95116258773E}.RelWithDebInfo|x64.Build.0 = Release|Any CPU
		{920655DD-57E8-44F1-BA7D-95116258773E}.RelWithDebInfo|x86.ActiveCfg = Release|Any CPU
		{920655DD-57E8-44F1-BA7D-95116258773E}.RelWithDebInfo|x86.Build.0 = Release|Any CPU
		{5B63D269-C89C-492E-A864-9540AD6EE223}.Debug|Any CPU.ActiveCfg = Debug|Any CPU
		{5B63D269-C89C-492E-A864-9540AD6EE223}.Debug|Any CPU.Build.0 = Debug|Any CPU
		{5B63D269-C89C-492E-A864-9540AD6EE223}.Debug|x64.ActiveCfg = Debug|x64
		{5B63D269-C89C-492E-A864-9540AD6EE223}.Debug|x64.Build.0 = Debug|x64
		{5B63D269-C89C-492E-A864-9540AD6EE223}.Debug|x86.ActiveCfg = Debug|Any CPU
		{5B63D269-C89C-492E-A864-9540AD6EE223}.Debug|x86.Build.0 = Debug|Any CPU
		{5B63D269-C89C-492E-A864-9540AD6EE223}.MinSizeRel|Any CPU.ActiveCfg = Release|Any CPU
		{5B63D269-C89C-492E-A864-9540AD6EE223}.MinSizeRel|Any CPU.Build.0 = Release|Any CPU
		{5B63D269-C89C-492E-A864-9540AD6EE223}.MinSizeRel|x64.ActiveCfg = Release|Any CPU
		{5B63D269-C89C-492E-A864-9540AD6EE223}.MinSizeRel|x64.Build.0 = Release|Any CPU
		{5B63D269-C89C-492E-A864-9540AD6EE223}.MinSizeRel|x86.ActiveCfg = Release|Any CPU
		{5B63D269-C89C-492E-A864-9540AD6EE223}.MinSizeRel|x86.Build.0 = Release|Any CPU
		{5B63D269-C89C-492E-A864-9540AD6EE223}.Release|Any CPU.ActiveCfg = Release|Any CPU
		{5B63D269-C89C-492E-A864-9540AD6EE223}.Release|Any CPU.Build.0 = Release|Any CPU
		{5B63D269-C89C-492E-A864-9540AD6EE223}.Release|x64.ActiveCfg = Release|Any CPU
		{5B63D269-C89C-492E-A864-9540AD6EE223}.Release|x64.Build.0 = Release|Any CPU
		{5B63D269-C89C-492E-A864-9540AD6EE223}.Release|x86.ActiveCfg = Release|Any CPU
		{5B63D269-C89C-492E-A864-9540AD6EE223}.Release|x86.Build.0 = Release|Any CPU
		{5B63D269-C89C-492E-A864-9540AD6EE223}.RelWithDebInfo|Any CPU.ActiveCfg = Release|Any CPU
		{5B63D269-C89C-492E-A864-9540AD6EE223}.RelWithDebInfo|Any CPU.Build.0 = Release|Any CPU
		{5B63D269-C89C-492E-A864-9540AD6EE223}.RelWithDebInfo|x64.ActiveCfg = Release|Any CPU
		{5B63D269-C89C-492E-A864-9540AD6EE223}.RelWithDebInfo|x64.Build.0 = Release|Any CPU
		{5B63D269-C89C-492E-A864-9540AD6EE223}.RelWithDebInfo|x86.ActiveCfg = Release|Any CPU
		{5B63D269-C89C-492E-A864-9540AD6EE223}.RelWithDebInfo|x86.Build.0 = Release|Any CPU
		{E741F0C4-62D1-4654-AF81-9E40B0B98F82}.Debug|Any CPU.ActiveCfg = Debug|Any CPU
		{E741F0C4-62D1-4654-AF81-9E40B0B98F82}.Debug|Any CPU.Build.0 = Debug|Any CPU
		{E741F0C4-62D1-4654-AF81-9E40B0B98F82}.Debug|x64.ActiveCfg = Debug|x64
		{E741F0C4-62D1-4654-AF81-9E40B0B98F82}.Debug|x64.Build.0 = Debug|x64
		{E741F0C4-62D1-4654-AF81-9E40B0B98F82}.Debug|x86.ActiveCfg = Debug|Any CPU
		{E741F0C4-62D1-4654-AF81-9E40B0B98F82}.Debug|x86.Build.0 = Debug|Any CPU
		{E741F0C4-62D1-4654-AF81-9E40B0B98F82}.MinSizeRel|Any CPU.ActiveCfg = Release|Any CPU
		{E741F0C4-62D1-4654-AF81-9E40B0B98F82}.MinSizeRel|Any CPU.Build.0 = Release|Any CPU
		{E741F0C4-62D1-4654-AF81-9E40B0B98F82}.MinSizeRel|x64.ActiveCfg = Release|Any CPU
		{E741F0C4-62D1-4654-AF81-9E40B0B98F82}.MinSizeRel|x64.Build.0 = Release|Any CPU
		{E741F0C4-62D1-4654-AF81-9E40B0B98F82}.MinSizeRel|x86.ActiveCfg = Release|Any CPU
		{E741F0C4-62D1-4654-AF81-9E40B0B98F82}.MinSizeRel|x86.Build.0 = Release|Any CPU
		{E741F0C4-62D1-4654-AF81-9E40B0B98F82}.Release|Any CPU.ActiveCfg = Release|Any CPU
		{E741F0C4-62D1-4654-AF81-9E40B0B98F82}.Release|Any CPU.Build.0 = Release|Any CPU
		{E741F0C4-62D1-4654-AF81-9E40B0B98F82}.Release|x64.ActiveCfg = Release|Any CPU
		{E741F0C4-62D1-4654-AF81-9E40B0B98F82}.Release|x64.Build.0 = Release|Any CPU
		{E741F0C4-62D1-4654-AF81-9E40B0B98F82}.Release|x86.ActiveCfg = Release|Any CPU
		{E741F0C4-62D1-4654-AF81-9E40B0B98F82}.Release|x86.Build.0 = Release|Any CPU
		{E741F0C4-62D1-4654-AF81-9E40B0B98F82}.RelWithDebInfo|Any CPU.ActiveCfg = Release|Any CPU
		{E741F0C4-62D1-4654-AF81-9E40B0B98F82}.RelWithDebInfo|Any CPU.Build.0 = Release|Any CPU
		{E741F0C4-62D1-4654-AF81-9E40B0B98F82}.RelWithDebInfo|x64.ActiveCfg = Release|Any CPU
		{E741F0C4-62D1-4654-AF81-9E40B0B98F82}.RelWithDebInfo|x64.Build.0 = Release|Any CPU
		{E741F0C4-62D1-4654-AF81-9E40B0B98F82}.RelWithDebInfo|x86.ActiveCfg = Release|Any CPU
		{E741F0C4-62D1-4654-AF81-9E40B0B98F82}.RelWithDebInfo|x86.Build.0 = Release|Any CPU
		{FB858230-5E8B-48EE-9A8F-ACA5A03DF308}.Debug|Any CPU.ActiveCfg = Debug|Any CPU
		{FB858230-5E8B-48EE-9A8F-ACA5A03DF308}.Debug|Any CPU.Build.0 = Debug|Any CPU
		{FB858230-5E8B-48EE-9A8F-ACA5A03DF308}.Debug|x64.ActiveCfg = Debug|x64
		{FB858230-5E8B-48EE-9A8F-ACA5A03DF308}.Debug|x64.Build.0 = Debug|x64
		{FB858230-5E8B-48EE-9A8F-ACA5A03DF308}.Debug|x86.ActiveCfg = Debug|Any CPU
		{FB858230-5E8B-48EE-9A8F-ACA5A03DF308}.Debug|x86.Build.0 = Debug|Any CPU
		{FB858230-5E8B-48EE-9A8F-ACA5A03DF308}.MinSizeRel|Any CPU.ActiveCfg = Release|Any CPU
		{FB858230-5E8B-48EE-9A8F-ACA5A03DF308}.MinSizeRel|Any CPU.Build.0 = Release|Any CPU
		{FB858230-5E8B-48EE-9A8F-ACA5A03DF308}.MinSizeRel|x64.ActiveCfg = Release|Any CPU
		{FB858230-5E8B-48EE-9A8F-ACA5A03DF308}.MinSizeRel|x64.Build.0 = Release|Any CPU
		{FB858230-5E8B-48EE-9A8F-ACA5A03DF308}.MinSizeRel|x86.ActiveCfg = Release|Any CPU
		{FB858230-5E8B-48EE-9A8F-ACA5A03DF308}.MinSizeRel|x86.Build.0 = Release|Any CPU
		{FB858230-5E8B-48EE-9A8F-ACA5A03DF308}.Release|Any CPU.ActiveCfg = Release|Any CPU
		{FB858230-5E8B-48EE-9A8F-ACA5A03DF308}.Release|Any CPU.Build.0 = Release|Any CPU
		{FB858230-5E8B-48EE-9A8F-ACA5A03DF308}.Release|x64.ActiveCfg = Release|Any CPU
		{FB858230-5E8B-48EE-9A8F-ACA5A03DF308}.Release|x64.Build.0 = Release|Any CPU
		{FB858230-5E8B-48EE-9A8F-ACA5A03DF308}.Release|x86.ActiveCfg = Release|Any CPU
		{FB858230-5E8B-48EE-9A8F-ACA5A03DF308}.Release|x86.Build.0 = Release|Any CPU
		{FB858230-5E8B-48EE-9A8F-ACA5A03DF308}.RelWithDebInfo|Any CPU.ActiveCfg = Release|Any CPU
		{FB858230-5E8B-48EE-9A8F-ACA5A03DF308}.RelWithDebInfo|Any CPU.Build.0 = Release|Any CPU
		{FB858230-5E8B-48EE-9A8F-ACA5A03DF308}.RelWithDebInfo|x64.ActiveCfg = Release|Any CPU
		{FB858230-5E8B-48EE-9A8F-ACA5A03DF308}.RelWithDebInfo|x64.Build.0 = Release|Any CPU
		{FB858230-5E8B-48EE-9A8F-ACA5A03DF308}.RelWithDebInfo|x86.ActiveCfg = Release|Any CPU
		{FB858230-5E8B-48EE-9A8F-ACA5A03DF308}.RelWithDebInfo|x86.Build.0 = Release|Any CPU
		{485B8722-C853-4012-AD17-45EEA843392C}.Debug|Any CPU.ActiveCfg = Debug|Any CPU
		{485B8722-C853-4012-AD17-45EEA843392C}.Debug|Any CPU.Build.0 = Debug|Any CPU
		{485B8722-C853-4012-AD17-45EEA843392C}.Debug|x64.ActiveCfg = Debug|x64
		{485B8722-C853-4012-AD17-45EEA843392C}.Debug|x64.Build.0 = Debug|x64
		{485B8722-C853-4012-AD17-45EEA843392C}.Debug|x86.ActiveCfg = Debug|Any CPU
		{485B8722-C853-4012-AD17-45EEA843392C}.Debug|x86.Build.0 = Debug|Any CPU
		{485B8722-C853-4012-AD17-45EEA843392C}.MinSizeRel|Any CPU.ActiveCfg = Release|Any CPU
		{485B8722-C853-4012-AD17-45EEA843392C}.MinSizeRel|Any CPU.Build.0 = Release|Any CPU
		{485B8722-C853-4012-AD17-45EEA843392C}.MinSizeRel|x64.ActiveCfg = Release|Any CPU
		{485B8722-C853-4012-AD17-45EEA843392C}.MinSizeRel|x64.Build.0 = Release|Any CPU
		{485B8722-C853-4012-AD17-45EEA843392C}.MinSizeRel|x86.ActiveCfg = Release|Any CPU
		{485B8722-C853-4012-AD17-45EEA843392C}.MinSizeRel|x86.Build.0 = Release|Any CPU
		{485B8722-C853-4012-AD17-45EEA843392C}.Release|Any CPU.ActiveCfg = Release|Any CPU
		{485B8722-C853-4012-AD17-45EEA843392C}.Release|Any CPU.Build.0 = Release|Any CPU
		{485B8722-C853-4012-AD17-45EEA843392C}.Release|x64.ActiveCfg = Release|Any CPU
		{485B8722-C853-4012-AD17-45EEA843392C}.Release|x64.Build.0 = Release|Any CPU
		{485B8722-C853-4012-AD17-45EEA843392C}.Release|x86.ActiveCfg = Release|Any CPU
		{485B8722-C853-4012-AD17-45EEA843392C}.Release|x86.Build.0 = Release|Any CPU
		{485B8722-C853-4012-AD17-45EEA843392C}.RelWithDebInfo|Any CPU.ActiveCfg = Release|Any CPU
		{485B8722-C853-4012-AD17-45EEA843392C}.RelWithDebInfo|Any CPU.Build.0 = Release|Any CPU
		{485B8722-C853-4012-AD17-45EEA843392C}.RelWithDebInfo|x64.ActiveCfg = Release|Any CPU
		{485B8722-C853-4012-AD17-45EEA843392C}.RelWithDebInfo|x64.Build.0 = Release|Any CPU
		{485B8722-C853-4012-AD17-45EEA843392C}.RelWithDebInfo|x86.ActiveCfg = Release|Any CPU
		{485B8722-C853-4012-AD17-45EEA843392C}.RelWithDebInfo|x86.Build.0 = Release|Any CPU
		{4FE4150F-9AF9-4601-88A5-D84B6934A9D9}.Debug|Any CPU.ActiveCfg = Debug|Any CPU
		{4FE4150F-9AF9-4601-88A5-D84B6934A9D9}.Debug|Any CPU.Build.0 = Debug|Any CPU
		{4FE4150F-9AF9-4601-88A5-D84B6934A9D9}.Debug|x64.ActiveCfg = Debug|x64
		{4FE4150F-9AF9-4601-88A5-D84B6934A9D9}.Debug|x64.Build.0 = Debug|x64
		{4FE4150F-9AF9-4601-88A5-D84B6934A9D9}.Debug|x86.ActiveCfg = Debug|Any CPU
		{4FE4150F-9AF9-4601-88A5-D84B6934A9D9}.Debug|x86.Build.0 = Debug|Any CPU
		{4FE4150F-9AF9-4601-88A5-D84B6934A9D9}.MinSizeRel|Any CPU.ActiveCfg = Release|Any CPU
		{4FE4150F-9AF9-4601-88A5-D84B6934A9D9}.MinSizeRel|Any CPU.Build.0 = Release|Any CPU
		{4FE4150F-9AF9-4601-88A5-D84B6934A9D9}.MinSizeRel|x64.ActiveCfg = Release|Any CPU
		{4FE4150F-9AF9-4601-88A5-D84B6934A9D9}.MinSizeRel|x64.Build.0 = Release|Any CPU
		{4FE4150F-9AF9-4601-88A5-D84B6934A9D9}.MinSizeRel|x86.ActiveCfg = Release|Any CPU
		{4FE4150F-9AF9-4601-88A5-D84B6934A9D9}.MinSizeRel|x86.Build.0 = Release|Any CPU
		{4FE4150F-9AF9-4601-88A5-D84B6934A9D9}.Release|Any CPU.ActiveCfg = Release|Any CPU
		{4FE4150F-9AF9-4601-88A5-D84B6934A9D9}.Release|Any CPU.Build.0 = Release|Any CPU
		{4FE4150F-9AF9-4601-88A5-D84B6934A9D9}.Release|x64.ActiveCfg = Release|Any CPU
		{4FE4150F-9AF9-4601-88A5-D84B6934A9D9}.Release|x64.Build.0 = Release|Any CPU
		{4FE4150F-9AF9-4601-88A5-D84B6934A9D9}.Release|x86.ActiveCfg = Release|Any CPU
		{4FE4150F-9AF9-4601-88A5-D84B6934A9D9}.Release|x86.Build.0 = Release|Any CPU
		{4FE4150F-9AF9-4601-88A5-D84B6934A9D9}.RelWithDebInfo|Any CPU.ActiveCfg = Release|Any CPU
		{4FE4150F-9AF9-4601-88A5-D84B6934A9D9}.RelWithDebInfo|Any CPU.Build.0 = Release|Any CPU
		{4FE4150F-9AF9-4601-88A5-D84B6934A9D9}.RelWithDebInfo|x64.ActiveCfg = Release|Any CPU
		{4FE4150F-9AF9-4601-88A5-D84B6934A9D9}.RelWithDebInfo|x64.Build.0 = Release|Any CPU
		{4FE4150F-9AF9-4601-88A5-D84B6934A9D9}.RelWithDebInfo|x86.ActiveCfg = Release|Any CPU
		{4FE4150F-9AF9-4601-88A5-D84B6934A9D9}.RelWithDebInfo|x86.Build.0 = Release|Any CPU
		{AB16C108-B0C8-4FF5-BC79-D64662459AAE}.Debug|Any CPU.ActiveCfg = Debug|Any CPU
		{AB16C108-B0C8-4FF5-BC79-D64662459AAE}.Debug|Any CPU.Build.0 = Debug|Any CPU
		{AB16C108-B0C8-4FF5-BC79-D64662459AAE}.Debug|x64.ActiveCfg = Debug|x64
		{AB16C108-B0C8-4FF5-BC79-D64662459AAE}.Debug|x64.Build.0 = Debug|x64
		{AB16C108-B0C8-4FF5-BC79-D64662459AAE}.Debug|x86.ActiveCfg = Debug|Any CPU
		{AB16C108-B0C8-4FF5-BC79-D64662459AAE}.Debug|x86.Build.0 = Debug|Any CPU
		{AB16C108-B0C8-4FF5-BC79-D64662459AAE}.MinSizeRel|Any CPU.ActiveCfg = Release|Any CPU
		{AB16C108-B0C8-4FF5-BC79-D64662459AAE}.MinSizeRel|Any CPU.Build.0 = Release|Any CPU
		{AB16C108-B0C8-4FF5-BC79-D64662459AAE}.MinSizeRel|x64.ActiveCfg = Release|Any CPU
		{AB16C108-B0C8-4FF5-BC79-D64662459AAE}.MinSizeRel|x64.Build.0 = Release|Any CPU
		{AB16C108-B0C8-4FF5-BC79-D64662459AAE}.MinSizeRel|x86.ActiveCfg = Release|Any CPU
		{AB16C108-B0C8-4FF5-BC79-D64662459AAE}.MinSizeRel|x86.Build.0 = Release|Any CPU
		{AB16C108-B0C8-4FF5-BC79-D64662459AAE}.Release|Any CPU.ActiveCfg = Release|Any CPU
		{AB16C108-B0C8-4FF5-BC79-D64662459AAE}.Release|Any CPU.Build.0 = Release|Any CPU
		{AB16C108-B0C8-4FF5-BC79-D64662459AAE}.Release|x64.ActiveCfg = Release|Any CPU
		{AB16C108-B0C8-4FF5-BC79-D64662459AAE}.Release|x64.Build.0 = Release|Any CPU
		{AB16C108-B0C8-4FF5-BC79-D64662459AAE}.Release|x86.ActiveCfg = Release|Any CPU
		{AB16C108-B0C8-4FF5-BC79-D64662459AAE}.Release|x86.Build.0 = Release|Any CPU
		{AB16C108-B0C8-4FF5-BC79-D64662459AAE}.RelWithDebInfo|Any CPU.ActiveCfg = Release|Any CPU
		{AB16C108-B0C8-4FF5-BC79-D64662459AAE}.RelWithDebInfo|Any CPU.Build.0 = Release|Any CPU
		{AB16C108-B0C8-4FF5-BC79-D64662459AAE}.RelWithDebInfo|x64.ActiveCfg = Release|Any CPU
		{AB16C108-B0C8-4FF5-BC79-D64662459AAE}.RelWithDebInfo|x64.Build.0 = Release|Any CPU
		{AB16C108-B0C8-4FF5-BC79-D64662459AAE}.RelWithDebInfo|x86.ActiveCfg = Release|Any CPU
		{AB16C108-B0C8-4FF5-BC79-D64662459AAE}.RelWithDebInfo|x86.Build.0 = Release|Any CPU
		{D5A642EA-B317-4439-AB44-C392325B2A82}.Debug|Any CPU.ActiveCfg = Debug|Any CPU
		{D5A642EA-B317-4439-AB44-C392325B2A82}.Debug|Any CPU.Build.0 = Debug|Any CPU
		{D5A642EA-B317-4439-AB44-C392325B2A82}.Debug|x64.ActiveCfg = Debug|x64
		{D5A642EA-B317-4439-AB44-C392325B2A82}.Debug|x64.Build.0 = Debug|x64
		{D5A642EA-B317-4439-AB44-C392325B2A82}.Debug|x86.ActiveCfg = Debug|Any CPU
		{D5A642EA-B317-4439-AB44-C392325B2A82}.Debug|x86.Build.0 = Debug|Any CPU
		{D5A642EA-B317-4439-AB44-C392325B2A82}.MinSizeRel|Any CPU.ActiveCfg = Release|Any CPU
		{D5A642EA-B317-4439-AB44-C392325B2A82}.MinSizeRel|Any CPU.Build.0 = Release|Any CPU
		{D5A642EA-B317-4439-AB44-C392325B2A82}.MinSizeRel|x64.ActiveCfg = Release|Any CPU
		{D5A642EA-B317-4439-AB44-C392325B2A82}.MinSizeRel|x64.Build.0 = Release|Any CPU
		{D5A642EA-B317-4439-AB44-C392325B2A82}.MinSizeRel|x86.ActiveCfg = Release|Any CPU
		{D5A642EA-B317-4439-AB44-C392325B2A82}.MinSizeRel|x86.Build.0 = Release|Any CPU
		{D5A642EA-B317-4439-AB44-C392325B2A82}.Release|Any CPU.ActiveCfg = Release|Any CPU
		{D5A642EA-B317-4439-AB44-C392325B2A82}.Release|Any CPU.Build.0 = Release|Any CPU
		{D5A642EA-B317-4439-AB44-C392325B2A82}.Release|x64.ActiveCfg = Release|Any CPU
		{D5A642EA-B317-4439-AB44-C392325B2A82}.Release|x64.Build.0 = Release|Any CPU
		{D5A642EA-B317-4439-AB44-C392325B2A82}.Release|x86.ActiveCfg = Release|Any CPU
		{D5A642EA-B317-4439-AB44-C392325B2A82}.Release|x86.Build.0 = Release|Any CPU
		{D5A642EA-B317-4439-AB44-C392325B2A82}.RelWithDebInfo|Any CPU.ActiveCfg = Release|Any CPU
		{D5A642EA-B317-4439-AB44-C392325B2A82}.RelWithDebInfo|Any CPU.Build.0 = Release|Any CPU
		{D5A642EA-B317-4439-AB44-C392325B2A82}.RelWithDebInfo|x64.ActiveCfg = Release|Any CPU
		{D5A642EA-B317-4439-AB44-C392325B2A82}.RelWithDebInfo|x64.Build.0 = Release|Any CPU
		{D5A642EA-B317-4439-AB44-C392325B2A82}.RelWithDebInfo|x86.ActiveCfg = Release|Any CPU
		{D5A642EA-B317-4439-AB44-C392325B2A82}.RelWithDebInfo|x86.Build.0 = Release|Any CPU
		{5F835C95-9C8E-40F4-8F49-4169A33C5634}.Debug|Any CPU.ActiveCfg = Debug|Any CPU
		{5F835C95-9C8E-40F4-8F49-4169A33C5634}.Debug|Any CPU.Build.0 = Debug|Any CPU
		{5F835C95-9C8E-40F4-8F49-4169A33C5634}.Debug|x64.ActiveCfg = Debug|x64
		{5F835C95-9C8E-40F4-8F49-4169A33C5634}.Debug|x64.Build.0 = Debug|x64
		{5F835C95-9C8E-40F4-8F49-4169A33C5634}.Debug|x86.ActiveCfg = Debug|Any CPU
		{5F835C95-9C8E-40F4-8F49-4169A33C5634}.Debug|x86.Build.0 = Debug|Any CPU
		{5F835C95-9C8E-40F4-8F49-4169A33C5634}.MinSizeRel|Any CPU.ActiveCfg = Release|Any CPU
		{5F835C95-9C8E-40F4-8F49-4169A33C5634}.MinSizeRel|Any CPU.Build.0 = Release|Any CPU
		{5F835C95-9C8E-40F4-8F49-4169A33C5634}.MinSizeRel|x64.ActiveCfg = Release|Any CPU
		{5F835C95-9C8E-40F4-8F49-4169A33C5634}.MinSizeRel|x64.Build.0 = Release|Any CPU
		{5F835C95-9C8E-40F4-8F49-4169A33C5634}.MinSizeRel|x86.ActiveCfg = Release|Any CPU
		{5F835C95-9C8E-40F4-8F49-4169A33C5634}.MinSizeRel|x86.Build.0 = Release|Any CPU
		{5F835C95-9C8E-40F4-8F49-4169A33C5634}.Release|Any CPU.ActiveCfg = Release|Any CPU
		{5F835C95-9C8E-40F4-8F49-4169A33C5634}.Release|Any CPU.Build.0 = Release|Any CPU
		{5F835C95-9C8E-40F4-8F49-4169A33C5634}.Release|x64.ActiveCfg = Release|Any CPU
		{5F835C95-9C8E-40F4-8F49-4169A33C5634}.Release|x64.Build.0 = Release|Any CPU
		{5F835C95-9C8E-40F4-8F49-4169A33C5634}.Release|x86.ActiveCfg = Release|Any CPU
		{5F835C95-9C8E-40F4-8F49-4169A33C5634}.Release|x86.Build.0 = Release|Any CPU
		{5F835C95-9C8E-40F4-8F49-4169A33C5634}.RelWithDebInfo|Any CPU.ActiveCfg = Release|Any CPU
		{5F835C95-9C8E-40F4-8F49-4169A33C5634}.RelWithDebInfo|Any CPU.Build.0 = Release|Any CPU
		{5F835C95-9C8E-40F4-8F49-4169A33C5634}.RelWithDebInfo|x64.ActiveCfg = Release|Any CPU
		{5F835C95-9C8E-40F4-8F49-4169A33C5634}.RelWithDebInfo|x64.Build.0 = Release|Any CPU
		{5F835C95-9C8E-40F4-8F49-4169A33C5634}.RelWithDebInfo|x86.ActiveCfg = Release|Any CPU
		{5F835C95-9C8E-40F4-8F49-4169A33C5634}.RelWithDebInfo|x86.Build.0 = Release|Any CPU
		{366B7B13-01BD-423F-BCB7-C521FBE7ED2B}.Debug|Any CPU.ActiveCfg = Debug|Any CPU
		{366B7B13-01BD-423F-BCB7-C521FBE7ED2B}.Debug|Any CPU.Build.0 = Debug|Any CPU
		{366B7B13-01BD-423F-BCB7-C521FBE7ED2B}.Debug|x64.ActiveCfg = Debug|x64
		{366B7B13-01BD-423F-BCB7-C521FBE7ED2B}.Debug|x64.Build.0 = Debug|x64
		{366B7B13-01BD-423F-BCB7-C521FBE7ED2B}.Debug|x86.ActiveCfg = Debug|Any CPU
		{366B7B13-01BD-423F-BCB7-C521FBE7ED2B}.Debug|x86.Build.0 = Debug|Any CPU
		{366B7B13-01BD-423F-BCB7-C521FBE7ED2B}.MinSizeRel|Any CPU.ActiveCfg = Release|Any CPU
		{366B7B13-01BD-423F-BCB7-C521FBE7ED2B}.MinSizeRel|Any CPU.Build.0 = Release|Any CPU
		{366B7B13-01BD-423F-BCB7-C521FBE7ED2B}.MinSizeRel|x64.ActiveCfg = Release|Any CPU
		{366B7B13-01BD-423F-BCB7-C521FBE7ED2B}.MinSizeRel|x64.Build.0 = Release|Any CPU
		{366B7B13-01BD-423F-BCB7-C521FBE7ED2B}.MinSizeRel|x86.ActiveCfg = Release|Any CPU
		{366B7B13-01BD-423F-BCB7-C521FBE7ED2B}.MinSizeRel|x86.Build.0 = Release|Any CPU
		{366B7B13-01BD-423F-BCB7-C521FBE7ED2B}.Release|Any CPU.ActiveCfg = Release|Any CPU
		{366B7B13-01BD-423F-BCB7-C521FBE7ED2B}.Release|Any CPU.Build.0 = Release|Any CPU
		{366B7B13-01BD-423F-BCB7-C521FBE7ED2B}.Release|x64.ActiveCfg = Release|Any CPU
		{366B7B13-01BD-423F-BCB7-C521FBE7ED2B}.Release|x64.Build.0 = Release|Any CPU
		{366B7B13-01BD-423F-BCB7-C521FBE7ED2B}.Release|x86.ActiveCfg = Release|Any CPU
		{366B7B13-01BD-423F-BCB7-C521FBE7ED2B}.Release|x86.Build.0 = Release|Any CPU
		{366B7B13-01BD-423F-BCB7-C521FBE7ED2B}.RelWithDebInfo|Any CPU.ActiveCfg = Release|Any CPU
		{366B7B13-01BD-423F-BCB7-C521FBE7ED2B}.RelWithDebInfo|Any CPU.Build.0 = Release|Any CPU
		{366B7B13-01BD-423F-BCB7-C521FBE7ED2B}.RelWithDebInfo|x64.ActiveCfg = Release|Any CPU
		{366B7B13-01BD-423F-BCB7-C521FBE7ED2B}.RelWithDebInfo|x64.Build.0 = Release|Any CPU
		{366B7B13-01BD-423F-BCB7-C521FBE7ED2B}.RelWithDebInfo|x86.ActiveCfg = Release|Any CPU
		{366B7B13-01BD-423F-BCB7-C521FBE7ED2B}.RelWithDebInfo|x86.Build.0 = Release|Any CPU
		{8713DCB2-C42F-430D-9C25-C7F0AF3CFB8F}.Debug|Any CPU.ActiveCfg = Debug|Any CPU
		{8713DCB2-C42F-430D-9C25-C7F0AF3CFB8F}.Debug|Any CPU.Build.0 = Debug|Any CPU
		{8713DCB2-C42F-430D-9C25-C7F0AF3CFB8F}.Debug|x64.ActiveCfg = Debug|Any CPU
		{8713DCB2-C42F-430D-9C25-C7F0AF3CFB8F}.Debug|x64.Build.0 = Debug|Any CPU
		{8713DCB2-C42F-430D-9C25-C7F0AF3CFB8F}.Debug|x86.ActiveCfg = Debug|Any CPU
		{8713DCB2-C42F-430D-9C25-C7F0AF3CFB8F}.Debug|x86.Build.0 = Debug|Any CPU
		{8713DCB2-C42F-430D-9C25-C7F0AF3CFB8F}.MinSizeRel|Any CPU.ActiveCfg = Release|Any CPU
		{8713DCB2-C42F-430D-9C25-C7F0AF3CFB8F}.MinSizeRel|x64.ActiveCfg = Release|Any CPU
		{8713DCB2-C42F-430D-9C25-C7F0AF3CFB8F}.MinSizeRel|x86.ActiveCfg = Release|Any CPU
		{8713DCB2-C42F-430D-9C25-C7F0AF3CFB8F}.Release|Any CPU.ActiveCfg = Release|Any CPU
		{8713DCB2-C42F-430D-9C25-C7F0AF3CFB8F}.Release|Any CPU.Build.0 = Release|Any CPU
		{8713DCB2-C42F-430D-9C25-C7F0AF3CFB8F}.Release|x64.ActiveCfg = Release|Any CPU
		{8713DCB2-C42F-430D-9C25-C7F0AF3CFB8F}.Release|x64.Build.0 = Release|Any CPU
		{8713DCB2-C42F-430D-9C25-C7F0AF3CFB8F}.Release|x86.ActiveCfg = Release|Any CPU
		{8713DCB2-C42F-430D-9C25-C7F0AF3CFB8F}.Release|x86.Build.0 = Release|Any CPU
		{8713DCB2-C42F-430D-9C25-C7F0AF3CFB8F}.RelWithDebInfo|Any CPU.ActiveCfg = Release|Any CPU
		{8713DCB2-C42F-430D-9C25-C7F0AF3CFB8F}.RelWithDebInfo|x64.ActiveCfg = Release|Any CPU
		{8713DCB2-C42F-430D-9C25-C7F0AF3CFB8F}.RelWithDebInfo|x86.ActiveCfg = Release|Any CPU
		{8167D1AD-3A8E-406E-9DDD-26BC69511FDC}.Debug|Any CPU.ActiveCfg = Debug|Any CPU
		{8167D1AD-3A8E-406E-9DDD-26BC69511FDC}.Debug|Any CPU.Build.0 = Debug|Any CPU
		{8167D1AD-3A8E-406E-9DDD-26BC69511FDC}.Debug|x64.ActiveCfg = Debug|x64
		{8167D1AD-3A8E-406E-9DDD-26BC69511FDC}.Debug|x64.Build.0 = Debug|x64
		{8167D1AD-3A8E-406E-9DDD-26BC69511FDC}.Debug|x86.ActiveCfg = Debug|Any CPU
		{8167D1AD-3A8E-406E-9DDD-26BC69511FDC}.Debug|x86.Build.0 = Debug|Any CPU
		{8167D1AD-3A8E-406E-9DDD-26BC69511FDC}.MinSizeRel|Any CPU.ActiveCfg = Release|Any CPU
		{8167D1AD-3A8E-406E-9DDD-26BC69511FDC}.MinSizeRel|Any CPU.Build.0 = Release|Any CPU
		{8167D1AD-3A8E-406E-9DDD-26BC69511FDC}.MinSizeRel|x64.ActiveCfg = Release|Any CPU
		{8167D1AD-3A8E-406E-9DDD-26BC69511FDC}.MinSizeRel|x64.Build.0 = Release|Any CPU
		{8167D1AD-3A8E-406E-9DDD-26BC69511FDC}.MinSizeRel|x86.ActiveCfg = Release|Any CPU
		{8167D1AD-3A8E-406E-9DDD-26BC69511FDC}.MinSizeRel|x86.Build.0 = Release|Any CPU
		{8167D1AD-3A8E-406E-9DDD-26BC69511FDC}.Release|Any CPU.ActiveCfg = Release|Any CPU
		{8167D1AD-3A8E-406E-9DDD-26BC69511FDC}.Release|Any CPU.Build.0 = Release|Any CPU
		{8167D1AD-3A8E-406E-9DDD-26BC69511FDC}.Release|x64.ActiveCfg = Release|Any CPU
		{8167D1AD-3A8E-406E-9DDD-26BC69511FDC}.Release|x64.Build.0 = Release|Any CPU
		{8167D1AD-3A8E-406E-9DDD-26BC69511FDC}.Release|x86.ActiveCfg = Release|Any CPU
		{8167D1AD-3A8E-406E-9DDD-26BC69511FDC}.Release|x86.Build.0 = Release|Any CPU
		{8167D1AD-3A8E-406E-9DDD-26BC69511FDC}.RelWithDebInfo|Any CPU.ActiveCfg = Release|Any CPU
		{8167D1AD-3A8E-406E-9DDD-26BC69511FDC}.RelWithDebInfo|Any CPU.Build.0 = Release|Any CPU
		{8167D1AD-3A8E-406E-9DDD-26BC69511FDC}.RelWithDebInfo|x64.ActiveCfg = Release|Any CPU
		{8167D1AD-3A8E-406E-9DDD-26BC69511FDC}.RelWithDebInfo|x64.Build.0 = Release|Any CPU
		{8167D1AD-3A8E-406E-9DDD-26BC69511FDC}.RelWithDebInfo|x86.ActiveCfg = Release|Any CPU
		{8167D1AD-3A8E-406E-9DDD-26BC69511FDC}.RelWithDebInfo|x86.Build.0 = Release|Any CPU
		{9AE26C9F-466C-4A82-A170-92620BEE4735}.Debug|Any CPU.ActiveCfg = Debug|Any CPU
		{9AE26C9F-466C-4A82-A170-92620BEE4735}.Debug|Any CPU.Build.0 = Debug|Any CPU
		{9AE26C9F-466C-4A82-A170-92620BEE4735}.Debug|x64.ActiveCfg = Debug|x64
		{9AE26C9F-466C-4A82-A170-92620BEE4735}.Debug|x64.Build.0 = Debug|x64
		{9AE26C9F-466C-4A82-A170-92620BEE4735}.Debug|x86.ActiveCfg = Debug|Any CPU
		{9AE26C9F-466C-4A82-A170-92620BEE4735}.Debug|x86.Build.0 = Debug|Any CPU
		{9AE26C9F-466C-4A82-A170-92620BEE4735}.MinSizeRel|Any CPU.ActiveCfg = Release|Any CPU
		{9AE26C9F-466C-4A82-A170-92620BEE4735}.MinSizeRel|Any CPU.Build.0 = Release|Any CPU
		{9AE26C9F-466C-4A82-A170-92620BEE4735}.MinSizeRel|x64.ActiveCfg = Release|Any CPU
		{9AE26C9F-466C-4A82-A170-92620BEE4735}.MinSizeRel|x64.Build.0 = Release|Any CPU
		{9AE26C9F-466C-4A82-A170-92620BEE4735}.MinSizeRel|x86.ActiveCfg = Release|Any CPU
		{9AE26C9F-466C-4A82-A170-92620BEE4735}.MinSizeRel|x86.Build.0 = Release|Any CPU
		{9AE26C9F-466C-4A82-A170-92620BEE4735}.Release|Any CPU.ActiveCfg = Release|Any CPU
		{9AE26C9F-466C-4A82-A170-92620BEE4735}.Release|Any CPU.Build.0 = Release|Any CPU
		{9AE26C9F-466C-4A82-A170-92620BEE4735}.Release|x64.ActiveCfg = Release|Any CPU
		{9AE26C9F-466C-4A82-A170-92620BEE4735}.Release|x64.Build.0 = Release|Any CPU
		{9AE26C9F-466C-4A82-A170-92620BEE4735}.Release|x86.ActiveCfg = Release|Any CPU
		{9AE26C9F-466C-4A82-A170-92620BEE4735}.Release|x86.Build.0 = Release|Any CPU
		{9AE26C9F-466C-4A82-A170-92620BEE4735}.RelWithDebInfo|Any CPU.ActiveCfg = Release|Any CPU
		{9AE26C9F-466C-4A82-A170-92620BEE4735}.RelWithDebInfo|Any CPU.Build.0 = Release|Any CPU
		{9AE26C9F-466C-4A82-A170-92620BEE4735}.RelWithDebInfo|x64.ActiveCfg = Release|Any CPU
		{9AE26C9F-466C-4A82-A170-92620BEE4735}.RelWithDebInfo|x64.Build.0 = Release|Any CPU
		{9AE26C9F-466C-4A82-A170-92620BEE4735}.RelWithDebInfo|x86.ActiveCfg = Release|Any CPU
		{9AE26C9F-466C-4A82-A170-92620BEE4735}.RelWithDebInfo|x86.Build.0 = Release|Any CPU
		{BD1B011F-356F-4FBF-B2D5-A77FBD8369A3}.Debug|Any CPU.ActiveCfg = Debug|Any CPU
		{BD1B011F-356F-4FBF-B2D5-A77FBD8369A3}.Debug|Any CPU.Build.0 = Debug|Any CPU
		{BD1B011F-356F-4FBF-B2D5-A77FBD8369A3}.Debug|x64.ActiveCfg = Debug|x64
		{BD1B011F-356F-4FBF-B2D5-A77FBD8369A3}.Debug|x64.Build.0 = Debug|x64
		{BD1B011F-356F-4FBF-B2D5-A77FBD8369A3}.Debug|x86.ActiveCfg = Debug|Any CPU
		{BD1B011F-356F-4FBF-B2D5-A77FBD8369A3}.Debug|x86.Build.0 = Debug|Any CPU
		{BD1B011F-356F-4FBF-B2D5-A77FBD8369A3}.MinSizeRel|Any CPU.ActiveCfg = Release|Any CPU
		{BD1B011F-356F-4FBF-B2D5-A77FBD8369A3}.MinSizeRel|Any CPU.Build.0 = Release|Any CPU
		{BD1B011F-356F-4FBF-B2D5-A77FBD8369A3}.MinSizeRel|x64.ActiveCfg = Release|Any CPU
		{BD1B011F-356F-4FBF-B2D5-A77FBD8369A3}.MinSizeRel|x64.Build.0 = Release|Any CPU
		{BD1B011F-356F-4FBF-B2D5-A77FBD8369A3}.MinSizeRel|x86.ActiveCfg = Release|Any CPU
		{BD1B011F-356F-4FBF-B2D5-A77FBD8369A3}.MinSizeRel|x86.Build.0 = Release|Any CPU
		{BD1B011F-356F-4FBF-B2D5-A77FBD8369A3}.Release|Any CPU.ActiveCfg = Release|Any CPU
		{BD1B011F-356F-4FBF-B2D5-A77FBD8369A3}.Release|Any CPU.Build.0 = Release|Any CPU
		{BD1B011F-356F-4FBF-B2D5-A77FBD8369A3}.Release|x64.ActiveCfg = Release|Any CPU
		{BD1B011F-356F-4FBF-B2D5-A77FBD8369A3}.Release|x64.Build.0 = Release|Any CPU
		{BD1B011F-356F-4FBF-B2D5-A77FBD8369A3}.Release|x86.ActiveCfg = Release|Any CPU
		{BD1B011F-356F-4FBF-B2D5-A77FBD8369A3}.Release|x86.Build.0 = Release|Any CPU
		{BD1B011F-356F-4FBF-B2D5-A77FBD8369A3}.RelWithDebInfo|Any CPU.ActiveCfg = Release|Any CPU
		{BD1B011F-356F-4FBF-B2D5-A77FBD8369A3}.RelWithDebInfo|Any CPU.Build.0 = Release|Any CPU
		{BD1B011F-356F-4FBF-B2D5-A77FBD8369A3}.RelWithDebInfo|x64.ActiveCfg = Release|Any CPU
		{BD1B011F-356F-4FBF-B2D5-A77FBD8369A3}.RelWithDebInfo|x64.Build.0 = Release|Any CPU
		{BD1B011F-356F-4FBF-B2D5-A77FBD8369A3}.RelWithDebInfo|x86.ActiveCfg = Release|Any CPU
		{BD1B011F-356F-4FBF-B2D5-A77FBD8369A3}.RelWithDebInfo|x86.Build.0 = Release|Any CPU
		{0EA0054A-FA32-4626-A5C9-D2F19601F143}.Debug|Any CPU.ActiveCfg = Debug|Any CPU
		{0EA0054A-FA32-4626-A5C9-D2F19601F143}.Debug|Any CPU.Build.0 = Debug|Any CPU
		{0EA0054A-FA32-4626-A5C9-D2F19601F143}.Debug|x64.ActiveCfg = Debug|x64
		{0EA0054A-FA32-4626-A5C9-D2F19601F143}.Debug|x64.Build.0 = Debug|x64
		{0EA0054A-FA32-4626-A5C9-D2F19601F143}.Debug|x86.ActiveCfg = Debug|Any CPU
		{0EA0054A-FA32-4626-A5C9-D2F19601F143}.Debug|x86.Build.0 = Debug|Any CPU
		{0EA0054A-FA32-4626-A5C9-D2F19601F143}.MinSizeRel|Any CPU.ActiveCfg = Release|Any CPU
		{0EA0054A-FA32-4626-A5C9-D2F19601F143}.MinSizeRel|Any CPU.Build.0 = Release|Any CPU
		{0EA0054A-FA32-4626-A5C9-D2F19601F143}.MinSizeRel|x64.ActiveCfg = Release|Any CPU
		{0EA0054A-FA32-4626-A5C9-D2F19601F143}.MinSizeRel|x64.Build.0 = Release|Any CPU
		{0EA0054A-FA32-4626-A5C9-D2F19601F143}.MinSizeRel|x86.ActiveCfg = Release|Any CPU
		{0EA0054A-FA32-4626-A5C9-D2F19601F143}.MinSizeRel|x86.Build.0 = Release|Any CPU
		{0EA0054A-FA32-4626-A5C9-D2F19601F143}.Release|Any CPU.ActiveCfg = Release|Any CPU
		{0EA0054A-FA32-4626-A5C9-D2F19601F143}.Release|Any CPU.Build.0 = Release|Any CPU
		{0EA0054A-FA32-4626-A5C9-D2F19601F143}.Release|x64.ActiveCfg = Release|Any CPU
		{0EA0054A-FA32-4626-A5C9-D2F19601F143}.Release|x64.Build.0 = Release|Any CPU
		{0EA0054A-FA32-4626-A5C9-D2F19601F143}.Release|x86.ActiveCfg = Release|Any CPU
		{0EA0054A-FA32-4626-A5C9-D2F19601F143}.Release|x86.Build.0 = Release|Any CPU
		{0EA0054A-FA32-4626-A5C9-D2F19601F143}.RelWithDebInfo|Any CPU.ActiveCfg = Release|Any CPU
		{0EA0054A-FA32-4626-A5C9-D2F19601F143}.RelWithDebInfo|Any CPU.Build.0 = Release|Any CPU
		{0EA0054A-FA32-4626-A5C9-D2F19601F143}.RelWithDebInfo|x64.ActiveCfg = Release|Any CPU
		{0EA0054A-FA32-4626-A5C9-D2F19601F143}.RelWithDebInfo|x64.Build.0 = Release|Any CPU
		{0EA0054A-FA32-4626-A5C9-D2F19601F143}.RelWithDebInfo|x86.ActiveCfg = Release|Any CPU
		{0EA0054A-FA32-4626-A5C9-D2F19601F143}.RelWithDebInfo|x86.Build.0 = Release|Any CPU
		{98D7C019-9EF0-41E3-8B8B-79523F4A98F2}.Debug|Any CPU.ActiveCfg = Debug|Any CPU
		{98D7C019-9EF0-41E3-8B8B-79523F4A98F2}.Debug|Any CPU.Build.0 = Debug|Any CPU
		{98D7C019-9EF0-41E3-8B8B-79523F4A98F2}.Debug|x64.ActiveCfg = Debug|x64
		{98D7C019-9EF0-41E3-8B8B-79523F4A98F2}.Debug|x64.Build.0 = Debug|x64
		{98D7C019-9EF0-41E3-8B8B-79523F4A98F2}.Debug|x86.ActiveCfg = Debug|Any CPU
		{98D7C019-9EF0-41E3-8B8B-79523F4A98F2}.Debug|x86.Build.0 = Debug|Any CPU
		{98D7C019-9EF0-41E3-8B8B-79523F4A98F2}.MinSizeRel|Any CPU.ActiveCfg = Debug|Any CPU
		{98D7C019-9EF0-41E3-8B8B-79523F4A98F2}.MinSizeRel|Any CPU.Build.0 = Debug|Any CPU
		{98D7C019-9EF0-41E3-8B8B-79523F4A98F2}.MinSizeRel|x64.ActiveCfg = Debug|Any CPU
		{98D7C019-9EF0-41E3-8B8B-79523F4A98F2}.MinSizeRel|x64.Build.0 = Debug|Any CPU
		{98D7C019-9EF0-41E3-8B8B-79523F4A98F2}.MinSizeRel|x86.ActiveCfg = Debug|Any CPU
		{98D7C019-9EF0-41E3-8B8B-79523F4A98F2}.MinSizeRel|x86.Build.0 = Debug|Any CPU
		{98D7C019-9EF0-41E3-8B8B-79523F4A98F2}.Release|Any CPU.ActiveCfg = Release|Any CPU
		{98D7C019-9EF0-41E3-8B8B-79523F4A98F2}.Release|Any CPU.Build.0 = Release|Any CPU
		{98D7C019-9EF0-41E3-8B8B-79523F4A98F2}.Release|x64.ActiveCfg = Release|Any CPU
		{98D7C019-9EF0-41E3-8B8B-79523F4A98F2}.Release|x64.Build.0 = Release|Any CPU
		{98D7C019-9EF0-41E3-8B8B-79523F4A98F2}.Release|x86.ActiveCfg = Release|Any CPU
		{98D7C019-9EF0-41E3-8B8B-79523F4A98F2}.Release|x86.Build.0 = Release|Any CPU
		{98D7C019-9EF0-41E3-8B8B-79523F4A98F2}.RelWithDebInfo|Any CPU.ActiveCfg = Release|Any CPU
		{98D7C019-9EF0-41E3-8B8B-79523F4A98F2}.RelWithDebInfo|Any CPU.Build.0 = Release|Any CPU
		{98D7C019-9EF0-41E3-8B8B-79523F4A98F2}.RelWithDebInfo|x64.ActiveCfg = Release|Any CPU
		{98D7C019-9EF0-41E3-8B8B-79523F4A98F2}.RelWithDebInfo|x64.Build.0 = Release|Any CPU
		{98D7C019-9EF0-41E3-8B8B-79523F4A98F2}.RelWithDebInfo|x86.ActiveCfg = Release|Any CPU
		{98D7C019-9EF0-41E3-8B8B-79523F4A98F2}.RelWithDebInfo|x86.Build.0 = Release|Any CPU
		{D862056D-850C-45D7-8FB1-2BBDEC6C76CA}.Debug|Any CPU.ActiveCfg = Debug|Any CPU
		{D862056D-850C-45D7-8FB1-2BBDEC6C76CA}.Debug|Any CPU.Build.0 = Debug|Any CPU
		{D862056D-850C-45D7-8FB1-2BBDEC6C76CA}.Debug|x64.ActiveCfg = Debug|x64
		{D862056D-850C-45D7-8FB1-2BBDEC6C76CA}.Debug|x64.Build.0 = Debug|x64
		{D862056D-850C-45D7-8FB1-2BBDEC6C76CA}.Debug|x86.ActiveCfg = Debug|Any CPU
		{D862056D-850C-45D7-8FB1-2BBDEC6C76CA}.Debug|x86.Build.0 = Debug|Any CPU
		{D862056D-850C-45D7-8FB1-2BBDEC6C76CA}.MinSizeRel|Any CPU.ActiveCfg = Debug|Any CPU
		{D862056D-850C-45D7-8FB1-2BBDEC6C76CA}.MinSizeRel|Any CPU.Build.0 = Debug|Any CPU
		{D862056D-850C-45D7-8FB1-2BBDEC6C76CA}.MinSizeRel|x64.ActiveCfg = Debug|Any CPU
		{D862056D-850C-45D7-8FB1-2BBDEC6C76CA}.MinSizeRel|x64.Build.0 = Debug|Any CPU
		{D862056D-850C-45D7-8FB1-2BBDEC6C76CA}.MinSizeRel|x86.ActiveCfg = Debug|Any CPU
		{D862056D-850C-45D7-8FB1-2BBDEC6C76CA}.MinSizeRel|x86.Build.0 = Debug|Any CPU
		{D862056D-850C-45D7-8FB1-2BBDEC6C76CA}.Release|Any CPU.ActiveCfg = Release|Any CPU
		{D862056D-850C-45D7-8FB1-2BBDEC6C76CA}.Release|Any CPU.Build.0 = Release|Any CPU
		{D862056D-850C-45D7-8FB1-2BBDEC6C76CA}.Release|x64.ActiveCfg = Release|Any CPU
		{D862056D-850C-45D7-8FB1-2BBDEC6C76CA}.Release|x64.Build.0 = Release|Any CPU
		{D862056D-850C-45D7-8FB1-2BBDEC6C76CA}.Release|x86.ActiveCfg = Release|Any CPU
		{D862056D-850C-45D7-8FB1-2BBDEC6C76CA}.Release|x86.Build.0 = Release|Any CPU
		{D862056D-850C-45D7-8FB1-2BBDEC6C76CA}.RelWithDebInfo|Any CPU.ActiveCfg = Release|Any CPU
		{D862056D-850C-45D7-8FB1-2BBDEC6C76CA}.RelWithDebInfo|Any CPU.Build.0 = Release|Any CPU
		{D862056D-850C-45D7-8FB1-2BBDEC6C76CA}.RelWithDebInfo|x64.ActiveCfg = Release|Any CPU
		{D862056D-850C-45D7-8FB1-2BBDEC6C76CA}.RelWithDebInfo|x64.Build.0 = Release|Any CPU
		{D862056D-850C-45D7-8FB1-2BBDEC6C76CA}.RelWithDebInfo|x86.ActiveCfg = Release|Any CPU
		{D862056D-850C-45D7-8FB1-2BBDEC6C76CA}.RelWithDebInfo|x86.Build.0 = Release|Any CPU
		{744271E3-0DD8-3220-BAF6-953C27F77532}.Debug|Any CPU.ActiveCfg = Debug|x64
		{744271E3-0DD8-3220-BAF6-953C27F77532}.Debug|Any CPU.Build.0 = Debug|x64
		{744271E3-0DD8-3220-BAF6-953C27F77532}.Debug|x64.ActiveCfg = Debug|x64
		{744271E3-0DD8-3220-BAF6-953C27F77532}.Debug|x64.Build.0 = Debug|x64
		{744271E3-0DD8-3220-BAF6-953C27F77532}.Debug|x86.ActiveCfg = Debug|x64
		{744271E3-0DD8-3220-BAF6-953C27F77532}.Debug|x86.Build.0 = Debug|x64
		{744271E3-0DD8-3220-BAF6-953C27F77532}.MinSizeRel|Any CPU.ActiveCfg = MinSizeRel|x64
		{744271E3-0DD8-3220-BAF6-953C27F77532}.MinSizeRel|Any CPU.Build.0 = MinSizeRel|x64
		{744271E3-0DD8-3220-BAF6-953C27F77532}.MinSizeRel|x64.ActiveCfg = MinSizeRel|x64
		{744271E3-0DD8-3220-BAF6-953C27F77532}.MinSizeRel|x64.Build.0 = MinSizeRel|x64
		{744271E3-0DD8-3220-BAF6-953C27F77532}.MinSizeRel|x86.ActiveCfg = MinSizeRel|x64
		{744271E3-0DD8-3220-BAF6-953C27F77532}.MinSizeRel|x86.Build.0 = MinSizeRel|x64
		{744271E3-0DD8-3220-BAF6-953C27F77532}.Release|Any CPU.ActiveCfg = Release|x64
		{744271E3-0DD8-3220-BAF6-953C27F77532}.Release|Any CPU.Build.0 = Release|x64
		{744271E3-0DD8-3220-BAF6-953C27F77532}.Release|x64.ActiveCfg = Release|x64
		{744271E3-0DD8-3220-BAF6-953C27F77532}.Release|x64.Build.0 = Release|x64
		{744271E3-0DD8-3220-BAF6-953C27F77532}.Release|x86.ActiveCfg = Release|x64
		{744271E3-0DD8-3220-BAF6-953C27F77532}.Release|x86.Build.0 = Release|x64
		{744271E3-0DD8-3220-BAF6-953C27F77532}.RelWithDebInfo|Any CPU.ActiveCfg = RelWithDebInfo|x64
		{744271E3-0DD8-3220-BAF6-953C27F77532}.RelWithDebInfo|Any CPU.Build.0 = RelWithDebInfo|x64
		{744271E3-0DD8-3220-BAF6-953C27F77532}.RelWithDebInfo|x64.ActiveCfg = RelWithDebInfo|x64
		{744271E3-0DD8-3220-BAF6-953C27F77532}.RelWithDebInfo|x64.Build.0 = RelWithDebInfo|x64
		{744271E3-0DD8-3220-BAF6-953C27F77532}.RelWithDebInfo|x86.ActiveCfg = RelWithDebInfo|x64
		{744271E3-0DD8-3220-BAF6-953C27F77532}.RelWithDebInfo|x86.Build.0 = RelWithDebInfo|x64
		{10D5A612-0FEB-49EF-9DD9-18B1D1F1E44F}.Debug|Any CPU.ActiveCfg = Debug|Any CPU
		{10D5A612-0FEB-49EF-9DD9-18B1D1F1E44F}.Debug|Any CPU.Build.0 = Debug|Any CPU
		{10D5A612-0FEB-49EF-9DD9-18B1D1F1E44F}.Debug|x64.ActiveCfg = Debug|x64
		{10D5A612-0FEB-49EF-9DD9-18B1D1F1E44F}.Debug|x64.Build.0 = Debug|x64
		{10D5A612-0FEB-49EF-9DD9-18B1D1F1E44F}.Debug|x86.ActiveCfg = Debug|Any CPU
		{10D5A612-0FEB-49EF-9DD9-18B1D1F1E44F}.Debug|x86.Build.0 = Debug|Any CPU
		{10D5A612-0FEB-49EF-9DD9-18B1D1F1E44F}.MinSizeRel|Any CPU.ActiveCfg = Debug|Any CPU
		{10D5A612-0FEB-49EF-9DD9-18B1D1F1E44F}.MinSizeRel|Any CPU.Build.0 = Debug|Any CPU
		{10D5A612-0FEB-49EF-9DD9-18B1D1F1E44F}.MinSizeRel|x64.ActiveCfg = Debug|Any CPU
		{10D5A612-0FEB-49EF-9DD9-18B1D1F1E44F}.MinSizeRel|x64.Build.0 = Debug|Any CPU
		{10D5A612-0FEB-49EF-9DD9-18B1D1F1E44F}.MinSizeRel|x86.ActiveCfg = Debug|Any CPU
		{10D5A612-0FEB-49EF-9DD9-18B1D1F1E44F}.MinSizeRel|x86.Build.0 = Debug|Any CPU
		{10D5A612-0FEB-49EF-9DD9-18B1D1F1E44F}.Release|Any CPU.ActiveCfg = Release|Any CPU
		{10D5A612-0FEB-49EF-9DD9-18B1D1F1E44F}.Release|Any CPU.Build.0 = Release|Any CPU
		{10D5A612-0FEB-49EF-9DD9-18B1D1F1E44F}.Release|x64.ActiveCfg = Release|Any CPU
		{10D5A612-0FEB-49EF-9DD9-18B1D1F1E44F}.Release|x64.Build.0 = Release|Any CPU
		{10D5A612-0FEB-49EF-9DD9-18B1D1F1E44F}.Release|x86.ActiveCfg = Release|Any CPU
		{10D5A612-0FEB-49EF-9DD9-18B1D1F1E44F}.Release|x86.Build.0 = Release|Any CPU
		{10D5A612-0FEB-49EF-9DD9-18B1D1F1E44F}.RelWithDebInfo|Any CPU.ActiveCfg = Release|Any CPU
		{10D5A612-0FEB-49EF-9DD9-18B1D1F1E44F}.RelWithDebInfo|Any CPU.Build.0 = Release|Any CPU
		{10D5A612-0FEB-49EF-9DD9-18B1D1F1E44F}.RelWithDebInfo|x64.ActiveCfg = Release|Any CPU
		{10D5A612-0FEB-49EF-9DD9-18B1D1F1E44F}.RelWithDebInfo|x64.Build.0 = Release|Any CPU
		{10D5A612-0FEB-49EF-9DD9-18B1D1F1E44F}.RelWithDebInfo|x86.ActiveCfg = Release|Any CPU
		{10D5A612-0FEB-49EF-9DD9-18B1D1F1E44F}.RelWithDebInfo|x86.Build.0 = Release|Any CPU
		{C0CA4684-C250-4EE8-8A7C-D065460BDF34}.Debug|Any CPU.ActiveCfg = Debug|Any CPU
		{C0CA4684-C250-4EE8-8A7C-D065460BDF34}.Debug|Any CPU.Build.0 = Debug|Any CPU
		{C0CA4684-C250-4EE8-8A7C-D065460BDF34}.Debug|x64.ActiveCfg = Debug|Any CPU
		{C0CA4684-C250-4EE8-8A7C-D065460BDF34}.Debug|x64.Build.0 = Debug|Any CPU
		{C0CA4684-C250-4EE8-8A7C-D065460BDF34}.Debug|x86.ActiveCfg = Debug|Any CPU
		{C0CA4684-C250-4EE8-8A7C-D065460BDF34}.Debug|x86.Build.0 = Debug|Any CPU
		{C0CA4684-C250-4EE8-8A7C-D065460BDF34}.MinSizeRel|Any CPU.ActiveCfg = Debug|Any CPU
		{C0CA4684-C250-4EE8-8A7C-D065460BDF34}.MinSizeRel|Any CPU.Build.0 = Debug|Any CPU
		{C0CA4684-C250-4EE8-8A7C-D065460BDF34}.MinSizeRel|x64.ActiveCfg = Debug|Any CPU
		{C0CA4684-C250-4EE8-8A7C-D065460BDF34}.MinSizeRel|x64.Build.0 = Debug|Any CPU
		{C0CA4684-C250-4EE8-8A7C-D065460BDF34}.MinSizeRel|x86.ActiveCfg = Debug|Any CPU
		{C0CA4684-C250-4EE8-8A7C-D065460BDF34}.MinSizeRel|x86.Build.0 = Debug|Any CPU
		{C0CA4684-C250-4EE8-8A7C-D065460BDF34}.Release|Any CPU.ActiveCfg = Release|Any CPU
		{C0CA4684-C250-4EE8-8A7C-D065460BDF34}.Release|Any CPU.Build.0 = Release|Any CPU
		{C0CA4684-C250-4EE8-8A7C-D065460BDF34}.Release|x64.ActiveCfg = Release|Any CPU
		{C0CA4684-C250-4EE8-8A7C-D065460BDF34}.Release|x64.Build.0 = Release|Any CPU
		{C0CA4684-C250-4EE8-8A7C-D065460BDF34}.Release|x86.ActiveCfg = Release|Any CPU
		{C0CA4684-C250-4EE8-8A7C-D065460BDF34}.Release|x86.Build.0 = Release|Any CPU
		{C0CA4684-C250-4EE8-8A7C-D065460BDF34}.RelWithDebInfo|Any CPU.ActiveCfg = Release|Any CPU
		{C0CA4684-C250-4EE8-8A7C-D065460BDF34}.RelWithDebInfo|Any CPU.Build.0 = Release|Any CPU
		{C0CA4684-C250-4EE8-8A7C-D065460BDF34}.RelWithDebInfo|x64.ActiveCfg = Release|Any CPU
		{C0CA4684-C250-4EE8-8A7C-D065460BDF34}.RelWithDebInfo|x64.Build.0 = Release|Any CPU
		{C0CA4684-C250-4EE8-8A7C-D065460BDF34}.RelWithDebInfo|x86.ActiveCfg = Release|Any CPU
		{C0CA4684-C250-4EE8-8A7C-D065460BDF34}.RelWithDebInfo|x86.Build.0 = Release|Any CPU
		{6AB3AC1E-5331-4EF6-9364-ACB4CD050D54}.Debug|Any CPU.ActiveCfg = Debug|Any CPU
		{6AB3AC1E-5331-4EF6-9364-ACB4CD050D54}.Debug|Any CPU.Build.0 = Debug|Any CPU
		{6AB3AC1E-5331-4EF6-9364-ACB4CD050D54}.Debug|x64.ActiveCfg = Debug|x64
		{6AB3AC1E-5331-4EF6-9364-ACB4CD050D54}.Debug|x64.Build.0 = Debug|x64
		{6AB3AC1E-5331-4EF6-9364-ACB4CD050D54}.Debug|x86.ActiveCfg = Debug|Any CPU
		{6AB3AC1E-5331-4EF6-9364-ACB4CD050D54}.Debug|x86.Build.0 = Debug|Any CPU
		{6AB3AC1E-5331-4EF6-9364-ACB4CD050D54}.MinSizeRel|Any CPU.ActiveCfg = Debug|Any CPU
		{6AB3AC1E-5331-4EF6-9364-ACB4CD050D54}.MinSizeRel|Any CPU.Build.0 = Debug|Any CPU
		{6AB3AC1E-5331-4EF6-9364-ACB4CD050D54}.MinSizeRel|x64.ActiveCfg = Debug|x64
		{6AB3AC1E-5331-4EF6-9364-ACB4CD050D54}.MinSizeRel|x64.Build.0 = Debug|x64
		{6AB3AC1E-5331-4EF6-9364-ACB4CD050D54}.MinSizeRel|x86.ActiveCfg = Debug|Any CPU
		{6AB3AC1E-5331-4EF6-9364-ACB4CD050D54}.MinSizeRel|x86.Build.0 = Debug|Any CPU
		{6AB3AC1E-5331-4EF6-9364-ACB4CD050D54}.Release|Any CPU.ActiveCfg = Release|Any CPU
		{6AB3AC1E-5331-4EF6-9364-ACB4CD050D54}.Release|Any CPU.Build.0 = Release|Any CPU
		{6AB3AC1E-5331-4EF6-9364-ACB4CD050D54}.Release|x64.ActiveCfg = Release|x64
		{6AB3AC1E-5331-4EF6-9364-ACB4CD050D54}.Release|x64.Build.0 = Release|x64
		{6AB3AC1E-5331-4EF6-9364-ACB4CD050D54}.Release|x86.ActiveCfg = Release|Any CPU
		{6AB3AC1E-5331-4EF6-9364-ACB4CD050D54}.Release|x86.Build.0 = Release|Any CPU
		{6AB3AC1E-5331-4EF6-9364-ACB4CD050D54}.RelWithDebInfo|Any CPU.ActiveCfg = Release|Any CPU
		{6AB3AC1E-5331-4EF6-9364-ACB4CD050D54}.RelWithDebInfo|Any CPU.Build.0 = Release|Any CPU
		{6AB3AC1E-5331-4EF6-9364-ACB4CD050D54}.RelWithDebInfo|x64.ActiveCfg = Release|x64
		{6AB3AC1E-5331-4EF6-9364-ACB4CD050D54}.RelWithDebInfo|x64.Build.0 = Release|x64
		{6AB3AC1E-5331-4EF6-9364-ACB4CD050D54}.RelWithDebInfo|x86.ActiveCfg = Release|Any CPU
		{6AB3AC1E-5331-4EF6-9364-ACB4CD050D54}.RelWithDebInfo|x86.Build.0 = Release|Any CPU
	EndGlobalSection
	GlobalSection(SolutionProperties) = preSolution
		HideSolutionNode = FALSE
	EndGlobalSection
	GlobalSection(NestedProjects) = preSolution
		{5B63D269-C89C-492E-A864-9540AD6EE223} = {A942B165-F8B1-4E21-8F72-B62BEC719E73}
		{485B8722-C853-4012-AD17-45EEA843392C} = {61BAB061-566C-4436-990A-DADBB9C92F4C}
		{AB16C108-B0C8-4FF5-BC79-D64662459AAE} = {61BAB061-566C-4436-990A-DADBB9C92F4C}
		{D5A642EA-B317-4439-AB44-C392325B2A82} = {61BAB061-566C-4436-990A-DADBB9C92F4C}
		{5F835C95-9C8E-40F4-8F49-4169A33C5634} = {61BAB061-566C-4436-990A-DADBB9C92F4C}
		{366B7B13-01BD-423F-BCB7-C521FBE7ED2B} = {29A6A041-9B29-4524-9EF3-9DE48AA17053}
		{8167D1AD-3A8E-406E-9DDD-26BC69511FDC} = {DE433836-F1E0-46C2-B0AD-9F124F616C78}
		{9AE26C9F-466C-4A82-A170-92620BEE4735} = {DE433836-F1E0-46C2-B0AD-9F124F616C78}
		{BD1B011F-356F-4FBF-B2D5-A77FBD8369A3} = {DE433836-F1E0-46C2-B0AD-9F124F616C78}
		{0EA0054A-FA32-4626-A5C9-D2F19601F143} = {DE433836-F1E0-46C2-B0AD-9F124F616C78}
		{10D5A612-0FEB-49EF-9DD9-18B1D1F1E44F} = {29A6A041-9B29-4524-9EF3-9DE48AA17053}
	EndGlobalSection
	GlobalSection(ExtensibilityGlobals) = postSolution
		SolutionGuid = {EA013C48-2635-4B36-8CF9-FE573F1DE72C}
	EndGlobalSection
EndGlobal
